{
  "version": 4,
  "terraform_version": "1.1.9",
  "serial": 275,
  "lineage": "60e4a1eb-9b03-d239-275d-2ecc2a2f2114",
  "outputs": {
    "amp_endpoint": {
      "value": "https://aps-workspaces.us-east-2.amazonaws.com/workspaces/ws-e18fbe91-6927-4653-bd5a-9ecf6df4de9f/",
      "type": "string"
    }, 
    "amp_ingest_role_arn": {
      "value": "arn:aws:iam::349361870252:role/aws007-preprod-test-eks-amp-ingest-irsa",
      "type": "string"
    },
    "configure_kubectl": {
      "value": "aws eks --region us-east-2 update-kubeconfig --name aws007-preprod-test-eks",
      "type": "string"
    },
    "eks_oidc_provider_arn": {
      "value": "arn:aws:iam::349361870252:oidc-provider/oidc.eks.us-east-2.amazonaws.com/id/1F483C72851E970CC0215232EC4ED7C8",
      "type": "string"
    }
  },
  "resources": [
    {
      "mode": "data",
      "type": "aws_availability_zones",
      "name": "available",
      "provider": "provider[\"registry.terraform.io/hashicorp/aws\"]",
      "instances": [
        {
          "schema_version": 0,
          "attributes": {
            "all_availability_zones": null,
            "exclude_names": null,
            "exclude_zone_ids": null,
            "filter": null,
            "group_names": [
              "us-east-2"
            ],
            "id": "us-east-2",
            "names": [
              "us-east-2a",
              "us-east-2b",
              "us-east-2c"
            ],
            "state": null,
            "zone_ids": [
              "use2-az1",
              "use2-az2",
              "use2-az3"
            ]
          },
          "sensitive_attributes": []
        }
      ]
    },
    {
      "mode": "data",
      "type": "aws_caller_identity",
      "name": "current",
      "provider": "provider[\"registry.terraform.io/hashicorp/aws\"]",
      "instances": [
        {
          "schema_version": 0,
          "attributes": {
            "account_id": "349361870252",
            "arn": "arn:aws:iam::349361870252:user/victorlocal",
            "id": "349361870252",
            "user_id": "AIDAVCV4XCWWOEQEFHZVI"
          },
          "sensitive_attributes": []
        }
      ]
    },
    {
      "mode": "data",
      "type": "aws_eks_addon_version",
      "name": "latest",
      "provider": "provider[\"registry.terraform.io/hashicorp/aws\"]",
      "instances": [
        {
          "index_key": "kube-proxy",
          "schema_version": 0,
          "attributes": {
            "addon_name": "kube-proxy",
            "id": "kube-proxy",
            "kubernetes_version": "1.22",
            "most_recent": true,
            "version": "v1.22.6-eksbuild.1"
          },
          "sensitive_attributes": []
        },
        {
          "index_key": "vpc-cni",
          "schema_version": 0,
          "attributes": {
            "addon_name": "vpc-cni",
            "id": "vpc-cni",
            "kubernetes_version": "1.22",
            "most_recent": true,
            "version": "v1.11.2-eksbuild.1"
          },
          "sensitive_attributes": []
        }
      ]
    },
    {
      "mode": "data",
      "type": "aws_eks_cluster_auth",
      "name": "this",
      "provider": "provider[\"registry.terraform.io/hashicorp/aws\"]",
      "instances": [
        {
          "schema_version": 0,
          "attributes": {
            "id": "aws007-preprod-test-eks",
            "name": "aws007-preprod-test-eks",
            "token": "k8s-aws-v1.aHR0cHM6Ly9zdHMuYW1hem9uYXdzLmNvbS8_QWN0aW9uPUdldENhbGxlcklkZW50aXR5JlZlcnNpb249MjAxMS0wNi0xNSZYLUFtei1BbGdvcml0aG09QVdTNC1ITUFDLVNIQTI1NiZYLUFtei1DcmVkZW50aWFsPUFLSUFWQ1Y0WENXV0Y3NVBHVTdTJTJGMjAyMjA3MDUlMkZ1cy1lYXN0LTElMkZzdHMlMkZhd3M0X3JlcXVlc3QmWC1BbXotRGF0ZT0yMDIyMDcwNVQyMTM2MzFaJlgtQW16LUV4cGlyZXM9MCZYLUFtei1TaWduZWRIZWFkZXJzPWhvc3QlM0J4LWs4cy1hd3MtaWQmWC1BbXotU2lnbmF0dXJlPTQzZjJmZWI5ZTgzYzU1MjBiNGUyZGZmYWM4ZGI1NzExNzYxYjkyYjA3ZWQxNWZlOGQ2MGYzOWFhYjY5NmY4OGI"
          },
          "sensitive_attributes": []
        }
      ]
    },
    {
      "mode": "data",
      "type": "aws_iam_policy_document",
      "name": "fluentbit_opensearch_access",
      "provider": "provider[\"registry.terraform.io/hashicorp/aws\"]",
      "instances": [
        {
          "schema_version": 0,
          "attributes": {
            "id": "3285297779",
            "json": "{\n  \"Version\": \"2012-10-17\",\n  \"Statement\": [\n    {\n      \"Sid\": \"OpenSearchAccess\",\n      \"Effect\": \"Allow\",\n      \"Action\": \"es:ESHttp*\",\n      \"Resource\": \"arn:aws:es:us-east-2:349361870252:domain/opensearch-demo/*\"\n    }\n  ]\n}",
            "override_json": null,
            "override_policy_documents": null,
            "policy_id": null,
            "source_json": null,
            "source_policy_documents": null,
            "statement": [
              {
                "actions": [
                  "es:ESHttp*"
                ],
                "condition": [],
                "effect": "Allow",
                "not_actions": [],
                "not_principals": [],
                "not_resources": [],
                "principals": [],
                "resources": [
                  "arn:aws:es:us-east-2:349361870252:domain/opensearch-demo/*"
                ],
                "sid": "OpenSearchAccess"
              }
            ],
            "version": "2012-10-17"
          },
          "sensitive_attributes": []
        }
      ]
    },
    {
      "mode": "data",
      "type": "aws_iam_policy_document",
      "name": "opensearch_access_policy",
      "provider": "provider[\"registry.terraform.io/hashicorp/aws\"]",
      "instances": [
        {
          "schema_version": 0,
          "attributes": {
            "id": "289955774",
            "json": "{\n  \"Version\": \"2012-10-17\",\n  \"Statement\": [\n    {\n      \"Sid\": \"\",\n      \"Effect\": \"Allow\",\n      \"Action\": \"es:ESHttp*\",\n      \"Resource\": \"arn:aws:es:us-east-2:349361870252:domain/opensearch-demo/*\",\n      \"Principal\": \"*\"\n    }\n  ]\n}",
            "override_json": null,
            "override_policy_documents": null,
            "policy_id": null,
            "source_json": null,
            "source_policy_documents": null,
            "statement": [
              {
                "actions": [
                  "es:ESHttp*"
                ],
                "condition": [],
                "effect": "Allow",
                "not_actions": [],
                "not_principals": [],
                "not_resources": [],
                "principals": [
                  {
                    "identifiers": [
                      "*"
                    ],
                    "type": "*"
                  }
                ],
                "resources": [
                  "arn:aws:es:us-east-2:349361870252:domain/opensearch-demo/*"
                ],
                "sid": ""
              }
            ],
            "version": "2012-10-17"
          },
          "sensitive_attributes": []
        }
      ]
    },
    {
      "mode": "managed",
      "type": "aws_elasticsearch_domain",
      "name": "opensearch",
      "provider": "provider[\"registry.terraform.io/hashicorp/aws\"]",
      "instances": [
        {
          "schema_version": 0,
          "attributes": {
            "access_policies": "{\"Statement\":[{\"Action\":\"es:ESHttp*\",\"Effect\":\"Allow\",\"Principal\":\"*\",\"Resource\":\"arn:aws:es:us-east-2:349361870252:domain/opensearch-demo/*\",\"Sid\":\"\"}],\"Version\":\"2012-10-17\"}",
            "advanced_options": {},
            "advanced_security_options": [
              {
                "enabled": true,
                "internal_user_database_enabled": true,
                "master_user_options": [
                  {
                    "master_user_arn": "",
                    "master_user_name": "aws_demo",
                    "master_user_password": "AWSDemo123!"
                  }
                ]
              }
            ],
            "arn": "arn:aws:es:us-east-2:349361870252:domain/opensearch-demo",
            "auto_tune_options": [
              {
                "desired_state": "ENABLED",
                "maintenance_schedule": [],
                "rollback_on_disable": "NO_ROLLBACK"
              }
            ],
            "cluster_config": [
              {
                "cold_storage_options": [
                  {
                    "enabled": false
                  }
                ],
                "dedicated_master_count": 0,
                "dedicated_master_enabled": false,
                "dedicated_master_type": "",
                "instance_count": 1,
                "instance_type": "m6g.large.elasticsearch",
                "warm_count": 0,
                "warm_enabled": false,
                "warm_type": "",
                "zone_awareness_config": [],
                "zone_awareness_enabled": false
              }
            ],
            "cognito_options": [
              {
                "enabled": false,
                "identity_pool_id": "",
                "role_arn": "",
                "user_pool_id": ""
              }
            ],
            "domain_endpoint_options": [
              {
                "custom_endpoint": "",
                "custom_endpoint_certificate_arn": "",
                "custom_endpoint_enabled": false,
                "enforce_https": true,
                "tls_security_policy": "Policy-Min-TLS-1-2-2019-07"
              }
            ],
            "domain_id": "349361870252/opensearch-demo",
            "domain_name": "opensearch-demo",
            "ebs_options": [
              {
                "ebs_enabled": true,
                "iops": 0,
                "volume_size": 10,
                "volume_type": "gp2"
              }
            ],
            "elasticsearch_version": "OpenSearch_1.2",
            "encrypt_at_rest": [
              {
                "enabled": true,
                "kms_key_id": "arn:aws:kms:us-east-2:349361870252:key/5bf89991-e379-4c01-8783-6d8f4cfec4bb"
              }
            ],
            "endpoint": "search-opensearch-demo-ffq2h2lep4fjr4wcxor5agadle.us-east-2.es.amazonaws.com",
            "id": "arn:aws:es:us-east-2:349361870252:domain/opensearch-demo",
            "kibana_endpoint": "search-opensearch-demo-ffq2h2lep4fjr4wcxor5agadle.us-east-2.es.amazonaws.com/_plugin/kibana/",
            "log_publishing_options": [],
            "node_to_node_encryption": [
              {
                "enabled": true
              }
            ],
            "snapshot_options": [
              {
                "automated_snapshot_start_hour": 0
              }
            ],
            "tags": {
              "Blueprint": "aws007-preprod-test-eks",
              "GithubRepo": "eks-fargate-quickstart"
            },
            "tags_all": {
              "Blueprint": "aws007-preprod-test-eks",
              "GithubRepo": "eks-fargate-quickstart"
            },
            "timeouts": null,
            "vpc_options": []
          },
          "sensitive_attributes": [],
          "private": "eyJlMmJmYjczMC1lY2FhLTExZTYtOGY4OC0zNDM2M2JjN2M0YzAiOnsiY3JlYXRlIjozNjAwMDAwMDAwMDAwLCJkZWxldGUiOjU0MDAwMDAwMDAwMDAsInVwZGF0ZSI6MzYwMDAwMDAwMDAwMH19"
        }
      ]
    },
    {
      "mode": "managed",
      "type": "aws_elasticsearch_domain_policy",
      "name": "opensearch_access_policy",
      "provider": "provider[\"registry.terraform.io/hashicorp/aws\"]",
      "instances": [
        {
          "schema_version": 0,
          "attributes": {
            "access_policies": "{\"Statement\":[{\"Action\":\"es:ESHttp*\",\"Effect\":\"Allow\",\"Principal\":\"*\",\"Resource\":\"arn:aws:es:us-east-2:349361870252:domain/opensearch-demo/*\",\"Sid\":\"\"}],\"Version\":\"2012-10-17\"}",
            "domain_name": "opensearch-demo",
            "id": "esd-policy-opensearch-demo",
            "timeouts": null
          },
          "sensitive_attributes": [],
          "private": "eyJlMmJmYjczMC1lY2FhLTExZTYtOGY4OC0zNDM2M2JjN2M0YzAiOnsiZGVsZXRlIjozNjAwMDAwMDAwMDAwLCJ1cGRhdGUiOjM2MDAwMDAwMDAwMDB9fQ==",
          "dependencies": [
            "aws_elasticsearch_domain.opensearch",
            "data.aws_iam_policy_document.opensearch_access_policy"
          ]
        }
      ]
    },
    {
      "mode": "managed",
      "type": "aws_iam_policy",
      "name": "fluentbit_opensearch_access",
      "provider": "provider[\"registry.terraform.io/hashicorp/aws\"]",
      "instances": [
        {
          "schema_version": 0,
          "attributes": {
            "arn": "arn:aws:iam::349361870252:policy/aws007-preprod-test-eks-logging-policy",
            "description": "IAM policy to allow Fluentbit access to OpenSearch",
            "id": "arn:aws:iam::349361870252:policy/aws007-preprod-test-eks-logging-policy",
            "name": "aws007-preprod-test-eks-logging-policy",
            "name_prefix": null,
            "path": "/",
            "policy": "{\"Statement\":[{\"Action\":\"es:ESHttp*\",\"Effect\":\"Allow\",\"Resource\":\"arn:aws:es:us-east-2:349361870252:domain/opensearch-demo/*\",\"Sid\":\"OpenSearchAccess\"}],\"Version\":\"2012-10-17\"}",
            "policy_id": "ANPAVCV4XCWWHDDKX4GT5",
            "tags": {},
            "tags_all": {}
          },
          "sensitive_attributes": [],
          "private": "bnVsbA==",
          "dependencies": [
            "aws_elasticsearch_domain.opensearch",
            "data.aws_iam_policy_document.fluentbit_opensearch_access"
          ]
        }
      ]
    },
    {
      "mode": "managed",
      "type": "aws_iam_role",
      "name": "amp_ingest_role",
      "provider": "provider[\"registry.terraform.io/hashicorp/aws\"]",
      "instances": [
        {
          "schema_version": 0,
          "attributes": {
            "arn": "arn:aws:iam::349361870252:role/aws007-preprod-test-eks-amp-ingest-irsa",
            "assume_role_policy": "{\"Version\":\"2012-10-17\",\"Statement\":[{\"Sid\":\"\",\"Effect\":\"Allow\",\"Principal\":{\"Federated\":\"arn:aws:iam::349361870252:oidc-provider/oidc.eks.us-east-2.amazonaws.com/id/1F483C72851E970CC0215232EC4ED7C8\"},\"Action\":\"sts:AssumeRoleWithWebIdentity\"}]}",
            "create_date": "2022-07-05T16:05:23Z",
            "description": "",
            "force_detach_policies": false,
            "id": "aws007-preprod-test-eks-amp-ingest-irsa",
            "inline_policy": [
              {
                "name": "my_inline_policy",
                "policy": "{\"Statement\":[{\"Action\":[\"aps:RemoteWrite\",\"aps:GetSeries\",\"aps:GetLabels\",\"aps:GetMetricMetadata\"],\"Effect\":\"Allow\",\"Resource\":\"*\"}],\"Version\":\"2012-10-17\"}"
              }
            ],
            "managed_policy_arns": [],
            "max_session_duration": 3600,
            "name": "aws007-preprod-test-eks-amp-ingest-irsa",
            "name_prefix": "",
            "path": "/",
            "permissions_boundary": null,
            "tags": {
              "Blueprint": "aws007-preprod-test-eks",
              "GithubRepo": "eks-fargate-quickstart"
            },
            "tags_all": {
              "Blueprint": "aws007-preprod-test-eks",
              "GithubRepo": "eks-fargate-quickstart"
            },
            "unique_id": "AROAVCV4XCWWG2XQNFKC4"
          },
          "sensitive_attributes": [],
          "private": "bnVsbA==",
          "dependencies": [
            "data.aws_availability_zones.available",
            "data.aws_caller_identity.current",
            "module.eks_blueprints.data.aws_caller_identity.current",
            "module.eks_blueprints.data.aws_iam_policy_document.eks_key",
            "module.eks_blueprints.data.aws_iam_session_context.current",
            "module.eks_blueprints.data.aws_partition.current",
            "module.eks_blueprints.data.aws_region.current",
            "module.eks_blueprints.module.aws_eks.aws_cloudwatch_log_group.this",
            "module.eks_blueprints.module.aws_eks.aws_eks_cluster.this",
            "module.eks_blueprints.module.aws_eks.aws_iam_openid_connect_provider.oidc_provider",
            "module.eks_blueprints.module.aws_eks.aws_iam_role.this",
            "module.eks_blueprints.module.aws_eks.aws_iam_role_policy_attachment.this",
            "module.eks_blueprints.module.aws_eks.aws_security_group.cluster",
            "module.eks_blueprints.module.aws_eks.aws_security_group.node",
            "module.eks_blueprints.module.aws_eks.aws_security_group_rule.cluster",
            "module.eks_blueprints.module.aws_eks.aws_security_group_rule.node",
            "module.eks_blueprints.module.aws_eks.data.aws_iam_policy_document.assume_role_policy",
            "module.eks_blueprints.module.aws_eks.data.aws_partition.current",
            "module.eks_blueprints.module.aws_eks.data.tls_certificate.this",
            "module.eks_blueprints.module.kms.aws_kms_key.this",
            "module.vpc.aws_subnet.private",
            "module.vpc.aws_vpc.this",
            "module.vpc.aws_vpc_ipv4_cidr_block_association.this"
          ]
        }
      ]
    },
    {
      "mode": "managed",
      "type": "null_resource",
      "name": "modify_kube_dns",
      "provider": "provider[\"registry.terraform.io/hashicorp/null\"]",
      "instances": [
        {
          "schema_version": 0,
          "attributes": {
            "id": "5961617151506630591",
            "triggers": null
          },
          "sensitive_attributes": [],
          "private": "bnVsbA==",
          "dependencies": [
            "data.aws_availability_zones.available",
            "data.aws_caller_identity.current",
            "data.aws_eks_cluster_auth.this",
            "module.eks_blueprints.data.aws_caller_identity.current",
            "module.eks_blueprints.data.aws_eks_cluster.cluster",
            "module.eks_blueprints.data.aws_iam_policy_document.eks_key",
            "module.eks_blueprints.data.aws_iam_session_context.current",
            "module.eks_blueprints.data.aws_partition.current",
            "module.eks_blueprints.data.aws_region.current",
            "module.eks_blueprints.data.http.eks_cluster_readiness",
            "module.eks_blueprints.kubernetes_config_map.aws_auth",
            "module.eks_blueprints.module.aws_eks.aws_cloudwatch_log_group.this",
            "module.eks_blueprints.module.aws_eks.aws_eks_cluster.this",
            "module.eks_blueprints.module.aws_eks.aws_iam_role.this",
            "module.eks_blueprints.module.aws_eks.aws_iam_role_policy_attachment.this",
            "module.eks_blueprints.module.aws_eks.aws_security_group.cluster",
            "module.eks_blueprints.module.aws_eks.aws_security_group.node",
            "module.eks_blueprints.module.aws_eks.aws_security_group_rule.cluster",
            "module.eks_blueprints.module.aws_eks.aws_security_group_rule.node",
            "module.eks_blueprints.module.aws_eks.data.aws_iam_policy_document.assume_role_policy",
            "module.eks_blueprints.module.aws_eks.data.aws_partition.current",
            "module.eks_blueprints.module.aws_eks_fargate_profiles.aws_eks_fargate_profile.eks_fargate",
            "module.eks_blueprints.module.aws_eks_fargate_profiles.aws_iam_policy.cwlogs",
            "module.eks_blueprints.module.aws_eks_fargate_profiles.aws_iam_role.fargate",
            "module.eks_blueprints.module.aws_eks_fargate_profiles.aws_iam_role_policy_attachment.cwlogs",
            "module.eks_blueprints.module.aws_eks_fargate_profiles.aws_iam_role_policy_attachment.fargate_pod_execution_role_policy",
            "module.eks_blueprints.module.aws_eks_fargate_profiles.data.aws_iam_policy_document.cwlogs",
            "module.eks_blueprints.module.aws_eks_fargate_profiles.data.aws_iam_policy_document.fargate_assume_role_policy",
            "module.eks_blueprints.module.kms.aws_kms_key.this",
            "module.vpc.aws_subnet.private",
            "module.vpc.aws_vpc.this",
            "module.vpc.aws_vpc_ipv4_cidr_block_association.this",
            "null_resource.remove_default_coredns_deployment"
          ]
        }
      ]
    },
    {
      "mode": "managed",
      "type": "null_resource",
      "name": "remove_default_coredns_deployment",
      "provider": "provider[\"registry.terraform.io/hashicorp/null\"]",
      "instances": [
        {
          "schema_version": 0,
          "attributes": {
            "id": "6826691901873526299",
            "triggers": null
          },
          "sensitive_attributes": [],
          "private": "bnVsbA==",
          "dependencies": [
            "data.aws_availability_zones.available",
            "data.aws_caller_identity.current",
            "data.aws_eks_cluster_auth.this",
            "module.eks_blueprints.data.aws_caller_identity.current",
            "module.eks_blueprints.data.aws_iam_policy_document.eks_key",
            "module.eks_blueprints.data.aws_iam_session_context.current",
            "module.eks_blueprints.data.aws_partition.current",
            "module.eks_blueprints.data.aws_region.current",
            "module.eks_blueprints.module.aws_eks.aws_cloudwatch_log_group.this",
            "module.eks_blueprints.module.aws_eks.aws_eks_cluster.this",
            "module.eks_blueprints.module.aws_eks.aws_iam_role.this",
            "module.eks_blueprints.module.aws_eks.aws_iam_role_policy_attachment.this",
            "module.eks_blueprints.module.aws_eks.aws_security_group.cluster",
            "module.eks_blueprints.module.aws_eks.aws_security_group.node",
            "module.eks_blueprints.module.aws_eks.aws_security_group_rule.cluster",
            "module.eks_blueprints.module.aws_eks.aws_security_group_rule.node",
            "module.eks_blueprints.module.aws_eks.data.aws_iam_policy_document.assume_role_policy",
            "module.eks_blueprints.module.aws_eks.data.aws_partition.current",
            "module.eks_blueprints.module.kms.aws_kms_key.this",
            "module.vpc.aws_subnet.private",
            "module.vpc.aws_vpc.this",
            "module.vpc.aws_vpc_ipv4_cidr_block_association.this"
          ]
        }
      ]
    },
    {
      "module": "module.eks_blueprints",
      "mode": "data",
      "type": "aws_caller_identity",
      "name": "current",
      "provider": "provider[\"registry.terraform.io/hashicorp/aws\"]",
      "instances": [
        {
          "schema_version": 0,
          "attributes": {
            "account_id": "349361870252",
            "arn": "arn:aws:iam::349361870252:user/victorlocal",
            "id": "349361870252",
            "user_id": "AIDAVCV4XCWWOEQEFHZVI"
          },
          "sensitive_attributes": []
        }
      ]
    },
    {
      "module": "module.eks_blueprints",
      "mode": "data",
      "type": "aws_eks_cluster",
      "name": "cluster",
      "provider": "provider[\"registry.terraform.io/hashicorp/aws\"]",
      "instances": [
        {
          "index_key": 0,
          "schema_version": 0,
          "attributes": {
            "arn": "arn:aws:eks:us-east-2:349361870252:cluster/aws007-preprod-test-eks",
            "certificate_authority": [
              {
                "data": "LS0tLS1CRUdJTiBDRVJUSUZJQ0FURS0tLS0tCk1JSUMvakNDQWVhZ0F3SUJBZ0lCQURBTkJna3Foa2lHOXcwQkFRc0ZBREFWTVJNd0VRWURWUVFERXdwcmRXSmwKY201bGRHVnpNQjRYRFRJeU1EY3dOVEUxTlRrek9Wb1hEVE15TURjd01qRTFOVGt6T1Zvd0ZURVRNQkVHQTFVRQpBeE1LYTNWaVpYSnVaWFJsY3pDQ0FTSXdEUVlKS29aSWh2Y05BUUVCQlFBRGdnRVBBRENDQVFvQ2dnRUJBTUpoCkhybmtlRWJzeUM1bWgzUkpNb2JMamdDZUZTMjlhVE0vblVUT0VmK1NRV1pvYWhFUndpbVdOaU9WcDlZOUlTUngKY2lkL1B0NTVhY0JpWkV1a3Jqbjd3UHA1V3dmdzNXZWdyekxVN0lidCs2OWpock4vVGxVS1JaVjlFZEFDMnFOQgplL3QvOVRuWmRhNDl5c3AyTTlRd0txaytlT0xFbG91T3BWcitWMnNBSitxZ2krQW42bFdNWTdoWGZxdU9Vc1VtCkwxaHBBZ2NqUzJPaGF5T3VZRXJOMExnVmJYYysvOG1kRjJUeDBUNTN0R0lzM2hKT0ROeWtld3AwU3E2M1VsOWEKQmJxbDB6a25ldytRNi96V3VxcDV4NVhhY3h5cjVMbFBkSHdrZjJhbEJ1aTBEdmt2amU1RklZcWhkR2lvTnB2cgpqN0ZTN0FBbWVJV2pQdGcxTXhVQ0F3RUFBYU5aTUZjd0RnWURWUjBQQVFIL0JBUURBZ0trTUE4R0ExVWRFd0VCCi93UUZNQU1CQWY4d0hRWURWUjBPQkJZRUZFemZxRnZSbjNZbjZIc2UwenFFWlZ3TGlPV1RNQlVHQTFVZEVRUU8KTUF5Q0NtdDFZbVZ5Ym1WMFpYTXdEUVlKS29aSWh2Y05BUUVMQlFBRGdnRUJBQUJraXZvanl0ODg5ck5QSWs1VApZWkdlQ2tpck50MUw4SktTWlNXeW5jc3hEQWtHcEJxQ0EyZmFYa25OUk1uZ2lFQjdObVB0SjVvTHMrK3luczlrClNyQUZsRU1vT2ZXeXNLU25HWm1jRnh2N05rQVBLUnc3TEY0S3Y2b0t5YUM3Vjg1NkNQZVNua2V2WTJqbkovOUIKbXBmUnZrUFJDeC9uUUhRNEtFSWlCSlBvOUFjUGdXS2Foeko4Zys5Q3FsaWloVVR1YW5mNnBsNThiR3U5ZkZSTgpDcy83Z2FoMlJ3QVNaNStQaC9Mbi9CMTZ1czhDZjcwc01SRTRjc0R5eGVLWEIyTlRIbDJTUUdEVTA1NkcwZ1J6CjJRMHAvbHU2T1ZFUE1Hb2FlZ3JMbWVnVDhKQXBHT1dyc3Bpc0hjam01THl4MDQrWG9jWEF0ZVo2c1dCVzVYWnYKOWRZPQotLS0tLUVORCBDRVJUSUZJQ0FURS0tLS0tCg=="
              }
            ],
            "created_at": "2022-07-05 15:54:18.109 +0000 UTC",
            "enabled_cluster_log_types": [
              "api",
              "audit",
              "authenticator",
              "controllerManager",
              "scheduler"
            ],
            "endpoint": "https://1F483C72851E970CC0215232EC4ED7C8.gr7.us-east-2.eks.amazonaws.com",
            "id": "aws007-preprod-test-eks",
            "identity": [
              {
                "oidc": [
                  {
                    "issuer": "https://oidc.eks.us-east-2.amazonaws.com/id/1F483C72851E970CC0215232EC4ED7C8"
                  }
                ]
              }
            ],
            "kubernetes_network_config": [
              {
                "ip_family": "ipv4",
                "service_ipv4_cidr": "172.20.0.0/16"
              }
            ],
            "name": "aws007-preprod-test-eks",
            "platform_version": "eks.3",
            "role_arn": "arn:aws:iam::349361870252:role/aws007-preprod-test-eks-cluster-role",
            "status": "ACTIVE",
            "tags": {
              "Blueprint": "aws007-preprod-test-eks",
              "GithubRepo": "eks-fargate-quickstart"
            },
            "version": "1.22",
            "vpc_config": [
              {
                "cluster_security_group_id": "sg-0d0e411c1fc6a014a",
                "endpoint_private_access": true,
                "endpoint_public_access": true,
                "public_access_cidrs": [
                  "0.0.0.0/0"
                ],
                "security_group_ids": [
                  "sg-0242d2803834fdcc8"
                ],
                "subnet_ids": [
                  "subnet-015e13ae09d15a366",
                  "subnet-04ecf81e7b336d403",
                  "subnet-0ee563cedca3d4346"
                ],
                "vpc_id": "vpc-022361595524a747e"
              }
            ]
          },
          "sensitive_attributes": []
        }
      ]
    },
    {
      "module": "module.eks_blueprints",
      "mode": "data",
      "type": "aws_iam_policy_document",
      "name": "eks_key",
      "provider": "provider[\"registry.terraform.io/hashicorp/aws\"]",
      "instances": [
        {
          "schema_version": 0,
          "attributes": {
            "id": "287368211",
            "json": "{\n  \"Version\": \"2012-10-17\",\n  \"Statement\": [\n    {\n      \"Sid\": \"Allow access for all principals in the account that are authorized\",\n      \"Effect\": \"Allow\",\n      \"Action\": [\n        \"kms:ReEncrypt*\",\n        \"kms:GenerateDataKey*\",\n        \"kms:Encrypt\",\n        \"kms:DescribeKey\",\n        \"kms:Decrypt\",\n        \"kms:CreateGrant\"\n      ],\n      \"Resource\": \"*\",\n      \"Principal\": {\n        \"AWS\": \"arn:aws:iam::349361870252:root\"\n      },\n      \"Condition\": {\n        \"StringEquals\": {\n          \"kms:CallerAccount\": \"349361870252\",\n          \"kms:ViaService\": \"eks.us-east-2.amazonaws.com\"\n        }\n      }\n    },\n    {\n      \"Sid\": \"Allow direct access to key metadata to the account\",\n      \"Effect\": \"Allow\",\n      \"Action\": [\n        \"kms:RevokeGrant\",\n        \"kms:List*\",\n        \"kms:Get*\",\n        \"kms:Describe*\"\n      ],\n      \"Resource\": \"*\",\n      \"Principal\": {\n        \"AWS\": \"arn:aws:iam::349361870252:root\"\n      }\n    },\n    {\n      \"Sid\": \"Allow access for Key Administrators\",\n      \"Effect\": \"Allow\",\n      \"Action\": \"kms:*\",\n      \"Resource\": \"*\",\n      \"Principal\": {\n        \"AWS\": \"arn:aws:iam::349361870252:user/victorlocal\"\n      }\n    },\n    {\n      \"Sid\": \"Allow use of the key\",\n      \"Effect\": \"Allow\",\n      \"Action\": [\n        \"kms:ReEncrypt*\",\n        \"kms:GenerateDataKey*\",\n        \"kms:Encrypt\",\n        \"kms:DescribeKey\",\n        \"kms:Decrypt\"\n      ],\n      \"Resource\": \"*\",\n      \"Principal\": {\n        \"AWS\": \"arn:aws:iam::349361870252:role/aws007-preprod-test-eks-cluster-role\"\n      }\n    },\n    {\n      \"Sid\": \"Allow attachment of persistent resources\",\n      \"Effect\": \"Allow\",\n      \"Action\": [\n        \"kms:RevokeGrant\",\n        \"kms:ListGrants\",\n        \"kms:CreateGrant\"\n      ],\n      \"Resource\": \"*\",\n      \"Principal\": {\n        \"AWS\": \"arn:aws:iam::349361870252:role/aws007-preprod-test-eks-cluster-role\"\n      },\n      \"Condition\": {\n        \"Bool\": {\n          \"kms:GrantIsForAWSResource\": \"true\"\n        }\n      }\n    }\n  ]\n}",
            "override_json": null,
            "override_policy_documents": null,
            "policy_id": null,
            "source_json": null,
            "source_policy_documents": null,
            "statement": [
              {
                "actions": [
                  "kms:CreateGrant",
                  "kms:Decrypt",
                  "kms:DescribeKey",
                  "kms:Encrypt",
                  "kms:GenerateDataKey*",
                  "kms:ReEncrypt*"
                ],
                "condition": [
                  {
                    "test": "StringEquals",
                    "values": [
                      "349361870252"
                    ],
                    "variable": "kms:CallerAccount"
                  },
                  {
                    "test": "StringEquals",
                    "values": [
                      "eks.us-east-2.amazonaws.com"
                    ],
                    "variable": "kms:ViaService"
                  }
                ],
                "effect": "Allow",
                "not_actions": [],
                "not_principals": [],
                "not_resources": [],
                "principals": [
                  {
                    "identifiers": [
                      "arn:aws:iam::349361870252:root"
                    ],
                    "type": "AWS"
                  }
                ],
                "resources": [
                  "*"
                ],
                "sid": "Allow access for all principals in the account that are authorized"
              },
              {
                "actions": [
                  "kms:Describe*",
                  "kms:Get*",
                  "kms:List*",
                  "kms:RevokeGrant"
                ],
                "condition": [],
                "effect": "Allow",
                "not_actions": [],
                "not_principals": [],
                "not_resources": [],
                "principals": [
                  {
                    "identifiers": [
                      "arn:aws:iam::349361870252:root"
                    ],
                    "type": "AWS"
                  }
                ],
                "resources": [
                  "*"
                ],
                "sid": "Allow direct access to key metadata to the account"
              },
              {
                "actions": [
                  "kms:*"
                ],
                "condition": [],
                "effect": "Allow",
                "not_actions": [],
                "not_principals": [],
                "not_resources": [],
                "principals": [
                  {
                    "identifiers": [
                      "arn:aws:iam::349361870252:user/victorlocal"
                    ],
                    "type": "AWS"
                  }
                ],
                "resources": [
                  "*"
                ],
                "sid": "Allow access for Key Administrators"
              },
              {
                "actions": [
                  "kms:Decrypt",
                  "kms:DescribeKey",
                  "kms:Encrypt",
                  "kms:GenerateDataKey*",
                  "kms:ReEncrypt*"
                ],
                "condition": [],
                "effect": "Allow",
                "not_actions": [],
                "not_principals": [],
                "not_resources": [],
                "principals": [
                  {
                    "identifiers": [
                      "arn:aws:iam::349361870252:role/aws007-preprod-test-eks-cluster-role"
                    ],
                    "type": "AWS"
                  }
                ],
                "resources": [
                  "*"
                ],
                "sid": "Allow use of the key"
              },
              {
                "actions": [
                  "kms:CreateGrant",
                  "kms:ListGrants",
                  "kms:RevokeGrant"
                ],
                "condition": [
                  {
                    "test": "Bool",
                    "values": [
                      "true"
                    ],
                    "variable": "kms:GrantIsForAWSResource"
                  }
                ],
                "effect": "Allow",
                "not_actions": [],
                "not_principals": [],
                "not_resources": [],
                "principals": [
                  {
                    "identifiers": [
                      "arn:aws:iam::349361870252:role/aws007-preprod-test-eks-cluster-role"
                    ],
                    "type": "AWS"
                  }
                ],
                "resources": [
                  "*"
                ],
                "sid": "Allow attachment of persistent resources"
              }
            ],
            "version": "2012-10-17"
          },
          "sensitive_attributes": []
        }
      ]
    },
    {
      "module": "module.eks_blueprints",
      "mode": "data",
      "type": "aws_iam_session_context",
      "name": "current",
      "provider": "provider[\"registry.terraform.io/hashicorp/aws\"]",
      "instances": [
        {
          "schema_version": 0,
          "attributes": {
            "arn": "arn:aws:iam::349361870252:user/victorlocal",
            "id": "arn:aws:iam::349361870252:user/victorlocal",
            "issuer_arn": "arn:aws:iam::349361870252:user/victorlocal",
            "issuer_id": "",
            "issuer_name": "",
            "session_name": ""
          },
          "sensitive_attributes": []
        }
      ]
    },
    {
      "module": "module.eks_blueprints",
      "mode": "data",
      "type": "aws_partition",
      "name": "current",
      "provider": "provider[\"registry.terraform.io/hashicorp/aws\"]",
      "instances": [
        {
          "schema_version": 0,
          "attributes": {
            "dns_suffix": "amazonaws.com",
            "id": "aws",
            "partition": "aws",
            "reverse_dns_prefix": "com.amazonaws"
          },
          "sensitive_attributes": []
        }
      ]
    },
    {
      "module": "module.eks_blueprints",
      "mode": "data",
      "type": "aws_region",
      "name": "current",
      "provider": "provider[\"registry.terraform.io/hashicorp/aws\"]",
      "instances": [
        {
          "schema_version": 0,
          "attributes": {
            "description": "US East (Ohio)",
            "endpoint": "ec2.us-east-2.amazonaws.com",
            "id": "us-east-2",
            "name": "us-east-2"
          },
          "sensitive_attributes": []
        }
      ]
    },
    {
      "module": "module.eks_blueprints",
      "mode": "data",
      "type": "http",
      "name": "eks_cluster_readiness",
      "provider": "provider[\"registry.terraform.io/terraform-aws-modules/http\"]",
      "instances": [
        {
          "index_key": 0,
          "schema_version": 0,
          "attributes": {
            "body": "ok",
            "ca_certificate": "-----BEGIN CERTIFICATE-----\nMIIC/jCCAeagAwIBAgIBADANBgkqhkiG9w0BAQsFADAVMRMwEQYDVQQDEwprdWJl\ncm5ldGVzMB4XDTIyMDcwNTE1NTkzOVoXDTMyMDcwMjE1NTkzOVowFTETMBEGA1UE\nAxMKa3ViZXJuZXRlczCCASIwDQYJKoZIhvcNAQEBBQADggEPADCCAQoCggEBAMJh\nHrnkeEbsyC5mh3RJMobLjgCeFS29aTM/nUTOEf+SQWZoahERwimWNiOVp9Y9ISRx\ncid/Pt55acBiZEukrjn7wPp5Wwfw3WegrzLU7Ibt+69jhrN/TlUKRZV9EdAC2qNB\ne/t/9TnZda49ysp2M9QwKqk+eOLElouOpVr+V2sAJ+qgi+An6lWMY7hXfquOUsUm\nL1hpAgcjS2OhayOuYErN0LgVbXc+/8mdF2Tx0T53tGIs3hJODNykewp0Sq63Ul9a\nBbql0zknew+Q6/zWuqp5x5Xacxyr5LlPdHwkf2alBui0Dvkvje5FIYqhdGioNpvr\nj7FS7AAmeIWjPtg1MxUCAwEAAaNZMFcwDgYDVR0PAQH/BAQDAgKkMA8GA1UdEwEB\n/wQFMAMBAf8wHQYDVR0OBBYEFEzfqFvRn3Yn6Hse0zqEZVwLiOWTMBUGA1UdEQQO\nMAyCCmt1YmVybmV0ZXMwDQYJKoZIhvcNAQELBQADggEBAABkivojyt889rNPIk5T\nYZGeCkirNt1L8JKSZSWyncsxDAkGpBqCA2faXknNRMngiEB7NmPtJ5oLs++yns9k\nSrAFlEMoOfWysKSnGZmcFxv7NkAPKRw7LF4Kv6oKyaC7V856CPeSnkevY2jnJ/9B\nmpfRvkPRCx/nQHQ4KEIiBJPo9AcPgWKahzJ8g+9CqliihUTuanf6pl58bGu9fFRN\nCs/7gah2RwASZ5+Ph/Ln/B16us8Cf70sMRE4csDyxeKXB2NTHl2SQGDU056G0gRz\n2Q0p/lu6OVEPMGoaegrLmegT8JApGOWrspisHcjm5Lyx04+XocXAteZ6sWBW5XZv\n9dY=\n-----END CERTIFICATE-----\n",
            "id": "https://1F483C72851E970CC0215232EC4ED7C8.gr7.us-east-2.eks.amazonaws.com/healthz",
            "insecure": false,
            "request_headers": null,
            "response_headers": {
              "Audit-Id": "47d32801-075c-4db9-a263-075d954acef2",
              "Cache-Control": "no-cache, private",
              "Content-Length": "2",
              "Content-Type": "text/plain; charset=utf-8",
              "Date": "Tue, 05 Jul 2022 21:36:32 GMT",
              "X-Content-Type-Options": "nosniff",
              "X-Kubernetes-Pf-Flowschema-Uid": "3e488d90-e79b-44cd-a4b5-702f5a8a9a64",
              "X-Kubernetes-Pf-Prioritylevel-Uid": "e863cc2f-e3c7-403b-abb2-2a929d5370af"
            },
            "timeout": 600,
            "url": "https://1F483C72851E970CC0215232EC4ED7C8.gr7.us-east-2.eks.amazonaws.com/healthz"
          },
          "sensitive_attributes": []
        }
      ]
    },
    {
      "module": "module.eks_blueprints",
      "mode": "managed",
      "type": "kubernetes_config_map",
      "name": "aws_auth",
      "provider": "provider[\"registry.terraform.io/hashicorp/kubernetes\"]",
      "instances": [
        {
          "index_key": 0,
          "schema_version": 0,
          "attributes": {
            "binary_data": {},
            "data": {
              "mapAccounts": "[]\n",
              "mapRoles": "- \"groups\":\n  - \"system:bootstrappers\"\n  - \"system:nodes\"\n  - \"system:node-proxier\"\n  \"rolearn\": \"arn:aws:iam::349361870252:role/aws007-preprod-test-eks-default\"\n  \"username\": \"system:node:{{SessionName}}\"\n- \"groups\":\n  - \"system:bootstrappers\"\n  - \"system:nodes\"\n  - \"system:node-proxier\"\n  \"rolearn\": \"arn:aws:iam::349361870252:role/aws007-preprod-test-eks-kube-system\"\n  \"username\": \"system:node:{{SessionName}}\"\n- \"groups\":\n  - \"system:masters\"\n  \"rolearn\": \"arn:aws:iam::349361870252:role/Admin\"\n  \"username\": \"cluster-admin\"\n",
              "mapUsers": "[]\n"
            },
            "id": "kube-system/aws-auth",
            "metadata": [
              {
                "annotations": {},
                "generate_name": "",
                "generation": 0,
                "labels": {
                  "app.kubernetes.io/created-by": "terraform-aws-eks-blueprints",
                  "app.kubernetes.io/managed-by": "terraform-aws-eks-blueprints"
                },
                "name": "aws-auth",
                "namespace": "kube-system",
                "resource_version": "1211",
                "uid": "317cfbd9-29f2-4fe8-bf83-db5209fc4123"
              }
            ]
          },
          "sensitive_attributes": [],
          "private": "bnVsbA==",
          "dependencies": [
            "data.aws_availability_zones.available",
            "data.aws_caller_identity.current",
            "module.eks_blueprints.data.aws_caller_identity.current",
            "module.eks_blueprints.data.aws_eks_cluster.cluster",
            "module.eks_blueprints.data.aws_iam_policy_document.eks_key",
            "module.eks_blueprints.data.aws_iam_session_context.current",
            "module.eks_blueprints.data.aws_partition.current",
            "module.eks_blueprints.data.aws_region.current",
            "module.eks_blueprints.data.http.eks_cluster_readiness",
            "module.eks_blueprints.module.aws_eks.aws_cloudwatch_log_group.this",
            "module.eks_blueprints.module.aws_eks.aws_eks_cluster.this",
            "module.eks_blueprints.module.aws_eks.aws_iam_role.this",
            "module.eks_blueprints.module.aws_eks.aws_iam_role_policy_attachment.this",
            "module.eks_blueprints.module.aws_eks.aws_security_group.cluster",
            "module.eks_blueprints.module.aws_eks.aws_security_group.node",
            "module.eks_blueprints.module.aws_eks.aws_security_group_rule.cluster",
            "module.eks_blueprints.module.aws_eks.aws_security_group_rule.node",
            "module.eks_blueprints.module.aws_eks.data.aws_iam_policy_document.assume_role_policy",
            "module.eks_blueprints.module.aws_eks.data.aws_partition.current",
            "module.eks_blueprints.module.kms.aws_kms_key.this",
            "module.vpc.aws_subnet.private",
            "module.vpc.aws_vpc.this",
            "module.vpc.aws_vpc_ipv4_cidr_block_association.this"
          ],
          "create_before_destroy": true
        }
      ]
    },
    {
      "module": "module.eks_blueprints.module.aws_eks",
      "mode": "data",
      "type": "aws_iam_policy_document",
      "name": "assume_role_policy",
      "provider": "provider[\"registry.terraform.io/hashicorp/aws\"]",
      "instances": [
        {
          "index_key": 0,
          "schema_version": 0,
          "attributes": {
            "id": "2764486067",
            "json": "{\n  \"Version\": \"2012-10-17\",\n  \"Statement\": [\n    {\n      \"Sid\": \"EKSClusterAssumeRole\",\n      \"Effect\": \"Allow\",\n      \"Action\": \"sts:AssumeRole\",\n      \"Principal\": {\n        \"Service\": \"eks.amazonaws.com\"\n      }\n    }\n  ]\n}",
            "override_json": null,
            "override_policy_documents": null,
            "policy_id": null,
            "source_json": null,
            "source_policy_documents": null,
            "statement": [
              {
                "actions": [
                  "sts:AssumeRole"
                ],
                "condition": [],
                "effect": "Allow",
                "not_actions": [],
                "not_principals": [],
                "not_resources": [],
                "principals": [
                  {
                    "identifiers": [
                      "eks.amazonaws.com"
                    ],
                    "type": "Service"
                  }
                ],
                "resources": [],
                "sid": "EKSClusterAssumeRole"
              }
            ],
            "version": "2012-10-17"
          },
          "sensitive_attributes": []
        }
      ]
    },
    {
      "module": "module.eks_blueprints.module.aws_eks",
      "mode": "data",
      "type": "aws_partition",
      "name": "current",
      "provider": "provider[\"registry.terraform.io/hashicorp/aws\"]",
      "instances": [
        {
          "schema_version": 0,
          "attributes": {
            "dns_suffix": "amazonaws.com",
            "id": "aws",
            "partition": "aws",
            "reverse_dns_prefix": "com.amazonaws"
          },
          "sensitive_attributes": []
        }
      ]
    },
    {
      "module": "module.eks_blueprints.module.aws_eks",
      "mode": "data",
      "type": "tls_certificate",
      "name": "this",
      "provider": "provider[\"registry.terraform.io/hashicorp/tls\"]",
      "instances": [
        {
          "index_key": 0,
          "schema_version": 0,
          "attributes": {
            "certificates": [
              {
                "cert_pem": "-----BEGIN CERTIFICATE-----\nMIIEdTCCA12gAwIBAgIJAKcOSkw0grd/MA0GCSqGSIb3DQEBCwUAMGgxCzAJBgNV\nBAYTAlVTMSUwIwYDVQQKExxTdGFyZmllbGQgVGVjaG5vbG9naWVzLCBJbmMuMTIw\nMAYDVQQLEylTdGFyZmllbGQgQ2xhc3MgMiBDZXJ0aWZpY2F0aW9uIEF1dGhvcml0\neTAeFw0wOTA5MDIwMDAwMDBaFw0zNDA2MjgxNzM5MTZaMIGYMQswCQYDVQQGEwJV\nUzEQMA4GA1UECBMHQXJpem9uYTETMBEGA1UEBxMKU2NvdHRzZGFsZTElMCMGA1UE\nChMcU3RhcmZpZWxkIFRlY2hub2xvZ2llcywgSW5jLjE7MDkGA1UEAxMyU3RhcmZp\nZWxkIFNlcnZpY2VzIFJvb3QgQ2VydGlmaWNhdGUgQXV0aG9yaXR5IC0gRzIwggEi\nMA0GCSqGSIb3DQEBAQUAA4IBDwAwggEKAoIBAQDVDDrEKvlO4vW+GZdfjohTsR8/\ny8+fIBNtKTrID30892t2OGPZNmCom15cAICyL1l/9of5JUOG52kbUpqQ4XHj2C0N\nTm/2yEnZtvMaVq4rtnQU68/7JuMauh2WLmo7WJSJR1b/JaCTcFOD2oR0FMNnngRo\nOt+OQFodSk7PQ5E751bWAHDLUu57fa4657wx+UX2wmDPE1kCK4DMNEffud6QZW0C\nzyyRpqbn3oUYSXxmTqM6bam17jQuug0DuDPfR+uxa40l2ZvOgdFFRjKWcIfeAg5J\nQ4W2bHO7ZOphQazJ1FTfhy/HIrImzJ9ZVGif/L4qL8RVHHVAYBeFAlU5i38FAgMB\nAAGjgfAwge0wDwYDVR0TAQH/BAUwAwEB/zAOBgNVHQ8BAf8EBAMCAYYwHQYDVR0O\nBBYEFJxfAN+qAdcwKziIorhtSpzyEZGDMB8GA1UdIwQYMBaAFL9ft9HO3R+G9FtV\nrNzXEMIOqYjnME8GCCsGAQUFBwEBBEMwQTAcBggrBgEFBQcwAYYQaHR0cDovL28u\nc3MyLnVzLzAhBggrBgEFBQcwAoYVaHR0cDovL3guc3MyLnVzL3guY2VyMCYGA1Ud\nHwQfMB0wG6AZoBeGFWh0dHA6Ly9zLnNzMi51cy9yLmNybDARBgNVHSAECjAIMAYG\nBFUdIAAwDQYJKoZIhvcNAQELBQADggEBACMd44pXyn3pF3lM8R5V/cxTbj5HD9/G\nVfKyBDbtgB9TxF00KGu+x1X8Z+rLP3+QsjPNG1gQggL4+C/1E2DUBc7xgQjB3ad1\nl08YuW3e95ORCLp+QCztweq7dp4zBncdDQh/U90bZKuCJ/Fp1U1ervShw3WnWEQt\n8jxwmKy6abaVd38PMV4s/KCHOkdp8Hlf9BRUpJVeEXgSYCfOn8J3/yNTd126/+pZ\n59vPr5KW7ySaNRB6nJHGDn2Z9j8Z3/VyVOEVqQdZe4O/Ui5GjLIAZHYcSNPYeehu\nVsyuLAOQ1xk4meTKCRlb/weWsKh/NEnfVqn3sF/tM+2MR7cwA130A4w=\n-----END CERTIFICATE-----\n",
                "is_ca": true,
                "issuer": "OU=Starfield Class 2 Certification Authority,O=Starfield Technologies\\, Inc.,C=US",
                "not_after": "2034-06-28T17:39:16Z",
                "not_before": "2009-09-02T00:00:00Z",
                "public_key_algorithm": "RSA",
                "serial_number": "12037640545166866303",
                "sha1_fingerprint": "9e99a48a9960b14926bb7f3b02e22da2b0ab7280",
                "signature_algorithm": "SHA256-RSA",
                "subject": "CN=Starfield Services Root Certificate Authority - G2,O=Starfield Technologies\\, Inc.,L=Scottsdale,ST=Arizona,C=US",
                "version": 3
              },
              {
                "cert_pem": "-----BEGIN CERTIFICATE-----\nMIIEkjCCA3qgAwIBAgITBn+USionzfP6wq4rAfkI7rnExjANBgkqhkiG9w0BAQsF\nADCBmDELMAkGA1UEBhMCVVMxEDAOBgNVBAgTB0FyaXpvbmExEzARBgNVBAcTClNj\nb3R0c2RhbGUxJTAjBgNVBAoTHFN0YXJmaWVsZCBUZWNobm9sb2dpZXMsIEluYy4x\nOzA5BgNVBAMTMlN0YXJmaWVsZCBTZXJ2aWNlcyBSb290IENlcnRpZmljYXRlIEF1\ndGhvcml0eSAtIEcyMB4XDTE1MDUyNTEyMDAwMFoXDTM3MTIzMTAxMDAwMFowOTEL\nMAkGA1UEBhMCVVMxDzANBgNVBAoTBkFtYXpvbjEZMBcGA1UEAxMQQW1hem9uIFJv\nb3QgQ0EgMTCCASIwDQYJKoZIhvcNAQEBBQADggEPADCCAQoCggEBALJ4gHHKeNXj\nca9HgFB0fW7Y14h29Jlo91ghYPl0hAEvrAIthtOgQ3pOsqTQNroBvo3bSMgHFzZM\n9O6II8c+6zf1tRn4SWiw3te5djgdYZ6k/oI2peVKVuRF4fn9tBb6dNqcmzU5L/qw\nIFAGbHrQgLKm+a/sRxmPUDgH3KKHOVj4utWp+UhnMJbulHheb4mjUcAwhmahRWa6\nVOujw5H5SNz/0egwLX0tdHA114gk957EWW67c4cX8jJGKLhD+rcdqsq08p8kDi1L\n93FcXmn/6pUCyziKrlA4b9v7LWIbxcceVOF34GfID5yHI9Y/QCB/IIDEgEw+OyQm\njgSubJrIqg0CAwEAAaOCATEwggEtMA8GA1UdEwEB/wQFMAMBAf8wDgYDVR0PAQH/\nBAQDAgGGMB0GA1UdDgQWBBSEGMyFNOy8DJSULghZnMeyEE4KCDAfBgNVHSMEGDAW\ngBScXwDfqgHXMCs4iKK4bUqc8hGRgzB4BggrBgEFBQcBAQRsMGowLgYIKwYBBQUH\nMAGGImh0dHA6Ly9vY3NwLnJvb3RnMi5hbWF6b250cnVzdC5jb20wOAYIKwYBBQUH\nMAKGLGh0dHA6Ly9jcnQucm9vdGcyLmFtYXpvbnRydXN0LmNvbS9yb290ZzIuY2Vy\nMD0GA1UdHwQ2MDQwMqAwoC6GLGh0dHA6Ly9jcmwucm9vdGcyLmFtYXpvbnRydXN0\nLmNvbS9yb290ZzIuY3JsMBEGA1UdIAQKMAgwBgYEVR0gADANBgkqhkiG9w0BAQsF\nAAOCAQEAYjdCXLwQtT6LLOkMm2xF4gcAevnFWAu5CIw+7bMlPLVvUOTNNWqnkzSW\nMiGpSESrnO09tKpzbeR/FoCJbM8oAxiDR3mjEH4wW6w7sGDgd9QIpuEdfF7Au/ma\neyKdpwAJfqxGF4PcnCZXmTA5YpaP7dreqsXMGz7KQ2hsVxa81Q4gLv7/wmpdLqBK\nbRRYh5TmOTFffHPLkIhqhBGWJ6bt2YFGpn6jcgAKUj6DiAdjd4lpFw85hdKrCEVN\n0FE6/V1dN2RMfjCyVSRCnTawXZwXgWHxyvkQAiSr6w10kY17RSlQOYiypok1JR4U\nakcjMS9cmvqtmg5iUaQqqcT5NJ0hGA==\n-----END CERTIFICATE-----\n",
                "is_ca": true,
                "issuer": "CN=Starfield Services Root Certificate Authority - G2,O=Starfield Technologies\\, Inc.,L=Scottsdale,ST=Arizona,C=US",
                "not_after": "2037-12-31T01:00:00Z",
                "not_before": "2015-05-25T12:00:00Z",
                "public_key_algorithm": "RSA",
                "serial_number": "144918191876577076464031512351042010504348870",
                "sha1_fingerprint": "06b25927c42a721631c1efd9431e648fa62e1e39",
                "signature_algorithm": "SHA256-RSA",
                "subject": "CN=Amazon Root CA 1,O=Amazon,C=US",
                "version": 3
              },
              {
                "cert_pem": "-----BEGIN CERTIFICATE-----\nMIIESTCCAzGgAwIBAgITBn+UV4WH6Kx33rJTMlu8mYtWDTANBgkqhkiG9w0BAQsF\nADA5MQswCQYDVQQGEwJVUzEPMA0GA1UEChMGQW1hem9uMRkwFwYDVQQDExBBbWF6\nb24gUm9vdCBDQSAxMB4XDTE1MTAyMjAwMDAwMFoXDTI1MTAxOTAwMDAwMFowRjEL\nMAkGA1UEBhMCVVMxDzANBgNVBAoTBkFtYXpvbjEVMBMGA1UECxMMU2VydmVyIENB\nIDFCMQ8wDQYDVQQDEwZBbWF6b24wggEiMA0GCSqGSIb3DQEBAQUAA4IBDwAwggEK\nAoIBAQDCThZn3c68asg3Wuw6MLAd5tES6BIoSMzoKcG5blPVo+sDORrMd4f2AbnZ\ncMzPa43j4wNxhplty6aUKk4T1qe9BOwKFjwK6zmxxLVYo7bHViXsPlJ6qOMpFge5\nblDP+18x+B26A0piiQOuPkfyDyeR4xQghfj66Yo19V+emU3nazfvpFA+ROz6WoVm\nB5x+F2pV8xeKNR7u6azDdU5YVX1TawprmxRC1+WsAYmz6qP+z8ArDITC2FMVy2fw\n0IjKOtEXc/VfmtTFch5+AfGYMGMqqvJ6LcXiAhqG5TI+Dr0RtM88k+8XUBCeQ8IG\nKuANaL7TiItKZYxK1MMuTJtV9IblAgMBAAGjggE7MIIBNzASBgNVHRMBAf8ECDAG\nAQH/AgEAMA4GA1UdDwEB/wQEAwIBhjAdBgNVHQ4EFgQUWaRmBlKge5WSPKOUByeW\ndFv5PdAwHwYDVR0jBBgwFoAUhBjMhTTsvAyUlC4IWZzHshBOCggwewYIKwYBBQUH\nAQEEbzBtMC8GCCsGAQUFBzABhiNodHRwOi8vb2NzcC5yb290Y2ExLmFtYXpvbnRy\ndXN0LmNvbTA6BggrBgEFBQcwAoYuaHR0cDovL2NydC5yb290Y2ExLmFtYXpvbnRy\ndXN0LmNvbS9yb290Y2ExLmNlcjA/BgNVHR8EODA2MDSgMqAwhi5odHRwOi8vY3Js\nLnJvb3RjYTEuYW1hem9udHJ1c3QuY29tL3Jvb3RjYTEuY3JsMBMGA1UdIAQMMAow\nCAYGZ4EMAQIBMA0GCSqGSIb3DQEBCwUAA4IBAQCFkr41u3nPo4FCHOTjY3NTOVI1\n59Gt/a6ZiqyJEi+752+a1U5y6iAwYfmXss2lJwJFqMp2PphKg5625kXg8kP2CN5t\n6G7bMQcT8C8xDZNtYTd7WPD8UZiRKAJPBXa30/AbwuZe0GaFEQ8ugcYQgSn+IGBI\n8/LwhBNTZTUVEWuCUUBVV18YtbAiPq3yXqMB48Oz+ctBWuZSkbvkNodPLamkB2g1\nupRyzQ7qDn1X8nn8N8V7YJ6y68AtkHcNSRAnpTitxBKjtKPISLMVCx7i4hncxHZS\nyLyKQXhw2W2Xs0qLeC1etA+jTGDK4UfLeC0SF7FSi8o5LL21L8IzApar2pR/\n-----END CERTIFICATE-----\n",
                "is_ca": true,
                "issuer": "CN=Amazon Root CA 1,O=Amazon,C=US",
                "not_after": "2025-10-19T00:00:00Z",
                "not_before": "2015-10-22T00:00:00Z",
                "public_key_algorithm": "RSA",
                "serial_number": "144918209630989264145272943054026349679957517",
                "sha1_fingerprint": "917e732d330f9a12404f73d8bea36948b929dffc",
                "signature_algorithm": "SHA256-RSA",
                "subject": "CN=Amazon,OU=Server CA 1B,O=Amazon,C=US",
                "version": 3
              },
              {
                "cert_pem": "-----BEGIN CERTIFICATE-----\nMIIF+jCCBOKgAwIBAgIQBv5G//SOY2bU9q4xJ8F5uTANBgkqhkiG9w0BAQsFADBG\nMQswCQYDVQQGEwJVUzEPMA0GA1UEChMGQW1hem9uMRUwEwYDVQQLEwxTZXJ2ZXIg\nQ0EgMUIxDzANBgNVBAMTBkFtYXpvbjAeFw0yMjA1MTMwMDAwMDBaFw0yMzA2MTEy\nMzU5NTlaMCsxKTAnBgNVBAMTIG9pZGMuZWtzLnVzLWVhc3QtMi5hbWF6b25hd3Mu\nY29tMIIBIjANBgkqhkiG9w0BAQEFAAOCAQ8AMIIBCgKCAQEA2sd2GBw6Gz0SQ9Co\nwVWkvghaF6oMnIDeMRe+rAu4RuwGiDDoWDYrkRogp41NeOgqxcsbvS2Q3A0AyI5b\nY2LiVw2/7CvmTXuRGWmTQcWGzFIFCJ7ICX5gy9hQ0gkqkHbkO1VRQZiObsfF1zkA\n60XksAiAkIv5fE40O43ckScU8jxql8UJruhe/DL57jpeD+nv04ST0oyZ92m/0SS/\nypYjteWUuC6bZIGsIO1Dgznr1xCsUOvb6K+pUa41UwX8Yeg5PDT+g1LMXLOSOuwg\n3GShNyyWxCD8RH4tX159112n22b9eNyoAvjftYVbdS1QTjGtY9OEFydf0/xKXavR\niwEyvQIDAQABo4IC/TCCAvkwHwYDVR0jBBgwFoAUWaRmBlKge5WSPKOUByeWdFv5\nPdAwHQYDVR0OBBYEFN+XM9tgYaG3FcYYEXmh/dowUsyIMCsGA1UdEQQkMCKCIG9p\nZGMuZWtzLnVzLWVhc3QtMi5hbWF6b25hd3MuY29tMA4GA1UdDwEB/wQEAwIFoDAd\nBgNVHSUEFjAUBggrBgEFBQcDAQYIKwYBBQUHAwIwPQYDVR0fBDYwNDAyoDCgLoYs\naHR0cDovL2NybC5zY2ExYi5hbWF6b250cnVzdC5jb20vc2NhMWItMS5jcmwwEwYD\nVR0gBAwwCjAIBgZngQwBAgEwdQYIKwYBBQUHAQEEaTBnMC0GCCsGAQUFBzABhiFo\ndHRwOi8vb2NzcC5zY2ExYi5hbWF6b250cnVzdC5jb20wNgYIKwYBBQUHMAKGKmh0\ndHA6Ly9jcnQuc2NhMWIuYW1hem9udHJ1c3QuY29tL3NjYTFiLmNydDAMBgNVHRMB\nAf8EAjAAMIIBgAYKKwYBBAHWeQIEAgSCAXAEggFsAWoAdwDoPtDaPvUGNTLnVyi8\niWvJA9PL0RFr7Otp4Xd9bQa9bgAAAYC6xUgwAAAEAwBIMEYCIQClcHmp+kaj2v+t\nqZCvo+pGr6V+aujgbQAWBsQ1L1GwgQIhAKvR1sfil1Nz1b9Ruwz8SyfhKXTzufCU\noTkGxoRXhTeJAHcANc8ZG7+xbFe/D61MbULLu7YnICZR6j/hKu+oA8M71kwAAAGA\nusVITAAABAMASDBGAiEAhE7dUEjaGthoiimmqhzwx8qlWi0zb57Nb6zNCy8pNJcC\nIQCeSKJfudF2OWn1LQlUHIZHEICTtw5+G1UwblZHr5vcoAB2ALNzdwfhhFD4Y4bW\nBancEQlKeS2xZwwLh9zwAw55NqWaAAABgLrFSHoAAAQDAEcwRQIgZrYouLuZVvzv\nKi72oXFJ7fbipNlU1DSxd1xWtB0XFDcCIQCQZisG8HAPWinKQKjBvxZIKkSIBvHk\nLPvg3QPLaWt8nzANBgkqhkiG9w0BAQsFAAOCAQEAVXp3DFG9hGdWOfXeWxvCKGRC\nY11lyXaZ1qxMNvhFU+TT1g5KY+0gnLve1tZNlvcLBavsH9zr7Ts7yyPDk+95kfPR\n4CU9SF0L2TeOOZeLVEr/GmzAtmOWV6JvDW13ao4dWHUmO8HYbQ87BQK4IXBIV37b\n5fPqgKG7HXHLpdK9j2GnfHGmzvwdG/3XWqOilyQrFAayvK1Sjn3omSrxkmOvnR1s\nzT6XmnXrxNyz2Vq2bpoUdZArQ2cxt2Y4FiKsZqaJP6XFPTALtKvJDKvs1i3dTDxN\nXoQ/nzcot0vjzT/swcikMw8XVXt4c5ZukopYRSWDTELyoG9NwwgM8asrQh31VA==\n-----END CERTIFICATE-----\n",
                "is_ca": false,
                "issuer": "CN=Amazon,OU=Server CA 1B,O=Amazon,C=US",
                "not_after": "2023-06-11T23:59:59Z",
                "not_before": "2022-05-13T00:00:00Z",
                "public_key_algorithm": "RSA",
                "serial_number": "9295651424317517483394169121961769401",
                "sha1_fingerprint": "0fd7a5400b4769a5db5a5fcf4bc970fdf2fd236f",
                "signature_algorithm": "SHA256-RSA",
                "subject": "CN=oidc.eks.us-east-2.amazonaws.com",
                "version": 3
              }
            ],
            "content": null,
            "id": "0af20c296326c52c9580a79810d29a1582c42ad8",
            "url": "https://oidc.eks.us-east-2.amazonaws.com/id/1F483C72851E970CC0215232EC4ED7C8",
            "verify_chain": true
          },
          "sensitive_attributes": []
        }
      ]
    },
    {
      "module": "module.eks_blueprints.module.aws_eks",
      "mode": "managed",
      "type": "aws_ec2_tag",
      "name": "cluster_primary_security_group",
      "provider": "provider[\"registry.terraform.io/hashicorp/aws\"]",
      "instances": [
        {
          "index_key": "Blueprint",
          "schema_version": 0,
          "attributes": {
            "id": "sg-0d0e411c1fc6a014a,Blueprint",
            "key": "Blueprint",
            "resource_id": "sg-0d0e411c1fc6a014a",
            "value": "aws007-preprod-test-eks"
          },
          "sensitive_attributes": [],
          "private": "bnVsbA==",
          "dependencies": [
            "data.aws_availability_zones.available",
            "data.aws_caller_identity.current",
            "module.eks_blueprints.data.aws_caller_identity.current",
            "module.eks_blueprints.data.aws_iam_policy_document.eks_key",
            "module.eks_blueprints.data.aws_iam_session_context.current",
            "module.eks_blueprints.data.aws_partition.current",
            "module.eks_blueprints.data.aws_region.current",
            "module.eks_blueprints.module.aws_eks.aws_cloudwatch_log_group.this",
            "module.eks_blueprints.module.aws_eks.aws_eks_cluster.this",
            "module.eks_blueprints.module.aws_eks.aws_iam_role.this",
            "module.eks_blueprints.module.aws_eks.aws_iam_role_policy_attachment.this",
            "module.eks_blueprints.module.aws_eks.aws_security_group.cluster",
            "module.eks_blueprints.module.aws_eks.aws_security_group.node",
            "module.eks_blueprints.module.aws_eks.aws_security_group_rule.cluster",
            "module.eks_blueprints.module.aws_eks.aws_security_group_rule.node",
            "module.eks_blueprints.module.aws_eks.data.aws_iam_policy_document.assume_role_policy",
            "module.eks_blueprints.module.aws_eks.data.aws_partition.current",
            "module.eks_blueprints.module.kms.aws_kms_key.this",
            "module.vpc.aws_subnet.private",
            "module.vpc.aws_vpc.this",
            "module.vpc.aws_vpc_ipv4_cidr_block_association.this"
          ]
        },
        {
          "index_key": "GithubRepo",
          "schema_version": 0,
          "attributes": {
            "id": "sg-0d0e411c1fc6a014a,GithubRepo",
            "key": "GithubRepo",
            "resource_id": "sg-0d0e411c1fc6a014a",
            "value": "eks-fargate-quickstart"
          },
          "sensitive_attributes": [],
          "private": "bnVsbA==",
          "dependencies": [
            "data.aws_availability_zones.available",
            "data.aws_caller_identity.current",
            "module.eks_blueprints.data.aws_caller_identity.current",
            "module.eks_blueprints.data.aws_iam_policy_document.eks_key",
            "module.eks_blueprints.data.aws_iam_session_context.current",
            "module.eks_blueprints.data.aws_partition.current",
            "module.eks_blueprints.data.aws_region.current",
            "module.eks_blueprints.module.aws_eks.aws_cloudwatch_log_group.this",
            "module.eks_blueprints.module.aws_eks.aws_eks_cluster.this",
            "module.eks_blueprints.module.aws_eks.aws_iam_role.this",
            "module.eks_blueprints.module.aws_eks.aws_iam_role_policy_attachment.this",
            "module.eks_blueprints.module.aws_eks.aws_security_group.cluster",
            "module.eks_blueprints.module.aws_eks.aws_security_group.node",
            "module.eks_blueprints.module.aws_eks.aws_security_group_rule.cluster",
            "module.eks_blueprints.module.aws_eks.aws_security_group_rule.node",
            "module.eks_blueprints.module.aws_eks.data.aws_iam_policy_document.assume_role_policy",
            "module.eks_blueprints.module.aws_eks.data.aws_partition.current",
            "module.eks_blueprints.module.kms.aws_kms_key.this",
            "module.vpc.aws_subnet.private",
            "module.vpc.aws_vpc.this",
            "module.vpc.aws_vpc_ipv4_cidr_block_association.this"
          ]
        }
      ]
    },
    {
      "module": "module.eks_blueprints.module.aws_eks",
      "mode": "managed",
      "type": "aws_eks_cluster",
      "name": "this",
      "provider": "provider[\"registry.terraform.io/hashicorp/aws\"]",
      "instances": [
        {
          "index_key": 0,
          "schema_version": 0,
          "attributes": {
            "arn": "arn:aws:eks:us-east-2:349361870252:cluster/aws007-preprod-test-eks",
            "certificate_authority": [
              {
                "data": "LS0tLS1CRUdJTiBDRVJUSUZJQ0FURS0tLS0tCk1JSUMvakNDQWVhZ0F3SUJBZ0lCQURBTkJna3Foa2lHOXcwQkFRc0ZBREFWTVJNd0VRWURWUVFERXdwcmRXSmwKY201bGRHVnpNQjRYRFRJeU1EY3dOVEUxTlRrek9Wb1hEVE15TURjd01qRTFOVGt6T1Zvd0ZURVRNQkVHQTFVRQpBeE1LYTNWaVpYSnVaWFJsY3pDQ0FTSXdEUVlKS29aSWh2Y05BUUVCQlFBRGdnRVBBRENDQVFvQ2dnRUJBTUpoCkhybmtlRWJzeUM1bWgzUkpNb2JMamdDZUZTMjlhVE0vblVUT0VmK1NRV1pvYWhFUndpbVdOaU9WcDlZOUlTUngKY2lkL1B0NTVhY0JpWkV1a3Jqbjd3UHA1V3dmdzNXZWdyekxVN0lidCs2OWpock4vVGxVS1JaVjlFZEFDMnFOQgplL3QvOVRuWmRhNDl5c3AyTTlRd0txaytlT0xFbG91T3BWcitWMnNBSitxZ2krQW42bFdNWTdoWGZxdU9Vc1VtCkwxaHBBZ2NqUzJPaGF5T3VZRXJOMExnVmJYYysvOG1kRjJUeDBUNTN0R0lzM2hKT0ROeWtld3AwU3E2M1VsOWEKQmJxbDB6a25ldytRNi96V3VxcDV4NVhhY3h5cjVMbFBkSHdrZjJhbEJ1aTBEdmt2amU1RklZcWhkR2lvTnB2cgpqN0ZTN0FBbWVJV2pQdGcxTXhVQ0F3RUFBYU5aTUZjd0RnWURWUjBQQVFIL0JBUURBZ0trTUE4R0ExVWRFd0VCCi93UUZNQU1CQWY4d0hRWURWUjBPQkJZRUZFemZxRnZSbjNZbjZIc2UwenFFWlZ3TGlPV1RNQlVHQTFVZEVRUU8KTUF5Q0NtdDFZbVZ5Ym1WMFpYTXdEUVlKS29aSWh2Y05BUUVMQlFBRGdnRUJBQUJraXZvanl0ODg5ck5QSWs1VApZWkdlQ2tpck50MUw4SktTWlNXeW5jc3hEQWtHcEJxQ0EyZmFYa25OUk1uZ2lFQjdObVB0SjVvTHMrK3luczlrClNyQUZsRU1vT2ZXeXNLU25HWm1jRnh2N05rQVBLUnc3TEY0S3Y2b0t5YUM3Vjg1NkNQZVNua2V2WTJqbkovOUIKbXBmUnZrUFJDeC9uUUhRNEtFSWlCSlBvOUFjUGdXS2Foeko4Zys5Q3FsaWloVVR1YW5mNnBsNThiR3U5ZkZSTgpDcy83Z2FoMlJ3QVNaNStQaC9Mbi9CMTZ1czhDZjcwc01SRTRjc0R5eGVLWEIyTlRIbDJTUUdEVTA1NkcwZ1J6CjJRMHAvbHU2T1ZFUE1Hb2FlZ3JMbWVnVDhKQXBHT1dyc3Bpc0hjam01THl4MDQrWG9jWEF0ZVo2c1dCVzVYWnYKOWRZPQotLS0tLUVORCBDRVJUSUZJQ0FURS0tLS0tCg=="
              }
            ],
            "created_at": "2022-07-05 15:54:18.109 +0000 UTC",
            "enabled_cluster_log_types": [
              "api",
              "audit",
              "authenticator",
              "controllerManager",
              "scheduler"
            ],
            "encryption_config": [
              {
                "provider": [
                  {
                    "key_arn": "arn:aws:kms:us-east-2:349361870252:key/0088ed9d-1093-411b-b94e-5ddf3c3c779d"
                  }
                ],
                "resources": [
                  "secrets"
                ]
              }
            ],
            "endpoint": "https://1F483C72851E970CC0215232EC4ED7C8.gr7.us-east-2.eks.amazonaws.com",
            "id": "aws007-preprod-test-eks",
            "identity": [
              {
                "oidc": [
                  {
                    "issuer": "https://oidc.eks.us-east-2.amazonaws.com/id/1F483C72851E970CC0215232EC4ED7C8"
                  }
                ]
              }
            ],
            "kubernetes_network_config": [
              {
                "ip_family": "ipv4",
                "service_ipv4_cidr": "172.20.0.0/16"
              }
            ],
            "name": "aws007-preprod-test-eks",
            "platform_version": "eks.3",
            "role_arn": "arn:aws:iam::349361870252:role/aws007-preprod-test-eks-cluster-role",
            "status": "ACTIVE",
            "tags": {
              "Blueprint": "aws007-preprod-test-eks",
              "GithubRepo": "eks-fargate-quickstart"
            },
            "tags_all": {
              "Blueprint": "aws007-preprod-test-eks",
              "GithubRepo": "eks-fargate-quickstart"
            },
            "timeouts": {
              "create": null,
              "delete": null,
              "update": null
            },
            "version": "1.22",
            "vpc_config": [
              {
                "cluster_security_group_id": "sg-0d0e411c1fc6a014a",
                "endpoint_private_access": true,
                "endpoint_public_access": true,
                "public_access_cidrs": [
                  "0.0.0.0/0"
                ],
                "security_group_ids": [
                  "sg-0242d2803834fdcc8"
                ],
                "subnet_ids": [
                  "subnet-015e13ae09d15a366",
                  "subnet-04ecf81e7b336d403",
                  "subnet-0ee563cedca3d4346"
                ],
                "vpc_id": "vpc-022361595524a747e"
              }
            ]
          },
          "sensitive_attributes": [],
          "private": "eyJlMmJmYjczMC1lY2FhLTExZTYtOGY4OC0zNDM2M2JjN2M0YzAiOnsiY3JlYXRlIjoxODAwMDAwMDAwMDAwLCJkZWxldGUiOjkwMDAwMDAwMDAwMCwidXBkYXRlIjozNjAwMDAwMDAwMDAwfX0=",
          "dependencies": [
            "data.aws_availability_zones.available",
            "data.aws_caller_identity.current",
            "module.eks_blueprints.data.aws_caller_identity.current",
            "module.eks_blueprints.data.aws_iam_policy_document.eks_key",
            "module.eks_blueprints.data.aws_iam_session_context.current",
            "module.eks_blueprints.data.aws_partition.current",
            "module.eks_blueprints.data.aws_region.current",
            "module.eks_blueprints.module.aws_eks.aws_cloudwatch_log_group.this",
            "module.eks_blueprints.module.aws_eks.aws_iam_role.this",
            "module.eks_blueprints.module.aws_eks.aws_iam_role_policy_attachment.this",
            "module.eks_blueprints.module.aws_eks.aws_security_group.cluster",
            "module.eks_blueprints.module.aws_eks.aws_security_group.node",
            "module.eks_blueprints.module.aws_eks.aws_security_group_rule.cluster",
            "module.eks_blueprints.module.aws_eks.aws_security_group_rule.node",
            "module.eks_blueprints.module.aws_eks.data.aws_iam_policy_document.assume_role_policy",
            "module.eks_blueprints.module.aws_eks.data.aws_partition.current",
            "module.eks_blueprints.module.kms.aws_kms_key.this",
            "module.vpc.aws_subnet.private",
            "module.vpc.aws_vpc.this",
            "module.vpc.aws_vpc_ipv4_cidr_block_association.this"
          ],
          "create_before_destroy": true
        }
      ]
    },
    {
      "module": "module.eks_blueprints.module.aws_eks",
      "mode": "managed",
      "type": "aws_iam_openid_connect_provider",
      "name": "oidc_provider",
      "provider": "provider[\"registry.terraform.io/hashicorp/aws\"]",
      "instances": [
        {
          "index_key": 0,
          "schema_version": 0,
          "attributes": {
            "arn": "arn:aws:iam::349361870252:oidc-provider/oidc.eks.us-east-2.amazonaws.com/id/1F483C72851E970CC0215232EC4ED7C8",
            "client_id_list": [
              "sts.amazonaws.com"
            ],
            "id": "arn:aws:iam::349361870252:oidc-provider/oidc.eks.us-east-2.amazonaws.com/id/1F483C72851E970CC0215232EC4ED7C8",
            "tags": {
              "Blueprint": "aws007-preprod-test-eks",
              "GithubRepo": "eks-fargate-quickstart",
              "Name": "aws007-preprod-test-eks-eks-irsa"
            },
            "tags_all": {
              "Blueprint": "aws007-preprod-test-eks",
              "GithubRepo": "eks-fargate-quickstart",
              "Name": "aws007-preprod-test-eks-eks-irsa"
            },
            "thumbprint_list": [
              "9e99a48a9960b14926bb7f3b02e22da2b0ab7280"
            ],
            "url": "oidc.eks.us-east-2.amazonaws.com/id/1F483C72851E970CC0215232EC4ED7C8"
          },
          "sensitive_attributes": [],
          "private": "bnVsbA==",
          "dependencies": [
            "data.aws_availability_zones.available",
            "data.aws_caller_identity.current",
            "module.eks_blueprints.data.aws_caller_identity.current",
            "module.eks_blueprints.data.aws_iam_policy_document.eks_key",
            "module.eks_blueprints.data.aws_iam_session_context.current",
            "module.eks_blueprints.data.aws_partition.current",
            "module.eks_blueprints.data.aws_region.current",
            "module.eks_blueprints.module.aws_eks.aws_cloudwatch_log_group.this",
            "module.eks_blueprints.module.aws_eks.aws_eks_cluster.this",
            "module.eks_blueprints.module.aws_eks.aws_iam_role.this",
            "module.eks_blueprints.module.aws_eks.aws_iam_role_policy_attachment.this",
            "module.eks_blueprints.module.aws_eks.aws_security_group.cluster",
            "module.eks_blueprints.module.aws_eks.aws_security_group.node",
            "module.eks_blueprints.module.aws_eks.aws_security_group_rule.cluster",
            "module.eks_blueprints.module.aws_eks.aws_security_group_rule.node",
            "module.eks_blueprints.module.aws_eks.data.aws_iam_policy_document.assume_role_policy",
            "module.eks_blueprints.module.aws_eks.data.aws_partition.current",
            "module.eks_blueprints.module.aws_eks.data.tls_certificate.this",
            "module.eks_blueprints.module.kms.aws_kms_key.this",
            "module.vpc.aws_subnet.private",
            "module.vpc.aws_vpc.this",
            "module.vpc.aws_vpc_ipv4_cidr_block_association.this"
          ]
        }
      ]
    },
    {
      "module": "module.eks_blueprints.module.aws_eks",
      "mode": "managed",
      "type": "aws_iam_role",
      "name": "this",
      "provider": "provider[\"registry.terraform.io/hashicorp/aws\"]",
      "instances": [
        {
          "index_key": 0,
          "schema_version": 0,
          "attributes": {
            "arn": "arn:aws:iam::349361870252:role/aws007-preprod-test-eks-cluster-role",
            "assume_role_policy": "{\"Version\":\"2012-10-17\",\"Statement\":[{\"Sid\":\"EKSClusterAssumeRole\",\"Effect\":\"Allow\",\"Principal\":{\"Service\":\"eks.amazonaws.com\"},\"Action\":\"sts:AssumeRole\"}]}",
            "create_date": "2022-07-05T15:53:47Z",
            "description": "",
            "force_detach_policies": true,
            "id": "aws007-preprod-test-eks-cluster-role",
            "inline_policy": [
              {
                "name": "",
                "policy": ""
              }
            ],
            "managed_policy_arns": [
              "arn:aws:iam::aws:policy/AmazonEKSClusterPolicy",
              "arn:aws:iam::aws:policy/AmazonEKSVPCResourceController"
            ],
            "max_session_duration": 3600,
            "name": "aws007-preprod-test-eks-cluster-role",
            "name_prefix": "",
            "path": "/",
            "permissions_boundary": null,
            "tags": {
              "Blueprint": "aws007-preprod-test-eks",
              "GithubRepo": "eks-fargate-quickstart"
            },
            "tags_all": {
              "Blueprint": "aws007-preprod-test-eks",
              "GithubRepo": "eks-fargate-quickstart"
            },
            "unique_id": "AROAVCV4XCWWJNWKTQV7O"
          },
          "sensitive_attributes": [],
          "private": "bnVsbA==",
          "dependencies": [
            "module.eks_blueprints.module.aws_eks.aws_cloudwatch_log_group.this",
            "module.eks_blueprints.module.aws_eks.data.aws_iam_policy_document.assume_role_policy",
            "module.eks_blueprints.module.aws_eks.data.aws_partition.current"
          ],
          "create_before_destroy": true
        }
      ]
    },
    {
      "module": "module.eks_blueprints.module.aws_eks",
      "mode": "managed",
      "type": "aws_iam_role_policy_attachment",
      "name": "this",
      "provider": "provider[\"registry.terraform.io/hashicorp/aws\"]",
      "instances": [
        {
          "index_key": "arn:aws:iam::aws:policy/AmazonEKSClusterPolicy",
          "schema_version": 0,
          "attributes": {
            "id": "aws007-preprod-test-eks-cluster-role-20220705155348892300000001",
            "policy_arn": "arn:aws:iam::aws:policy/AmazonEKSClusterPolicy",
            "role": "aws007-preprod-test-eks-cluster-role"
          },
          "sensitive_attributes": [],
          "private": "bnVsbA==",
          "dependencies": [
            "module.eks_blueprints.module.aws_eks.aws_cloudwatch_log_group.this",
            "module.eks_blueprints.module.aws_eks.aws_iam_role.this",
            "module.eks_blueprints.module.aws_eks.data.aws_iam_policy_document.assume_role_policy",
            "module.eks_blueprints.module.aws_eks.data.aws_partition.current"
          ],
          "create_before_destroy": true
        },
        {
          "index_key": "arn:aws:iam::aws:policy/AmazonEKSVPCResourceController",
          "schema_version": 0,
          "attributes": {
            "id": "aws007-preprod-test-eks-cluster-role-20220705155349011800000002",
            "policy_arn": "arn:aws:iam::aws:policy/AmazonEKSVPCResourceController",
            "role": "aws007-preprod-test-eks-cluster-role"
          },
          "sensitive_attributes": [],
          "private": "bnVsbA==",
          "dependencies": [
            "module.eks_blueprints.module.aws_eks.aws_cloudwatch_log_group.this",
            "module.eks_blueprints.module.aws_eks.aws_iam_role.this",
            "module.eks_blueprints.module.aws_eks.data.aws_iam_policy_document.assume_role_policy",
            "module.eks_blueprints.module.aws_eks.data.aws_partition.current"
          ],
          "create_before_destroy": true
        }
      ]
    },
    {
      "module": "module.eks_blueprints.module.aws_eks",
      "mode": "managed",
      "type": "aws_security_group",
      "name": "cluster",
      "provider": "provider[\"registry.terraform.io/hashicorp/aws\"]",
      "instances": [
        {
          "index_key": 0,
          "schema_version": 1,
          "attributes": {
            "arn": "arn:aws:ec2:us-east-2:349361870252:security-group/sg-0242d2803834fdcc8",
            "description": "EKS cluster security group",
            "egress": [
              {
                "cidr_blocks": [],
                "description": "Cluster API to node groups",
                "from_port": 443,
                "ipv6_cidr_blocks": [],
                "prefix_list_ids": [],
                "protocol": "tcp",
                "security_groups": [
                  "sg-0e787017ce03ef1c5"
                ],
                "self": false,
                "to_port": 443
              },
              {
                "cidr_blocks": [],
                "description": "Cluster API to node kubelets",
                "from_port": 10250,
                "ipv6_cidr_blocks": [],
                "prefix_list_ids": [],
                "protocol": "tcp",
                "security_groups": [
                  "sg-0e787017ce03ef1c5"
                ],
                "self": false,
                "to_port": 10250
              }
            ],
            "id": "sg-0242d2803834fdcc8",
            "ingress": [
              {
                "cidr_blocks": [],
                "description": "Node groups to cluster API",
                "from_port": 443,
                "ipv6_cidr_blocks": [],
                "prefix_list_ids": [],
                "protocol": "tcp",
                "security_groups": [
                  "sg-0e787017ce03ef1c5"
                ],
                "self": false,
                "to_port": 443
              }
            ],
            "name": "aws007-preprod-test-eks-cluster-20220705155359921100000003",
            "name_prefix": "aws007-preprod-test-eks-cluster-",
            "owner_id": "349361870252",
            "revoke_rules_on_delete": false,
            "tags": {
              "Blueprint": "aws007-preprod-test-eks",
              "GithubRepo": "eks-fargate-quickstart",
              "Name": "aws007-preprod-test-eks-cluster"
            },
            "tags_all": {
              "Blueprint": "aws007-preprod-test-eks",
              "GithubRepo": "eks-fargate-quickstart",
              "Name": "aws007-preprod-test-eks-cluster"
            },
            "timeouts": null,
            "vpc_id": "vpc-022361595524a747e"
          },
          "sensitive_attributes": [],
          "private": "eyJlMmJmYjczMC1lY2FhLTExZTYtOGY4OC0zNDM2M2JjN2M0YzAiOnsiY3JlYXRlIjo2MDAwMDAwMDAwMDAsImRlbGV0ZSI6OTAwMDAwMDAwMDAwfSwic2NoZW1hX3ZlcnNpb24iOiIxIn0=",
          "dependencies": [
            "module.vpc.aws_vpc.this"
          ],
          "create_before_destroy": true
        }
      ]
    },
    {
      "module": "module.eks_blueprints.module.aws_eks",
      "mode": "managed",
      "type": "aws_security_group",
      "name": "node",
      "provider": "provider[\"registry.terraform.io/hashicorp/aws\"]",
      "instances": [
        {
          "index_key": 0,
          "schema_version": 1,
          "attributes": {
            "arn": "arn:aws:ec2:us-east-2:349361870252:security-group/sg-0e787017ce03ef1c5",
            "description": "EKS node shared security group",
            "egress": [
              {
                "cidr_blocks": [
                  "0.0.0.0/0"
                ],
                "description": "Egress NTP/TCP to internet",
                "from_port": 123,
                "ipv6_cidr_blocks": [],
                "prefix_list_ids": [],
                "protocol": "tcp",
                "security_groups": [],
                "self": false,
                "to_port": 123
              },
              {
                "cidr_blocks": [
                  "0.0.0.0/0"
                ],
                "description": "Egress NTP/UDP to internet",
                "from_port": 123,
                "ipv6_cidr_blocks": [],
                "prefix_list_ids": [],
                "protocol": "udp",
                "security_groups": [],
                "self": false,
                "to_port": 123
              },
              {
                "cidr_blocks": [
                  "0.0.0.0/0"
                ],
                "description": "Egress all HTTPS to internet",
                "from_port": 443,
                "ipv6_cidr_blocks": [],
                "prefix_list_ids": [],
                "protocol": "tcp",
                "security_groups": [],
                "self": false,
                "to_port": 443
              },
              {
                "cidr_blocks": [],
                "description": "Node groups to cluster API",
                "from_port": 443,
                "ipv6_cidr_blocks": [],
                "prefix_list_ids": [],
                "protocol": "tcp",
                "security_groups": [
                  "sg-0242d2803834fdcc8"
                ],
                "self": false,
                "to_port": 443
              },
              {
                "cidr_blocks": [],
                "description": "Node to node CoreDNS",
                "from_port": 53,
                "ipv6_cidr_blocks": [],
                "prefix_list_ids": [],
                "protocol": "tcp",
                "security_groups": [],
                "self": true,
                "to_port": 53
              },
              {
                "cidr_blocks": [],
                "description": "Node to node CoreDNS",
                "from_port": 53,
                "ipv6_cidr_blocks": [],
                "prefix_list_ids": [],
                "protocol": "udp",
                "security_groups": [],
                "self": true,
                "to_port": 53
              }
            ],
            "id": "sg-0e787017ce03ef1c5",
            "ingress": [
              {
                "cidr_blocks": [],
                "description": "Cluster API to node groups",
                "from_port": 443,
                "ipv6_cidr_blocks": [],
                "prefix_list_ids": [],
                "protocol": "tcp",
                "security_groups": [
                  "sg-0242d2803834fdcc8"
                ],
                "self": false,
                "to_port": 443
              },
              {
                "cidr_blocks": [],
                "description": "Cluster API to node kubelets",
                "from_port": 10250,
                "ipv6_cidr_blocks": [],
                "prefix_list_ids": [],
                "protocol": "tcp",
                "security_groups": [
                  "sg-0242d2803834fdcc8"
                ],
                "self": false,
                "to_port": 10250
              },
              {
                "cidr_blocks": [],
                "description": "Node to node CoreDNS",
                "from_port": 53,
                "ipv6_cidr_blocks": [],
                "prefix_list_ids": [],
                "protocol": "tcp",
                "security_groups": [],
                "self": true,
                "to_port": 53
              },
              {
                "cidr_blocks": [],
                "description": "Node to node CoreDNS",
                "from_port": 53,
                "ipv6_cidr_blocks": [],
                "prefix_list_ids": [],
                "protocol": "udp",
                "security_groups": [],
                "self": true,
                "to_port": 53
              }
            ],
            "name": "aws007-preprod-test-eks-node-20220705155401210800000004",
            "name_prefix": "aws007-preprod-test-eks-node-",
            "owner_id": "349361870252",
            "revoke_rules_on_delete": false,
            "tags": {
              "Blueprint": "aws007-preprod-test-eks",
              "GithubRepo": "eks-fargate-quickstart",
              "Name": "aws007-preprod-test-eks-node",
              "kubernetes.io/cluster/aws007-preprod-test-eks": "owned"
            },
            "tags_all": {
              "Blueprint": "aws007-preprod-test-eks",
              "GithubRepo": "eks-fargate-quickstart",
              "Name": "aws007-preprod-test-eks-node",
              "kubernetes.io/cluster/aws007-preprod-test-eks": "owned"
            },
            "timeouts": null,
            "vpc_id": "vpc-022361595524a747e"
          },
          "sensitive_attributes": [],
          "private": "eyJlMmJmYjczMC1lY2FhLTExZTYtOGY4OC0zNDM2M2JjN2M0YzAiOnsiY3JlYXRlIjo2MDAwMDAwMDAwMDAsImRlbGV0ZSI6OTAwMDAwMDAwMDAwfSwic2NoZW1hX3ZlcnNpb24iOiIxIn0=",
          "dependencies": [
            "module.vpc.aws_vpc.this"
          ],
          "create_before_destroy": true
        }
      ]
    },
    {
      "module": "module.eks_blueprints.module.aws_eks",
      "mode": "managed",
      "type": "aws_security_group_rule",
      "name": "cluster",
      "provider": "provider[\"registry.terraform.io/hashicorp/aws\"]",
      "instances": [
        {
          "index_key": "egress_nodes_443",
          "schema_version": 2,
          "attributes": {
            "cidr_blocks": [],
            "description": "Cluster API to node groups",
            "from_port": 443,
            "id": "sgrule-1484712588",
            "ipv6_cidr_blocks": [],
            "prefix_list_ids": [],
            "protocol": "tcp",
            "security_group_id": "sg-0242d2803834fdcc8",
            "self": false,
            "source_security_group_id": "sg-0e787017ce03ef1c5",
            "to_port": 443,
            "type": "egress"
          },
          "sensitive_attributes": [],
          "private": "eyJzY2hlbWFfdmVyc2lvbiI6IjIifQ==",
          "dependencies": [
            "module.eks_blueprints.module.aws_eks.aws_security_group.cluster",
            "module.eks_blueprints.module.aws_eks.aws_security_group.node",
            "module.vpc.aws_vpc.this"
          ],
          "create_before_destroy": true
        },
        {
          "index_key": "egress_nodes_kubelet",
          "schema_version": 2,
          "attributes": {
            "cidr_blocks": [],
            "description": "Cluster API to node kubelets",
            "from_port": 10250,
            "id": "sgrule-4262608547",
            "ipv6_cidr_blocks": [],
            "prefix_list_ids": [],
            "protocol": "tcp",
            "security_group_id": "sg-0242d2803834fdcc8",
            "self": false,
            "source_security_group_id": "sg-0e787017ce03ef1c5",
            "to_port": 10250,
            "type": "egress"
          },
          "sensitive_attributes": [],
          "private": "eyJzY2hlbWFfdmVyc2lvbiI6IjIifQ==",
          "dependencies": [
            "module.eks_blueprints.module.aws_eks.aws_security_group.cluster",
            "module.eks_blueprints.module.aws_eks.aws_security_group.node",
            "module.vpc.aws_vpc.this"
          ],
          "create_before_destroy": true
        },
        {
          "index_key": "ingress_nodes_443",
          "schema_version": 2,
          "attributes": {
            "cidr_blocks": [],
            "description": "Node groups to cluster API",
            "from_port": 443,
            "id": "sgrule-2508459810",
            "ipv6_cidr_blocks": [],
            "prefix_list_ids": [],
            "protocol": "tcp",
            "security_group_id": "sg-0242d2803834fdcc8",
            "self": false,
            "source_security_group_id": "sg-0e787017ce03ef1c5",
            "to_port": 443,
            "type": "ingress"
          },
          "sensitive_attributes": [],
          "private": "eyJzY2hlbWFfdmVyc2lvbiI6IjIifQ==",
          "dependencies": [
            "module.eks_blueprints.module.aws_eks.aws_security_group.cluster",
            "module.eks_blueprints.module.aws_eks.aws_security_group.node",
            "module.vpc.aws_vpc.this"
          ],
          "create_before_destroy": true
        }
      ]
    },
    {
      "module": "module.eks_blueprints.module.aws_eks",
      "mode": "managed",
      "type": "aws_security_group_rule",
      "name": "node",
      "provider": "provider[\"registry.terraform.io/hashicorp/aws\"]",
      "instances": [
        {
          "index_key": "egress_cluster_443",
          "schema_version": 2,
          "attributes": {
            "cidr_blocks": [],
            "description": "Node groups to cluster API",
            "from_port": 443,
            "id": "sgrule-1433932876",
            "ipv6_cidr_blocks": [],
            "prefix_list_ids": [],
            "protocol": "tcp",
            "security_group_id": "sg-0e787017ce03ef1c5",
            "self": false,
            "source_security_group_id": "sg-0242d2803834fdcc8",
            "to_port": 443,
            "type": "egress"
          },
          "sensitive_attributes": [],
          "private": "eyJzY2hlbWFfdmVyc2lvbiI6IjIifQ==",
          "dependencies": [
            "module.eks_blueprints.module.aws_eks.aws_security_group.cluster",
            "module.eks_blueprints.module.aws_eks.aws_security_group.node",
            "module.vpc.aws_vpc.this"
          ],
          "create_before_destroy": true
        },
        {
          "index_key": "egress_https",
          "schema_version": 2,
          "attributes": {
            "cidr_blocks": [
              "0.0.0.0/0"
            ],
            "description": "Egress all HTTPS to internet",
            "from_port": 443,
            "id": "sgrule-2054812542",
            "ipv6_cidr_blocks": [],
            "prefix_list_ids": [],
            "protocol": "tcp",
            "security_group_id": "sg-0e787017ce03ef1c5",
            "self": false,
            "source_security_group_id": null,
            "to_port": 443,
            "type": "egress"
          },
          "sensitive_attributes": [],
          "private": "eyJzY2hlbWFfdmVyc2lvbiI6IjIifQ==",
          "dependencies": [
            "module.eks_blueprints.module.aws_eks.aws_security_group.cluster",
            "module.eks_blueprints.module.aws_eks.aws_security_group.node",
            "module.vpc.aws_vpc.this"
          ],
          "create_before_destroy": true
        },
        {
          "index_key": "egress_ntp_tcp",
          "schema_version": 2,
          "attributes": {
            "cidr_blocks": [
              "0.0.0.0/0"
            ],
            "description": "Egress NTP/TCP to internet",
            "from_port": 123,
            "id": "sgrule-2779237984",
            "ipv6_cidr_blocks": [],
            "prefix_list_ids": [],
            "protocol": "tcp",
            "security_group_id": "sg-0e787017ce03ef1c5",
            "self": false,
            "source_security_group_id": null,
            "to_port": 123,
            "type": "egress"
          },
          "sensitive_attributes": [],
          "private": "eyJzY2hlbWFfdmVyc2lvbiI6IjIifQ==",
          "dependencies": [
            "module.eks_blueprints.module.aws_eks.aws_security_group.cluster",
            "module.eks_blueprints.module.aws_eks.aws_security_group.node",
            "module.vpc.aws_vpc.this"
          ],
          "create_before_destroy": true
        },
        {
          "index_key": "egress_ntp_udp",
          "schema_version": 2,
          "attributes": {
            "cidr_blocks": [
              "0.0.0.0/0"
            ],
            "description": "Egress NTP/UDP to internet",
            "from_port": 123,
            "id": "sgrule-3678006125",
            "ipv6_cidr_blocks": [],
            "prefix_list_ids": [],
            "protocol": "udp",
            "security_group_id": "sg-0e787017ce03ef1c5",
            "self": false,
            "source_security_group_id": null,
            "to_port": 123,
            "type": "egress"
          },
          "sensitive_attributes": [],
          "private": "eyJzY2hlbWFfdmVyc2lvbiI6IjIifQ==",
          "dependencies": [
            "module.eks_blueprints.module.aws_eks.aws_security_group.cluster",
            "module.eks_blueprints.module.aws_eks.aws_security_group.node",
            "module.vpc.aws_vpc.this"
          ],
          "create_before_destroy": true
        },
        {
          "index_key": "egress_self_coredns_tcp",
          "schema_version": 2,
          "attributes": {
            "cidr_blocks": [],
            "description": "Node to node CoreDNS",
            "from_port": 53,
            "id": "sgrule-1286690815",
            "ipv6_cidr_blocks": [],
            "prefix_list_ids": [],
            "protocol": "tcp",
            "security_group_id": "sg-0e787017ce03ef1c5",
            "self": true,
            "source_security_group_id": "sg-0e787017ce03ef1c5",
            "to_port": 53,
            "type": "egress"
          },
          "sensitive_attributes": [],
          "private": "eyJzY2hlbWFfdmVyc2lvbiI6IjIifQ==",
          "dependencies": [
            "module.eks_blueprints.module.aws_eks.aws_security_group.cluster",
            "module.eks_blueprints.module.aws_eks.aws_security_group.node",
            "module.vpc.aws_vpc.this"
          ],
          "create_before_destroy": true
        },
        {
          "index_key": "egress_self_coredns_udp",
          "schema_version": 2,
          "attributes": {
            "cidr_blocks": [],
            "description": "Node to node CoreDNS",
            "from_port": 53,
            "id": "sgrule-3268859289",
            "ipv6_cidr_blocks": [],
            "prefix_list_ids": [],
            "protocol": "udp",
            "security_group_id": "sg-0e787017ce03ef1c5",
            "self": true,
            "source_security_group_id": "sg-0e787017ce03ef1c5",
            "to_port": 53,
            "type": "egress"
          },
          "sensitive_attributes": [],
          "private": "eyJzY2hlbWFfdmVyc2lvbiI6IjIifQ==",
          "dependencies": [
            "module.eks_blueprints.module.aws_eks.aws_security_group.cluster",
            "module.eks_blueprints.module.aws_eks.aws_security_group.node",
            "module.vpc.aws_vpc.this"
          ],
          "create_before_destroy": true
        },
        {
          "index_key": "ingress_cluster_443",
          "schema_version": 2,
          "attributes": {
            "cidr_blocks": [],
            "description": "Cluster API to node groups",
            "from_port": 443,
            "id": "sgrule-2627986804",
            "ipv6_cidr_blocks": [],
            "prefix_list_ids": [],
            "protocol": "tcp",
            "security_group_id": "sg-0e787017ce03ef1c5",
            "self": false,
            "source_security_group_id": "sg-0242d2803834fdcc8",
            "to_port": 443,
            "type": "ingress"
          },
          "sensitive_attributes": [],
          "private": "eyJzY2hlbWFfdmVyc2lvbiI6IjIifQ==",
          "dependencies": [
            "module.eks_blueprints.module.aws_eks.aws_security_group.cluster",
            "module.eks_blueprints.module.aws_eks.aws_security_group.node",
            "module.vpc.aws_vpc.this"
          ],
          "create_before_destroy": true
        },
        {
          "index_key": "ingress_cluster_kubelet",
          "schema_version": 2,
          "attributes": {
            "cidr_blocks": [],
            "description": "Cluster API to node kubelets",
            "from_port": 10250,
            "id": "sgrule-2161260863",
            "ipv6_cidr_blocks": [],
            "prefix_list_ids": [],
            "protocol": "tcp",
            "security_group_id": "sg-0e787017ce03ef1c5",
            "self": false,
            "source_security_group_id": "sg-0242d2803834fdcc8",
            "to_port": 10250,
            "type": "ingress"
          },
          "sensitive_attributes": [],
          "private": "eyJzY2hlbWFfdmVyc2lvbiI6IjIifQ==",
          "dependencies": [
            "module.eks_blueprints.module.aws_eks.aws_security_group.cluster",
            "module.eks_blueprints.module.aws_eks.aws_security_group.node",
            "module.vpc.aws_vpc.this"
          ],
          "create_before_destroy": true
        },
        {
          "index_key": "ingress_self_coredns_tcp",
          "schema_version": 2,
          "attributes": {
            "cidr_blocks": [],
            "description": "Node to node CoreDNS",
            "from_port": 53,
            "id": "sgrule-1553784857",
            "ipv6_cidr_blocks": [],
            "prefix_list_ids": [],
            "protocol": "tcp",
            "security_group_id": "sg-0e787017ce03ef1c5",
            "self": true,
            "source_security_group_id": "sg-0e787017ce03ef1c5",
            "to_port": 53,
            "type": "ingress"
          },
          "sensitive_attributes": [],
          "private": "eyJzY2hlbWFfdmVyc2lvbiI6IjIifQ==",
          "dependencies": [
            "module.eks_blueprints.module.aws_eks.aws_security_group.cluster",
            "module.eks_blueprints.module.aws_eks.aws_security_group.node",
            "module.vpc.aws_vpc.this"
          ],
          "create_before_destroy": true
        },
        {
          "index_key": "ingress_self_coredns_udp",
          "schema_version": 2,
          "attributes": {
            "cidr_blocks": [],
            "description": "Node to node CoreDNS",
            "from_port": 53,
            "id": "sgrule-4173546486",
            "ipv6_cidr_blocks": [],
            "prefix_list_ids": [],
            "protocol": "udp",
            "security_group_id": "sg-0e787017ce03ef1c5",
            "self": true,
            "source_security_group_id": "sg-0e787017ce03ef1c5",
            "to_port": 53,
            "type": "ingress"
          },
          "sensitive_attributes": [],
          "private": "eyJzY2hlbWFfdmVyc2lvbiI6IjIifQ==",
          "dependencies": [
            "module.eks_blueprints.module.aws_eks.aws_security_group.cluster",
            "module.eks_blueprints.module.aws_eks.aws_security_group.node",
            "module.vpc.aws_vpc.this"
          ],
          "create_before_destroy": true
        }
      ]
    },
    {
      "module": "module.eks_blueprints.module.aws_eks_fargate_profiles[\"default\"]",
      "mode": "data",
      "type": "aws_iam_policy_document",
      "name": "cwlogs",
      "provider": "provider[\"registry.terraform.io/hashicorp/aws\"]",
      "instances": [
        {
          "index_key": 0,
          "schema_version": 0,
          "attributes": {
            "id": "2356274330",
            "json": "{\n  \"Version\": \"2012-10-17\",\n  \"Statement\": [\n    {\n      \"Sid\": \"\",\n      \"Effect\": \"Allow\",\n      \"Action\": [\n        \"logs:PutLogEvents\",\n        \"logs:DescribeLogStreams\",\n        \"logs:CreateLogStream\",\n        \"logs:CreateLogGroup\"\n      ],\n      \"Resource\": \"*\"\n    }\n  ]\n}",
            "override_json": null,
            "override_policy_documents": null,
            "policy_id": null,
            "source_json": null,
            "source_policy_documents": null,
            "statement": [
              {
                "actions": [
                  "logs:CreateLogGroup",
                  "logs:CreateLogStream",
                  "logs:DescribeLogStreams",
                  "logs:PutLogEvents"
                ],
                "condition": [],
                "effect": "Allow",
                "not_actions": [],
                "not_principals": [],
                "not_resources": [],
                "principals": [],
                "resources": [
                  "*"
                ],
                "sid": ""
              }
            ],
            "version": "2012-10-17"
          },
          "sensitive_attributes": []
        }
      ]
    },
    {
      "module": "module.eks_blueprints.module.aws_eks_fargate_profiles[\"default\"]",
      "mode": "data",
      "type": "aws_iam_policy_document",
      "name": "fargate_assume_role_policy",
      "provider": "provider[\"registry.terraform.io/hashicorp/aws\"]",
      "instances": [
        {
          "index_key": 0,
          "schema_version": 0,
          "attributes": {
            "id": "4003325946",
            "json": "{\n  \"Version\": \"2012-10-17\",\n  \"Statement\": [\n    {\n      \"Sid\": \"EKSFargateAssumeRole\",\n      \"Effect\": \"Allow\",\n      \"Action\": \"sts:AssumeRole\",\n      \"Principal\": {\n        \"Service\": \"eks-fargate-pods.amazonaws.com\"\n      }\n    }\n  ]\n}",
            "override_json": null,
            "override_policy_documents": null,
            "policy_id": null,
            "source_json": null,
            "source_policy_documents": null,
            "statement": [
              {
                "actions": [
                  "sts:AssumeRole"
                ],
                "condition": [],
                "effect": "Allow",
                "not_actions": [],
                "not_principals": [],
                "not_resources": [],
                "principals": [
                  {
                    "identifiers": [
                      "eks-fargate-pods.amazonaws.com"
                    ],
                    "type": "Service"
                  }
                ],
                "resources": [],
                "sid": "EKSFargateAssumeRole"
              }
            ],
            "version": "2012-10-17"
          },
          "sensitive_attributes": []
        }
      ]
    },
    {
      "module": "module.eks_blueprints.module.aws_eks_fargate_profiles[\"default\"]",
      "mode": "managed",
      "type": "aws_eks_fargate_profile",
      "name": "eks_fargate",
      "provider": "provider[\"registry.terraform.io/hashicorp/aws\"]",
      "instances": [
        {
          "schema_version": 0,
          "attributes": {
            "arn": "arn:aws:eks:us-east-2:349361870252:fargateprofile/aws007-preprod-test-eks/default/fac0e78e-1350-d16b-54f6-c834008929f6",
            "cluster_name": "aws007-preprod-test-eks",
            "fargate_profile_name": "default",
            "id": "aws007-preprod-test-eks:default",
            "pod_execution_role_arn": "arn:aws:iam::349361870252:role/aws007-preprod-test-eks-default",
            "selector": [
              {
                "labels": {},
                "namespace": "argocd"
              },
              {
                "labels": {},
                "namespace": "default"
              },
              {
                "labels": {},
                "namespace": "prometheus"
              }
            ],
            "status": "ACTIVE",
            "subnet_ids": [
              "subnet-015e13ae09d15a366",
              "subnet-04ecf81e7b336d403",
              "subnet-0ee563cedca3d4346"
            ],
            "tags": {
              "Blueprint": "aws007-preprod-test-eks",
              "GithubRepo": "eks-fargate-quickstart",
              "k8s.io/cluster/aws007-preprod-test-eks": "owned",
              "kubernetes.io/cluster/aws007-preprod-test-eks": "owned"
            },
            "tags_all": {
              "Blueprint": "aws007-preprod-test-eks",
              "GithubRepo": "eks-fargate-quickstart",
              "k8s.io/cluster/aws007-preprod-test-eks": "owned",
              "kubernetes.io/cluster/aws007-preprod-test-eks": "owned"
            },
            "timeouts": null
          },
          "sensitive_attributes": [],
          "private": "eyJlMmJmYjczMC1lY2FhLTExZTYtOGY4OC0zNDM2M2JjN2M0YzAiOnsiY3JlYXRlIjo2MDAwMDAwMDAwMDAsImRlbGV0ZSI6NjAwMDAwMDAwMDAwfX0=",
          "dependencies": [
            "data.aws_availability_zones.available",
            "data.aws_caller_identity.current",
            "module.eks_blueprints.data.aws_caller_identity.current",
            "module.eks_blueprints.data.aws_eks_cluster.cluster",
            "module.eks_blueprints.data.aws_iam_policy_document.eks_key",
            "module.eks_blueprints.data.aws_iam_session_context.current",
            "module.eks_blueprints.data.aws_partition.current",
            "module.eks_blueprints.data.aws_region.current",
            "module.eks_blueprints.data.http.eks_cluster_readiness",
            "module.eks_blueprints.kubernetes_config_map.aws_auth",
            "module.eks_blueprints.module.aws_eks.aws_cloudwatch_log_group.this",
            "module.eks_blueprints.module.aws_eks.aws_eks_cluster.this",
            "module.eks_blueprints.module.aws_eks.aws_iam_role.this",
            "module.eks_blueprints.module.aws_eks.aws_iam_role_policy_attachment.this",
            "module.eks_blueprints.module.aws_eks.aws_security_group.cluster",
            "module.eks_blueprints.module.aws_eks.aws_security_group.node",
            "module.eks_blueprints.module.aws_eks.aws_security_group_rule.cluster",
            "module.eks_blueprints.module.aws_eks.aws_security_group_rule.node",
            "module.eks_blueprints.module.aws_eks.data.aws_iam_policy_document.assume_role_policy",
            "module.eks_blueprints.module.aws_eks.data.aws_partition.current",
            "module.eks_blueprints.module.aws_eks_fargate_profiles.aws_iam_role.fargate",
            "module.eks_blueprints.module.aws_eks_fargate_profiles.aws_iam_role_policy_attachment.fargate_pod_execution_role_policy",
            "module.eks_blueprints.module.aws_eks_fargate_profiles.data.aws_iam_policy_document.fargate_assume_role_policy",
            "module.eks_blueprints.module.kms.aws_kms_key.this",
            "module.vpc.aws_subnet.private",
            "module.vpc.aws_vpc.this",
            "module.vpc.aws_vpc_ipv4_cidr_block_association.this"
          ]
        }
      ]
    },
    {
      "module": "module.eks_blueprints.module.aws_eks_fargate_profiles[\"default\"]",
      "mode": "managed",
      "type": "aws_iam_policy",
      "name": "cwlogs",
      "provider": "provider[\"registry.terraform.io/hashicorp/aws\"]",
      "instances": [
        {
          "index_key": 0,
          "schema_version": 0,
          "attributes": {
            "arn": "arn:aws:iam::349361870252:policy/aws007-preprod-test-eks-default-cwlogs",
            "description": "Allow fargate profiles to write logs to CloudWatch",
            "id": "arn:aws:iam::349361870252:policy/aws007-preprod-test-eks-default-cwlogs",
            "name": "aws007-preprod-test-eks-default-cwlogs",
            "name_prefix": null,
            "path": "/",
            "policy": "{\"Statement\":[{\"Action\":[\"logs:PutLogEvents\",\"logs:DescribeLogStreams\",\"logs:CreateLogStream\",\"logs:CreateLogGroup\"],\"Effect\":\"Allow\",\"Resource\":\"*\",\"Sid\":\"\"}],\"Version\":\"2012-10-17\"}",
            "policy_id": "ANPAVCV4XCWWMYU67OLZT",
            "tags": {
              "Blueprint": "aws007-preprod-test-eks",
              "GithubRepo": "eks-fargate-quickstart"
            },
            "tags_all": {
              "Blueprint": "aws007-preprod-test-eks",
              "GithubRepo": "eks-fargate-quickstart"
            }
          },
          "sensitive_attributes": [],
          "private": "bnVsbA==",
          "dependencies": [
            "data.aws_availability_zones.available",
            "data.aws_caller_identity.current",
            "module.eks_blueprints.data.aws_caller_identity.current",
            "module.eks_blueprints.data.aws_eks_cluster.cluster",
            "module.eks_blueprints.data.aws_iam_policy_document.eks_key",
            "module.eks_blueprints.data.aws_iam_session_context.current",
            "module.eks_blueprints.data.aws_partition.current",
            "module.eks_blueprints.data.aws_region.current",
            "module.eks_blueprints.data.http.eks_cluster_readiness",
            "module.eks_blueprints.kubernetes_config_map.aws_auth",
            "module.eks_blueprints.module.aws_eks.aws_cloudwatch_log_group.this",
            "module.eks_blueprints.module.aws_eks.aws_eks_cluster.this",
            "module.eks_blueprints.module.aws_eks.aws_iam_role.this",
            "module.eks_blueprints.module.aws_eks.aws_iam_role_policy_attachment.this",
            "module.eks_blueprints.module.aws_eks.aws_security_group.cluster",
            "module.eks_blueprints.module.aws_eks.aws_security_group.node",
            "module.eks_blueprints.module.aws_eks.aws_security_group_rule.cluster",
            "module.eks_blueprints.module.aws_eks.aws_security_group_rule.node",
            "module.eks_blueprints.module.aws_eks.data.aws_iam_policy_document.assume_role_policy",
            "module.eks_blueprints.module.aws_eks.data.aws_partition.current",
            "module.eks_blueprints.module.aws_eks_fargate_profiles.data.aws_iam_policy_document.cwlogs",
            "module.eks_blueprints.module.kms.aws_kms_key.this",
            "module.vpc.aws_subnet.private",
            "module.vpc.aws_vpc.this",
            "module.vpc.aws_vpc_ipv4_cidr_block_association.this"
          ]
        }
      ]
    },
    {
      "module": "module.eks_blueprints.module.aws_eks_fargate_profiles[\"default\"]",
      "mode": "managed",
      "type": "aws_iam_role",
      "name": "fargate",
      "provider": "provider[\"registry.terraform.io/hashicorp/aws\"]",
      "instances": [
        {
          "index_key": 0,
          "schema_version": 0,
          "attributes": {
            "arn": "arn:aws:iam::349361870252:role/aws007-preprod-test-eks-default",
            "assume_role_policy": "{\"Version\":\"2012-10-17\",\"Statement\":[{\"Sid\":\"EKSFargateAssumeRole\",\"Effect\":\"Allow\",\"Principal\":{\"Service\":\"eks-fargate-pods.amazonaws.com\"},\"Action\":\"sts:AssumeRole\"}]}",
            "create_date": "2022-07-05T16:05:26Z",
            "description": "EKS Fargate IAM Role",
            "force_detach_policies": true,
            "id": "aws007-preprod-test-eks-default",
            "inline_policy": [
              {
                "name": "",
                "policy": ""
              }
            ],
            "managed_policy_arns": [
              "arn:aws:iam::349361870252:policy/aws007-preprod-test-eks-default-cwlogs",
              "arn:aws:iam::349361870252:policy/eks-fargate-logging-policy",
              "arn:aws:iam::aws:policy/AmazonEKSFargatePodExecutionRolePolicy"
            ],
            "max_session_duration": 3600,
            "name": "aws007-preprod-test-eks-default",
            "name_prefix": "",
            "path": "/",
            "permissions_boundary": null,
            "tags": {
              "Blueprint": "aws007-preprod-test-eks",
              "GithubRepo": "eks-fargate-quickstart"
            },
            "tags_all": {
              "Blueprint": "aws007-preprod-test-eks",
              "GithubRepo": "eks-fargate-quickstart"
            },
            "unique_id": "AROAVCV4XCWWLXWLV6KFY"
          },
          "sensitive_attributes": [],
          "private": "bnVsbA==",
          "dependencies": [
            "data.aws_availability_zones.available",
            "data.aws_caller_identity.current",
            "module.eks_blueprints.data.aws_caller_identity.current",
            "module.eks_blueprints.data.aws_eks_cluster.cluster",
            "module.eks_blueprints.data.aws_iam_policy_document.eks_key",
            "module.eks_blueprints.data.aws_iam_session_context.current",
            "module.eks_blueprints.data.aws_partition.current",
            "module.eks_blueprints.data.aws_region.current",
            "module.eks_blueprints.data.http.eks_cluster_readiness",
            "module.eks_blueprints.kubernetes_config_map.aws_auth",
            "module.eks_blueprints.module.aws_eks.aws_cloudwatch_log_group.this",
            "module.eks_blueprints.module.aws_eks.aws_eks_cluster.this",
            "module.eks_blueprints.module.aws_eks.aws_iam_role.this",
            "module.eks_blueprints.module.aws_eks.aws_iam_role_policy_attachment.this",
            "module.eks_blueprints.module.aws_eks.aws_security_group.cluster",
            "module.eks_blueprints.module.aws_eks.aws_security_group.node",
            "module.eks_blueprints.module.aws_eks.aws_security_group_rule.cluster",
            "module.eks_blueprints.module.aws_eks.aws_security_group_rule.node",
            "module.eks_blueprints.module.aws_eks.data.aws_iam_policy_document.assume_role_policy",
            "module.eks_blueprints.module.aws_eks.data.aws_partition.current",
            "module.eks_blueprints.module.aws_eks_fargate_profiles.data.aws_iam_policy_document.fargate_assume_role_policy",
            "module.eks_blueprints.module.kms.aws_kms_key.this",
            "module.vpc.aws_subnet.private",
            "module.vpc.aws_vpc.this",
            "module.vpc.aws_vpc_ipv4_cidr_block_association.this"
          ]
        }
      ]
    },
    {
      "module": "module.eks_blueprints.module.aws_eks_fargate_profiles[\"default\"]",
      "mode": "managed",
      "type": "aws_iam_role_policy_attachment",
      "name": "cwlogs",
      "provider": "provider[\"registry.terraform.io/hashicorp/aws\"]",
      "instances": [
        {
          "index_key": 0,
          "schema_version": 0,
          "attributes": {
            "id": "aws007-preprod-test-eks-default-20220705160527228500000006",
            "policy_arn": "arn:aws:iam::349361870252:policy/aws007-preprod-test-eks-default-cwlogs",
            "role": "aws007-preprod-test-eks-default"
          },
          "sensitive_attributes": [],
          "private": "bnVsbA==",
          "dependencies": [
            "data.aws_availability_zones.available",
            "data.aws_caller_identity.current",
            "module.eks_blueprints.data.aws_caller_identity.current",
            "module.eks_blueprints.data.aws_eks_cluster.cluster",
            "module.eks_blueprints.data.aws_iam_policy_document.eks_key",
            "module.eks_blueprints.data.aws_iam_session_context.current",
            "module.eks_blueprints.data.aws_partition.current",
            "module.eks_blueprints.data.aws_region.current",
            "module.eks_blueprints.data.http.eks_cluster_readiness",
            "module.eks_blueprints.kubernetes_config_map.aws_auth",
            "module.eks_blueprints.module.aws_eks.aws_cloudwatch_log_group.this",
            "module.eks_blueprints.module.aws_eks.aws_eks_cluster.this",
            "module.eks_blueprints.module.aws_eks.aws_iam_role.this",
            "module.eks_blueprints.module.aws_eks.aws_iam_role_policy_attachment.this",
            "module.eks_blueprints.module.aws_eks.aws_security_group.cluster",
            "module.eks_blueprints.module.aws_eks.aws_security_group.node",
            "module.eks_blueprints.module.aws_eks.aws_security_group_rule.cluster",
            "module.eks_blueprints.module.aws_eks.aws_security_group_rule.node",
            "module.eks_blueprints.module.aws_eks.data.aws_iam_policy_document.assume_role_policy",
            "module.eks_blueprints.module.aws_eks.data.aws_partition.current",
            "module.eks_blueprints.module.aws_eks_fargate_profiles.aws_iam_policy.cwlogs",
            "module.eks_blueprints.module.aws_eks_fargate_profiles.aws_iam_role.fargate",
            "module.eks_blueprints.module.aws_eks_fargate_profiles.data.aws_iam_policy_document.cwlogs",
            "module.eks_blueprints.module.aws_eks_fargate_profiles.data.aws_iam_policy_document.fargate_assume_role_policy",
            "module.eks_blueprints.module.kms.aws_kms_key.this",
            "module.vpc.aws_subnet.private",
            "module.vpc.aws_vpc.this",
            "module.vpc.aws_vpc_ipv4_cidr_block_association.this"
          ]
        }
      ]
    },
    {
      "module": "module.eks_blueprints.module.aws_eks_fargate_profiles[\"default\"]",
      "mode": "managed",
      "type": "aws_iam_role_policy_attachment",
      "name": "fargate_pod_execution_role_policy",
      "provider": "provider[\"registry.terraform.io/hashicorp/aws\"]",
      "instances": [
        {
          "index_key": "arn:aws:iam::349361870252:policy/eks-fargate-logging-policy",
          "schema_version": 0,
          "attributes": {
            "id": "aws007-preprod-test-eks-default-20220705160527207800000005",
            "policy_arn": "arn:aws:iam::349361870252:policy/eks-fargate-logging-policy",
            "role": "aws007-preprod-test-eks-default"
          },
          "sensitive_attributes": [],
          "private": "bnVsbA==",
          "dependencies": [
            "data.aws_availability_zones.available",
            "data.aws_caller_identity.current",
            "module.eks_blueprints.data.aws_caller_identity.current",
            "module.eks_blueprints.data.aws_eks_cluster.cluster",
            "module.eks_blueprints.data.aws_iam_policy_document.eks_key",
            "module.eks_blueprints.data.aws_iam_session_context.current",
            "module.eks_blueprints.data.aws_partition.current",
            "module.eks_blueprints.data.aws_region.current",
            "module.eks_blueprints.data.http.eks_cluster_readiness",
            "module.eks_blueprints.kubernetes_config_map.aws_auth",
            "module.eks_blueprints.module.aws_eks.aws_cloudwatch_log_group.this",
            "module.eks_blueprints.module.aws_eks.aws_eks_cluster.this",
            "module.eks_blueprints.module.aws_eks.aws_iam_role.this",
            "module.eks_blueprints.module.aws_eks.aws_iam_role_policy_attachment.this",
            "module.eks_blueprints.module.aws_eks.aws_security_group.cluster",
            "module.eks_blueprints.module.aws_eks.aws_security_group.node",
            "module.eks_blueprints.module.aws_eks.aws_security_group_rule.cluster",
            "module.eks_blueprints.module.aws_eks.aws_security_group_rule.node",
            "module.eks_blueprints.module.aws_eks.data.aws_iam_policy_document.assume_role_policy",
            "module.eks_blueprints.module.aws_eks.data.aws_partition.current",
            "module.eks_blueprints.module.aws_eks_fargate_profiles.aws_iam_role.fargate",
            "module.eks_blueprints.module.aws_eks_fargate_profiles.data.aws_iam_policy_document.fargate_assume_role_policy",
            "module.eks_blueprints.module.kms.aws_kms_key.this",
            "module.vpc.aws_subnet.private",
            "module.vpc.aws_vpc.this",
            "module.vpc.aws_vpc_ipv4_cidr_block_association.this"
          ]
        },
        {
          "index_key": "arn:aws:iam::aws:policy/AmazonEKSFargatePodExecutionRolePolicy",
          "schema_version": 0,
          "attributes": {
            "id": "aws007-preprod-test-eks-default-20220705160527329200000007",
            "policy_arn": "arn:aws:iam::aws:policy/AmazonEKSFargatePodExecutionRolePolicy",
            "role": "aws007-preprod-test-eks-default"
          },
          "sensitive_attributes": [],
          "private": "bnVsbA==",
          "dependencies": [
            "data.aws_availability_zones.available",
            "data.aws_caller_identity.current",
            "module.eks_blueprints.data.aws_caller_identity.current",
            "module.eks_blueprints.data.aws_eks_cluster.cluster",
            "module.eks_blueprints.data.aws_iam_policy_document.eks_key",
            "module.eks_blueprints.data.aws_iam_session_context.current",
            "module.eks_blueprints.data.aws_partition.current",
            "module.eks_blueprints.data.aws_region.current",
            "module.eks_blueprints.data.http.eks_cluster_readiness",
            "module.eks_blueprints.kubernetes_config_map.aws_auth",
            "module.eks_blueprints.module.aws_eks.aws_cloudwatch_log_group.this",
            "module.eks_blueprints.module.aws_eks.aws_eks_cluster.this",
            "module.eks_blueprints.module.aws_eks.aws_iam_role.this",
            "module.eks_blueprints.module.aws_eks.aws_iam_role_policy_attachment.this",
            "module.eks_blueprints.module.aws_eks.aws_security_group.cluster",
            "module.eks_blueprints.module.aws_eks.aws_security_group.node",
            "module.eks_blueprints.module.aws_eks.aws_security_group_rule.cluster",
            "module.eks_blueprints.module.aws_eks.aws_security_group_rule.node",
            "module.eks_blueprints.module.aws_eks.data.aws_iam_policy_document.assume_role_policy",
            "module.eks_blueprints.module.aws_eks.data.aws_partition.current",
            "module.eks_blueprints.module.aws_eks_fargate_profiles.aws_iam_role.fargate",
            "module.eks_blueprints.module.aws_eks_fargate_profiles.data.aws_iam_policy_document.fargate_assume_role_policy",
            "module.eks_blueprints.module.kms.aws_kms_key.this",
            "module.vpc.aws_subnet.private",
            "module.vpc.aws_vpc.this",
            "module.vpc.aws_vpc_ipv4_cidr_block_association.this"
          ]
        }
      ]
    },
    {
      "module": "module.eks_blueprints.module.aws_eks_fargate_profiles[\"kube_system\"]",
      "mode": "data",
      "type": "aws_iam_policy_document",
      "name": "cwlogs",
      "provider": "provider[\"registry.terraform.io/hashicorp/aws\"]",
      "instances": [
        {
          "index_key": 0,
          "schema_version": 0,
          "attributes": {
            "id": "2356274330",
            "json": "{\n  \"Version\": \"2012-10-17\",\n  \"Statement\": [\n    {\n      \"Sid\": \"\",\n      \"Effect\": \"Allow\",\n      \"Action\": [\n        \"logs:PutLogEvents\",\n        \"logs:DescribeLogStreams\",\n        \"logs:CreateLogStream\",\n        \"logs:CreateLogGroup\"\n      ],\n      \"Resource\": \"*\"\n    }\n  ]\n}",
            "override_json": null,
            "override_policy_documents": null,
            "policy_id": null,
            "source_json": null,
            "source_policy_documents": null,
            "statement": [
              {
                "actions": [
                  "logs:CreateLogGroup",
                  "logs:CreateLogStream",
                  "logs:DescribeLogStreams",
                  "logs:PutLogEvents"
                ],
                "condition": [],
                "effect": "Allow",
                "not_actions": [],
                "not_principals": [],
                "not_resources": [],
                "principals": [],
                "resources": [
                  "*"
                ],
                "sid": ""
              }
            ],
            "version": "2012-10-17"
          },
          "sensitive_attributes": []
        }
      ]
    },
    {
      "module": "module.eks_blueprints.module.aws_eks_fargate_profiles[\"kube_system\"]",
      "mode": "data",
      "type": "aws_iam_policy_document",
      "name": "fargate_assume_role_policy",
      "provider": "provider[\"registry.terraform.io/hashicorp/aws\"]",
      "instances": [
        {
          "index_key": 0,
          "schema_version": 0,
          "attributes": {
            "id": "4003325946",
            "json": "{\n  \"Version\": \"2012-10-17\",\n  \"Statement\": [\n    {\n      \"Sid\": \"EKSFargateAssumeRole\",\n      \"Effect\": \"Allow\",\n      \"Action\": \"sts:AssumeRole\",\n      \"Principal\": {\n        \"Service\": \"eks-fargate-pods.amazonaws.com\"\n      }\n    }\n  ]\n}",
            "override_json": null,
            "override_policy_documents": null,
            "policy_id": null,
            "source_json": null,
            "source_policy_documents": null,
            "statement": [
              {
                "actions": [
                  "sts:AssumeRole"
                ],
                "condition": [],
                "effect": "Allow",
                "not_actions": [],
                "not_principals": [],
                "not_resources": [],
                "principals": [
                  {
                    "identifiers": [
                      "eks-fargate-pods.amazonaws.com"
                    ],
                    "type": "Service"
                  }
                ],
                "resources": [],
                "sid": "EKSFargateAssumeRole"
              }
            ],
            "version": "2012-10-17"
          },
          "sensitive_attributes": []
        }
      ]
    },
    {
      "module": "module.eks_blueprints.module.aws_eks_fargate_profiles[\"kube_system\"]",
      "mode": "managed",
      "type": "aws_eks_fargate_profile",
      "name": "eks_fargate",
      "provider": "provider[\"registry.terraform.io/hashicorp/aws\"]",
      "instances": [
        {
          "schema_version": 0,
          "attributes": {
            "arn": "arn:aws:eks:us-east-2:349361870252:fargateprofile/aws007-preprod-test-eks/kube-system/a4c0e78e-d33d-37ad-f94e-d5dc0300a9c7",
            "cluster_name": "aws007-preprod-test-eks",
            "fargate_profile_name": "kube-system",
            "id": "aws007-preprod-test-eks:kube-system",
            "pod_execution_role_arn": "arn:aws:iam::349361870252:role/aws007-preprod-test-eks-kube-system",
            "selector": [
              {
                "labels": {},
                "namespace": "kube-system"
              }
            ],
            "status": "ACTIVE",
            "subnet_ids": [
              "subnet-015e13ae09d15a366",
              "subnet-04ecf81e7b336d403",
              "subnet-0ee563cedca3d4346"
            ],
            "tags": {
              "Blueprint": "aws007-preprod-test-eks",
              "GithubRepo": "eks-fargate-quickstart",
              "k8s.io/cluster/aws007-preprod-test-eks": "owned",
              "kubernetes.io/cluster/aws007-preprod-test-eks": "owned"
            },
            "tags_all": {
              "Blueprint": "aws007-preprod-test-eks",
              "GithubRepo": "eks-fargate-quickstart",
              "k8s.io/cluster/aws007-preprod-test-eks": "owned",
              "kubernetes.io/cluster/aws007-preprod-test-eks": "owned"
            },
            "timeouts": null
          },
          "sensitive_attributes": [],
          "private": "eyJlMmJmYjczMC1lY2FhLTExZTYtOGY4OC0zNDM2M2JjN2M0YzAiOnsiY3JlYXRlIjo2MDAwMDAwMDAwMDAsImRlbGV0ZSI6NjAwMDAwMDAwMDAwfX0=",
          "dependencies": [
            "data.aws_availability_zones.available",
            "data.aws_caller_identity.current",
            "module.eks_blueprints.data.aws_caller_identity.current",
            "module.eks_blueprints.data.aws_eks_cluster.cluster",
            "module.eks_blueprints.data.aws_iam_policy_document.eks_key",
            "module.eks_blueprints.data.aws_iam_session_context.current",
            "module.eks_blueprints.data.aws_partition.current",
            "module.eks_blueprints.data.aws_region.current",
            "module.eks_blueprints.data.http.eks_cluster_readiness",
            "module.eks_blueprints.kubernetes_config_map.aws_auth",
            "module.eks_blueprints.module.aws_eks.aws_cloudwatch_log_group.this",
            "module.eks_blueprints.module.aws_eks.aws_eks_cluster.this",
            "module.eks_blueprints.module.aws_eks.aws_iam_role.this",
            "module.eks_blueprints.module.aws_eks.aws_iam_role_policy_attachment.this",
            "module.eks_blueprints.module.aws_eks.aws_security_group.cluster",
            "module.eks_blueprints.module.aws_eks.aws_security_group.node",
            "module.eks_blueprints.module.aws_eks.aws_security_group_rule.cluster",
            "module.eks_blueprints.module.aws_eks.aws_security_group_rule.node",
            "module.eks_blueprints.module.aws_eks.data.aws_iam_policy_document.assume_role_policy",
            "module.eks_blueprints.module.aws_eks.data.aws_partition.current",
            "module.eks_blueprints.module.aws_eks_fargate_profiles.aws_iam_role.fargate",
            "module.eks_blueprints.module.aws_eks_fargate_profiles.aws_iam_role_policy_attachment.fargate_pod_execution_role_policy",
            "module.eks_blueprints.module.aws_eks_fargate_profiles.data.aws_iam_policy_document.fargate_assume_role_policy",
            "module.eks_blueprints.module.kms.aws_kms_key.this",
            "module.vpc.aws_subnet.private",
            "module.vpc.aws_vpc.this",
            "module.vpc.aws_vpc_ipv4_cidr_block_association.this"
          ]
        }
      ]
    },
    {
      "module": "module.eks_blueprints.module.aws_eks_fargate_profiles[\"kube_system\"]",
      "mode": "managed",
      "type": "aws_iam_policy",
      "name": "cwlogs",
      "provider": "provider[\"registry.terraform.io/hashicorp/aws\"]",
      "instances": [
        {
          "index_key": 0,
          "schema_version": 0,
          "attributes": {
            "arn": "arn:aws:iam::349361870252:policy/aws007-preprod-test-eks-kube-system-cwlogs",
            "description": "Allow fargate profiles to write logs to CloudWatch",
            "id": "arn:aws:iam::349361870252:policy/aws007-preprod-test-eks-kube-system-cwlogs",
            "name": "aws007-preprod-test-eks-kube-system-cwlogs",
            "name_prefix": null,
            "path": "/",
            "policy": "{\"Statement\":[{\"Action\":[\"logs:PutLogEvents\",\"logs:DescribeLogStreams\",\"logs:CreateLogStream\",\"logs:CreateLogGroup\"],\"Effect\":\"Allow\",\"Resource\":\"*\",\"Sid\":\"\"}],\"Version\":\"2012-10-17\"}",
            "policy_id": "ANPAVCV4XCWWHVHL66ZUY",
            "tags": {
              "Blueprint": "aws007-preprod-test-eks",
              "GithubRepo": "eks-fargate-quickstart"
            },
            "tags_all": {
              "Blueprint": "aws007-preprod-test-eks",
              "GithubRepo": "eks-fargate-quickstart"
            }
          },
          "sensitive_attributes": [],
          "private": "bnVsbA==",
          "dependencies": [
            "data.aws_availability_zones.available",
            "data.aws_caller_identity.current",
            "module.eks_blueprints.data.aws_caller_identity.current",
            "module.eks_blueprints.data.aws_eks_cluster.cluster",
            "module.eks_blueprints.data.aws_iam_policy_document.eks_key",
            "module.eks_blueprints.data.aws_iam_session_context.current",
            "module.eks_blueprints.data.aws_partition.current",
            "module.eks_blueprints.data.aws_region.current",
            "module.eks_blueprints.data.http.eks_cluster_readiness",
            "module.eks_blueprints.kubernetes_config_map.aws_auth",
            "module.eks_blueprints.module.aws_eks.aws_cloudwatch_log_group.this",
            "module.eks_blueprints.module.aws_eks.aws_eks_cluster.this",
            "module.eks_blueprints.module.aws_eks.aws_iam_role.this",
            "module.eks_blueprints.module.aws_eks.aws_iam_role_policy_attachment.this",
            "module.eks_blueprints.module.aws_eks.aws_security_group.cluster",
            "module.eks_blueprints.module.aws_eks.aws_security_group.node",
            "module.eks_blueprints.module.aws_eks.aws_security_group_rule.cluster",
            "module.eks_blueprints.module.aws_eks.aws_security_group_rule.node",
            "module.eks_blueprints.module.aws_eks.data.aws_iam_policy_document.assume_role_policy",
            "module.eks_blueprints.module.aws_eks.data.aws_partition.current",
            "module.eks_blueprints.module.aws_eks_fargate_profiles.data.aws_iam_policy_document.cwlogs",
            "module.eks_blueprints.module.kms.aws_kms_key.this",
            "module.vpc.aws_subnet.private",
            "module.vpc.aws_vpc.this",
            "module.vpc.aws_vpc_ipv4_cidr_block_association.this"
          ]
        }
      ]
    },
    {
      "module": "module.eks_blueprints.module.aws_eks_fargate_profiles[\"kube_system\"]",
      "mode": "managed",
      "type": "aws_iam_role",
      "name": "fargate",
      "provider": "provider[\"registry.terraform.io/hashicorp/aws\"]",
      "instances": [
        {
          "index_key": 0,
          "schema_version": 0,
          "attributes": {
            "arn": "arn:aws:iam::349361870252:role/aws007-preprod-test-eks-kube-system",
            "assume_role_policy": "{\"Version\":\"2012-10-17\",\"Statement\":[{\"Sid\":\"EKSFargateAssumeRole\",\"Effect\":\"Allow\",\"Principal\":{\"Service\":\"eks-fargate-pods.amazonaws.com\"},\"Action\":\"sts:AssumeRole\"}]}",
            "create_date": "2022-07-05T16:05:26Z",
            "description": "EKS Fargate IAM Role",
            "force_detach_policies": true,
            "id": "aws007-preprod-test-eks-kube-system",
            "inline_policy": [
              {
                "name": "",
                "policy": ""
              }
            ],
            "managed_policy_arns": [
              "arn:aws:iam::349361870252:policy/aws007-preprod-test-eks-kube-system-cwlogs",
              "arn:aws:iam::aws:policy/AmazonEKSFargatePodExecutionRolePolicy"
            ],
            "max_session_duration": 3600,
            "name": "aws007-preprod-test-eks-kube-system",
            "name_prefix": "",
            "path": "/",
            "permissions_boundary": null,
            "tags": {
              "Blueprint": "aws007-preprod-test-eks",
              "GithubRepo": "eks-fargate-quickstart"
            },
            "tags_all": {
              "Blueprint": "aws007-preprod-test-eks",
              "GithubRepo": "eks-fargate-quickstart"
            },
            "unique_id": "AROAVCV4XCWWLJCBVZBPM"
          },
          "sensitive_attributes": [],
          "private": "bnVsbA==",
          "dependencies": [
            "data.aws_availability_zones.available",
            "data.aws_caller_identity.current",
            "module.eks_blueprints.data.aws_caller_identity.current",
            "module.eks_blueprints.data.aws_eks_cluster.cluster",
            "module.eks_blueprints.data.aws_iam_policy_document.eks_key",
            "module.eks_blueprints.data.aws_iam_session_context.current",
            "module.eks_blueprints.data.aws_partition.current",
            "module.eks_blueprints.data.aws_region.current",
            "module.eks_blueprints.data.http.eks_cluster_readiness",
            "module.eks_blueprints.kubernetes_config_map.aws_auth",
            "module.eks_blueprints.module.aws_eks.aws_cloudwatch_log_group.this",
            "module.eks_blueprints.module.aws_eks.aws_eks_cluster.this",
            "module.eks_blueprints.module.aws_eks.aws_iam_role.this",
            "module.eks_blueprints.module.aws_eks.aws_iam_role_policy_attachment.this",
            "module.eks_blueprints.module.aws_eks.aws_security_group.cluster",
            "module.eks_blueprints.module.aws_eks.aws_security_group.node",
            "module.eks_blueprints.module.aws_eks.aws_security_group_rule.cluster",
            "module.eks_blueprints.module.aws_eks.aws_security_group_rule.node",
            "module.eks_blueprints.module.aws_eks.data.aws_iam_policy_document.assume_role_policy",
            "module.eks_blueprints.module.aws_eks.data.aws_partition.current",
            "module.eks_blueprints.module.aws_eks_fargate_profiles.data.aws_iam_policy_document.fargate_assume_role_policy",
            "module.eks_blueprints.module.kms.aws_kms_key.this",
            "module.vpc.aws_subnet.private",
            "module.vpc.aws_vpc.this",
            "module.vpc.aws_vpc_ipv4_cidr_block_association.this"
          ]
        }
      ]
    },
    {
      "module": "module.eks_blueprints.module.aws_eks_fargate_profiles[\"kube_system\"]",
      "mode": "managed",
      "type": "aws_iam_role_policy_attachment",
      "name": "cwlogs",
      "provider": "provider[\"registry.terraform.io/hashicorp/aws\"]",
      "instances": [
        {
          "index_key": 0,
          "schema_version": 0,
          "attributes": {
            "id": "aws007-preprod-test-eks-kube-system-20220705160527336500000008",
            "policy_arn": "arn:aws:iam::349361870252:policy/aws007-preprod-test-eks-kube-system-cwlogs",
            "role": "aws007-preprod-test-eks-kube-system"
          },
          "sensitive_attributes": [],
          "private": "bnVsbA==",
          "dependencies": [
            "data.aws_availability_zones.available",
            "data.aws_caller_identity.current",
            "module.eks_blueprints.data.aws_caller_identity.current",
            "module.eks_blueprints.data.aws_eks_cluster.cluster",
            "module.eks_blueprints.data.aws_iam_policy_document.eks_key",
            "module.eks_blueprints.data.aws_iam_session_context.current",
            "module.eks_blueprints.data.aws_partition.current",
            "module.eks_blueprints.data.aws_region.current",
            "module.eks_blueprints.data.http.eks_cluster_readiness",
            "module.eks_blueprints.kubernetes_config_map.aws_auth",
            "module.eks_blueprints.module.aws_eks.aws_cloudwatch_log_group.this",
            "module.eks_blueprints.module.aws_eks.aws_eks_cluster.this",
            "module.eks_blueprints.module.aws_eks.aws_iam_role.this",
            "module.eks_blueprints.module.aws_eks.aws_iam_role_policy_attachment.this",
            "module.eks_blueprints.module.aws_eks.aws_security_group.cluster",
            "module.eks_blueprints.module.aws_eks.aws_security_group.node",
            "module.eks_blueprints.module.aws_eks.aws_security_group_rule.cluster",
            "module.eks_blueprints.module.aws_eks.aws_security_group_rule.node",
            "module.eks_blueprints.module.aws_eks.data.aws_iam_policy_document.assume_role_policy",
            "module.eks_blueprints.module.aws_eks.data.aws_partition.current",
            "module.eks_blueprints.module.aws_eks_fargate_profiles.aws_iam_policy.cwlogs",
            "module.eks_blueprints.module.aws_eks_fargate_profiles.aws_iam_role.fargate",
            "module.eks_blueprints.module.aws_eks_fargate_profiles.data.aws_iam_policy_document.cwlogs",
            "module.eks_blueprints.module.aws_eks_fargate_profiles.data.aws_iam_policy_document.fargate_assume_role_policy",
            "module.eks_blueprints.module.kms.aws_kms_key.this",
            "module.vpc.aws_subnet.private",
            "module.vpc.aws_vpc.this",
            "module.vpc.aws_vpc_ipv4_cidr_block_association.this"
          ]
        }
      ]
    },
    {
      "module": "module.eks_blueprints.module.aws_eks_fargate_profiles[\"kube_system\"]",
      "mode": "managed",
      "type": "aws_iam_role_policy_attachment",
      "name": "fargate_pod_execution_role_policy",
      "provider": "provider[\"registry.terraform.io/hashicorp/aws\"]",
      "instances": [
        {
          "index_key": "arn:aws:iam::aws:policy/AmazonEKSFargatePodExecutionRolePolicy",
          "schema_version": 0,
          "attributes": {
            "id": "aws007-preprod-test-eks-kube-system-20220705160527339600000009",
            "policy_arn": "arn:aws:iam::aws:policy/AmazonEKSFargatePodExecutionRolePolicy",
            "role": "aws007-preprod-test-eks-kube-system"
          },
          "sensitive_attributes": [],
          "private": "bnVsbA==",
          "dependencies": [
            "data.aws_availability_zones.available",
            "data.aws_caller_identity.current",
            "module.eks_blueprints.data.aws_caller_identity.current",
            "module.eks_blueprints.data.aws_eks_cluster.cluster",
            "module.eks_blueprints.data.aws_iam_policy_document.eks_key",
            "module.eks_blueprints.data.aws_iam_session_context.current",
            "module.eks_blueprints.data.aws_partition.current",
            "module.eks_blueprints.data.aws_region.current",
            "module.eks_blueprints.data.http.eks_cluster_readiness",
            "module.eks_blueprints.kubernetes_config_map.aws_auth",
            "module.eks_blueprints.module.aws_eks.aws_cloudwatch_log_group.this",
            "module.eks_blueprints.module.aws_eks.aws_eks_cluster.this",
            "module.eks_blueprints.module.aws_eks.aws_iam_role.this",
            "module.eks_blueprints.module.aws_eks.aws_iam_role_policy_attachment.this",
            "module.eks_blueprints.module.aws_eks.aws_security_group.cluster",
            "module.eks_blueprints.module.aws_eks.aws_security_group.node",
            "module.eks_blueprints.module.aws_eks.aws_security_group_rule.cluster",
            "module.eks_blueprints.module.aws_eks.aws_security_group_rule.node",
            "module.eks_blueprints.module.aws_eks.data.aws_iam_policy_document.assume_role_policy",
            "module.eks_blueprints.module.aws_eks.data.aws_partition.current",
            "module.eks_blueprints.module.aws_eks_fargate_profiles.aws_iam_role.fargate",
            "module.eks_blueprints.module.aws_eks_fargate_profiles.data.aws_iam_policy_document.fargate_assume_role_policy",
            "module.eks_blueprints.module.kms.aws_kms_key.this",
            "module.vpc.aws_subnet.private",
            "module.vpc.aws_vpc.this",
            "module.vpc.aws_vpc_ipv4_cidr_block_association.this"
          ]
        }
      ]
    },
    {
      "module": "module.eks_blueprints.module.kms[0]",
      "mode": "managed",
      "type": "aws_kms_alias",
      "name": "this",
      "provider": "provider[\"registry.terraform.io/hashicorp/aws\"]",
      "instances": [
        {
          "schema_version": 0,
          "attributes": {
            "arn": "arn:aws:kms:us-east-2:349361870252:alias/aws007-preprod-test-eks",
            "id": "alias/aws007-preprod-test-eks",
            "name": "alias/aws007-preprod-test-eks",
            "name_prefix": "",
            "target_key_arn": "arn:aws:kms:us-east-2:349361870252:key/0088ed9d-1093-411b-b94e-5ddf3c3c779d",
            "target_key_id": "0088ed9d-1093-411b-b94e-5ddf3c3c779d"
          },
          "sensitive_attributes": [],
          "private": "bnVsbA==",
          "dependencies": [
            "data.aws_caller_identity.current",
            "module.eks_blueprints.data.aws_caller_identity.current",
            "module.eks_blueprints.data.aws_iam_policy_document.eks_key",
            "module.eks_blueprints.data.aws_iam_session_context.current",
            "module.eks_blueprints.data.aws_partition.current",
            "module.eks_blueprints.data.aws_region.current",
            "module.eks_blueprints.module.kms.aws_kms_key.this"
          ]
        }
      ]
    },
    {
      "module": "module.eks_blueprints.module.kms[0]",
      "mode": "managed",
      "type": "aws_kms_key",
      "name": "this",
      "provider": "provider[\"registry.terraform.io/hashicorp/aws\"]",
      "instances": [
        {
          "schema_version": 0,
          "attributes": {
            "arn": "arn:aws:kms:us-east-2:349361870252:key/0088ed9d-1093-411b-b94e-5ddf3c3c779d",
            "bypass_policy_lockout_safety_check": false,
            "customer_master_key_spec": "SYMMETRIC_DEFAULT",
            "deletion_window_in_days": 30,
            "description": "aws007-preprod-test-eks EKS cluster secret encryption key",
            "enable_key_rotation": true,
            "id": "0088ed9d-1093-411b-b94e-5ddf3c3c779d",
            "is_enabled": true,
            "key_id": "0088ed9d-1093-411b-b94e-5ddf3c3c779d",
            "key_usage": "ENCRYPT_DECRYPT",
            "multi_region": false,
            "policy": "{\n  \"Version\": \"2012-10-17\",\n  \"Statement\": [\n    {\n      \"Sid\": \"Allow access for all principals in the account that are authorized\",\n      \"Effect\": \"Allow\",\n      \"Action\": [\n        \"kms:ReEncrypt*\",\n        \"kms:GenerateDataKey*\",\n        \"kms:Encrypt\",\n        \"kms:DescribeKey\",\n        \"kms:Decrypt\",\n        \"kms:CreateGrant\"\n      ],\n      \"Resource\": \"*\",\n      \"Principal\": {\n        \"AWS\": \"arn:aws:iam::349361870252:root\"\n      },\n      \"Condition\": {\n        \"StringEquals\": {\n          \"kms:CallerAccount\": \"349361870252\",\n          \"kms:ViaService\": \"eks.us-east-2.amazonaws.com\"\n        }\n      }\n    },\n    {\n      \"Sid\": \"Allow direct access to key metadata to the account\",\n      \"Effect\": \"Allow\",\n      \"Action\": [\n        \"kms:RevokeGrant\",\n        \"kms:List*\",\n        \"kms:Get*\",\n        \"kms:Describe*\"\n      ],\n      \"Resource\": \"*\",\n      \"Principal\": {\n        \"AWS\": \"arn:aws:iam::349361870252:root\"\n      }\n    },\n    {\n      \"Sid\": \"Allow access for Key Administrators\",\n      \"Effect\": \"Allow\",\n      \"Action\": \"kms:*\",\n      \"Resource\": \"*\",\n      \"Principal\": {\n        \"AWS\": \"arn:aws:iam::349361870252:user/victorlocal\"\n      }\n    },\n    {\n      \"Sid\": \"Allow use of the key\",\n      \"Effect\": \"Allow\",\n      \"Action\": [\n        \"kms:ReEncrypt*\",\n        \"kms:GenerateDataKey*\",\n        \"kms:Encrypt\",\n        \"kms:DescribeKey\",\n        \"kms:Decrypt\"\n      ],\n      \"Resource\": \"*\",\n      \"Principal\": {\n        \"AWS\": \"arn:aws:iam::349361870252:role/aws007-preprod-test-eks-cluster-role\"\n      }\n    },\n    {\n      \"Sid\": \"Allow attachment of persistent resources\",\n      \"Effect\": \"Allow\",\n      \"Action\": [\n        \"kms:RevokeGrant\",\n        \"kms:ListGrants\",\n        \"kms:CreateGrant\"\n      ],\n      \"Resource\": \"*\",\n      \"Principal\": {\n        \"AWS\": \"arn:aws:iam::349361870252:role/aws007-preprod-test-eks-cluster-role\"\n      },\n      \"Condition\": {\n        \"Bool\": {\n          \"kms:GrantIsForAWSResource\": \"true\"\n        }\n      }\n    }\n  ]\n}",
            "tags": {
              "Blueprint": "aws007-preprod-test-eks",
              "GithubRepo": "eks-fargate-quickstart"
            },
            "tags_all": {
              "Blueprint": "aws007-preprod-test-eks",
              "GithubRepo": "eks-fargate-quickstart"
            }
          },
          "sensitive_attributes": [],
          "private": "bnVsbA==",
          "dependencies": [
            "data.aws_caller_identity.current",
            "module.eks_blueprints.data.aws_caller_identity.current",
            "module.eks_blueprints.data.aws_iam_policy_document.eks_key",
            "module.eks_blueprints.data.aws_iam_session_context.current",
            "module.eks_blueprints.data.aws_partition.current",
            "module.eks_blueprints.data.aws_region.current"
          ],
          "create_before_destroy": true
        }
      ]
    },
    {
      "module": "module.eks_blueprints_kubernetes_addons",
      "mode": "data",
      "type": "aws_caller_identity",
      "name": "current",
      "provider": "provider[\"registry.terraform.io/hashicorp/aws\"]",
      "instances": [
        {
          "schema_version": 0,
          "attributes": {
            "account_id": "349361870252",
            "arn": "arn:aws:iam::349361870252:user/victorlocal",
            "id": "349361870252",
            "user_id": "AIDAVCV4XCWWOEQEFHZVI"
          },
          "sensitive_attributes": []
        }
      ]
    },
    {
      "module": "module.eks_blueprints_kubernetes_addons",
      "mode": "data",
      "type": "aws_eks_cluster",
      "name": "eks_cluster",
      "provider": "provider[\"registry.terraform.io/hashicorp/aws\"]",
      "instances": [
        {
          "schema_version": 0,
          "attributes": {
            "arn": "arn:aws:eks:us-east-2:349361870252:cluster/aws007-preprod-test-eks",
            "certificate_authority": [
              {
                "data": "LS0tLS1CRUdJTiBDRVJUSUZJQ0FURS0tLS0tCk1JSUMvakNDQWVhZ0F3SUJBZ0lCQURBTkJna3Foa2lHOXcwQkFRc0ZBREFWTVJNd0VRWURWUVFERXdwcmRXSmwKY201bGRHVnpNQjRYRFRJeU1EY3dOVEUxTlRrek9Wb1hEVE15TURjd01qRTFOVGt6T1Zvd0ZURVRNQkVHQTFVRQpBeE1LYTNWaVpYSnVaWFJsY3pDQ0FTSXdEUVlKS29aSWh2Y05BUUVCQlFBRGdnRVBBRENDQVFvQ2dnRUJBTUpoCkhybmtlRWJzeUM1bWgzUkpNb2JMamdDZUZTMjlhVE0vblVUT0VmK1NRV1pvYWhFUndpbVdOaU9WcDlZOUlTUngKY2lkL1B0NTVhY0JpWkV1a3Jqbjd3UHA1V3dmdzNXZWdyekxVN0lidCs2OWpock4vVGxVS1JaVjlFZEFDMnFOQgplL3QvOVRuWmRhNDl5c3AyTTlRd0txaytlT0xFbG91T3BWcitWMnNBSitxZ2krQW42bFdNWTdoWGZxdU9Vc1VtCkwxaHBBZ2NqUzJPaGF5T3VZRXJOMExnVmJYYysvOG1kRjJUeDBUNTN0R0lzM2hKT0ROeWtld3AwU3E2M1VsOWEKQmJxbDB6a25ldytRNi96V3VxcDV4NVhhY3h5cjVMbFBkSHdrZjJhbEJ1aTBEdmt2amU1RklZcWhkR2lvTnB2cgpqN0ZTN0FBbWVJV2pQdGcxTXhVQ0F3RUFBYU5aTUZjd0RnWURWUjBQQVFIL0JBUURBZ0trTUE4R0ExVWRFd0VCCi93UUZNQU1CQWY4d0hRWURWUjBPQkJZRUZFemZxRnZSbjNZbjZIc2UwenFFWlZ3TGlPV1RNQlVHQTFVZEVRUU8KTUF5Q0NtdDFZbVZ5Ym1WMFpYTXdEUVlKS29aSWh2Y05BUUVMQlFBRGdnRUJBQUJraXZvanl0ODg5ck5QSWs1VApZWkdlQ2tpck50MUw4SktTWlNXeW5jc3hEQWtHcEJxQ0EyZmFYa25OUk1uZ2lFQjdObVB0SjVvTHMrK3luczlrClNyQUZsRU1vT2ZXeXNLU25HWm1jRnh2N05rQVBLUnc3TEY0S3Y2b0t5YUM3Vjg1NkNQZVNua2V2WTJqbkovOUIKbXBmUnZrUFJDeC9uUUhRNEtFSWlCSlBvOUFjUGdXS2Foeko4Zys5Q3FsaWloVVR1YW5mNnBsNThiR3U5ZkZSTgpDcy83Z2FoMlJ3QVNaNStQaC9Mbi9CMTZ1czhDZjcwc01SRTRjc0R5eGVLWEIyTlRIbDJTUUdEVTA1NkcwZ1J6CjJRMHAvbHU2T1ZFUE1Hb2FlZ3JMbWVnVDhKQXBHT1dyc3Bpc0hjam01THl4MDQrWG9jWEF0ZVo2c1dCVzVYWnYKOWRZPQotLS0tLUVORCBDRVJUSUZJQ0FURS0tLS0tCg=="
              }
            ],
            "created_at": "2022-07-05 15:54:18.109 +0000 UTC",
            "enabled_cluster_log_types": [
              "api",
              "audit",
              "authenticator",
              "controllerManager",
              "scheduler"
            ],
            "endpoint": "https://1F483C72851E970CC0215232EC4ED7C8.gr7.us-east-2.eks.amazonaws.com",
            "id": "aws007-preprod-test-eks",
            "identity": [
              {
                "oidc": [
                  {
                    "issuer": "https://oidc.eks.us-east-2.amazonaws.com/id/1F483C72851E970CC0215232EC4ED7C8"
                  }
                ]
              }
            ],
            "kubernetes_network_config": [
              {
                "ip_family": "ipv4",
                "service_ipv4_cidr": "172.20.0.0/16"
              }
            ],
            "name": "aws007-preprod-test-eks",
            "platform_version": "eks.3",
            "role_arn": "arn:aws:iam::349361870252:role/aws007-preprod-test-eks-cluster-role",
            "status": "ACTIVE",
            "tags": {
              "Blueprint": "aws007-preprod-test-eks",
              "GithubRepo": "eks-fargate-quickstart"
            },
            "version": "1.22",
            "vpc_config": [
              {
                "cluster_security_group_id": "sg-0d0e411c1fc6a014a",
                "endpoint_private_access": true,
                "endpoint_public_access": true,
                "public_access_cidrs": [
                  "0.0.0.0/0"
                ],
                "security_group_ids": [
                  "sg-0242d2803834fdcc8"
                ],
                "subnet_ids": [
                  "subnet-015e13ae09d15a366",
                  "subnet-04ecf81e7b336d403",
                  "subnet-0ee563cedca3d4346"
                ],
                "vpc_id": "vpc-022361595524a747e"
              }
            ]
          },
          "sensitive_attributes": []
        }
      ]
    },
    {
      "module": "module.eks_blueprints_kubernetes_addons",
      "mode": "data",
      "type": "aws_partition",
      "name": "current",
      "provider": "provider[\"registry.terraform.io/hashicorp/aws\"]",
      "instances": [
        {
          "schema_version": 0,
          "attributes": {
            "dns_suffix": "amazonaws.com",
            "id": "aws",
            "partition": "aws",
            "reverse_dns_prefix": "com.amazonaws"
          },
          "sensitive_attributes": []
        }
      ]
    },
    {
      "module": "module.eks_blueprints_kubernetes_addons",
      "mode": "data",
      "type": "aws_region",
      "name": "current",
      "provider": "provider[\"registry.terraform.io/hashicorp/aws\"]",
      "instances": [
        {
          "schema_version": 0,
          "attributes": {
            "description": "US East (Ohio)",
            "endpoint": "ec2.us-east-2.amazonaws.com",
            "id": "us-east-2",
            "name": "us-east-2"
          },
          "sensitive_attributes": []
        }
      ]
    },
    {
      "module": "module.eks_blueprints_kubernetes_addons.module.argocd[0]",
      "mode": "managed",
      "type": "helm_release",
      "name": "argocd_application",
      "provider": "provider[\"registry.terraform.io/hashicorp/helm\"]",
      "instances": [
        {
          "index_key": "addons",
          "schema_version": 0,
          "attributes": {
            "atomic": false,
            "chart": "../terraform-aws-eks-blueprints/modules/kubernetes-addons/argocd/argocd-application/helm",
            "cleanup_on_fail": false,
            "create_namespace": false,
            "dependency_update": false,
            "description": null,
            "devel": null,
            "disable_crd_hooks": false,
            "disable_openapi_validation": false,
            "disable_webhooks": false,
            "force_update": false,
            "id": "addons",
            "keyring": null,
            "lint": false,
            "manifest": null,
            "max_history": 0,
            "metadata": [
              {
                "app_version": "0.1.0",
                "chart": "argo-application",
                "name": "addons",
                "namespace": "argocd",
                "revision": 2,
                "values": "{\"destination\":{\"server\":\"https://kubernetes.default.svc\"},\"name\":\"addons\",\"project\":\"default\",\"source\":{\"helm\":{\"releaseName\":\"addons\",\"values\":\"\\\"account\\\": \\\"349361870252\\\"\\n\\\"clusterName\\\": \\\"aws007-preprod-test-eks\\\"\\n\\\"metricsServer\\\":\\n  \\\"enable\\\": true\\n\\\"region\\\": \\\"us-east-2\\\"\\n\\\"repo_url\\\": \\\"https://github.com/season1946/eks-fargate-quickstart\\\"\\n\"},\"path\":\"eks-fargate-addon/chart\",\"repoUrl\":\"https://github.com/season1946/eks-fargate-quickstart\",\"targetRevision\":\"HEAD\"}}",
                "version": "0.1.0"
              }
            ],
            "name": "addons",
            "namespace": "argocd",
            "pass_credentials": false,
            "postrender": [],
            "recreate_pods": false,
            "render_subchart_notes": true,
            "replace": false,
            "repository": null,
            "repository_ca_file": null,
            "repository_cert_file": null,
            "repository_key_file": null,
            "repository_password": null,
            "repository_username": null,
            "reset_values": false,
            "reuse_values": false,
            "set": [
              {
                "name": "destination.server",
                "type": "",
                "value": "https://kubernetes.default.svc"
              },
              {
                "name": "name",
                "type": "",
                "value": "addons"
              },
              {
                "name": "project",
                "type": "",
                "value": "default"
              },
              {
                "name": "source.helm.releaseName",
                "type": "",
                "value": "addons"
              },
              {
                "name": "source.helm.values",
                "type": "",
                "value": "\"account\": \"349361870252\"\n\"clusterName\": \"aws007-preprod-test-eks\"\n\"metricsServer\":\n  \"enable\": true\n\"region\": \"us-east-2\"\n\"repo_url\": \"https://github.com/season1946/eks-fargate-quickstart\"\n"
              },
              {
                "name": "source.path",
                "type": "",
                "value": "eks-fargate-addon/chart"
              },
              {
                "name": "source.repoUrl",
                "type": "",
                "value": "https://github.com/season1946/eks-fargate-quickstart"
              },
              {
                "name": "source.targetRevision",
                "type": "",
                "value": "HEAD"
              }
            ],
            "set_sensitive": [],
            "skip_crds": false,
            "status": "deployed",
            "timeout": 300,
            "values": null,
            "verify": false,
            "version": "0.1.0",
            "wait": true,
            "wait_for_jobs": false
          },
          "sensitive_attributes": [],
          "private": "bnVsbA==",
          "dependencies": [
            "module.eks_blueprints.module.aws_eks.aws_eks_cluster.this",
            "module.eks_blueprints_kubernetes_addons.data.aws_caller_identity.current",
            "module.eks_blueprints_kubernetes_addons.data.aws_eks_cluster.eks_cluster",
            "module.eks_blueprints_kubernetes_addons.data.aws_partition.current",
            "module.eks_blueprints_kubernetes_addons.data.aws_region.current",
            "module.eks_blueprints_kubernetes_addons.module.argocd.data.aws_secretsmanager_secret_version.admin_password_version",
            "module.eks_blueprints_kubernetes_addons.module.argocd.kubernetes_namespace_v1.this",
            "module.eks_blueprints_kubernetes_addons.module.argocd.module.helm_addon.helm_release.addon",
            "module.eks_blueprints_kubernetes_addons.module.argocd.module.helm_addon.module.irsa.aws_iam_role.irsa",
            "module.eks_blueprints_kubernetes_addons.module.argocd.module.helm_addon.module.irsa.aws_iam_role_policy_attachment.irsa",
            "module.eks_blueprints_kubernetes_addons.module.argocd.module.helm_addon.module.irsa.kubernetes_namespace_v1.irsa",
            "module.eks_blueprints_kubernetes_addons.module.argocd.module.helm_addon.module.irsa.kubernetes_service_account_v1.irsa",
            "module.eks_blueprints_kubernetes_addons.module.aws_for_fluent_bit.aws_cloudwatch_log_group.aws_for_fluent_bit",
            "module.eks_blueprints_kubernetes_addons.module.external_dns.data.aws_route53_zone.selected",
            "module.eks_blueprints_kubernetes_addons.module.ondat.kubernetes_secret.etcd",
            "module.eks_blueprints_kubernetes_addons.module.prometheus.aws_iam_policy.ingest",
            "module.eks_blueprints_kubernetes_addons.module.prometheus.module.irsa_amp_ingest.aws_iam_role.irsa",
            "null_resource.modify_kube_dns"
          ]
        }
      ]
    },
    {
      "module": "module.eks_blueprints_kubernetes_addons.module.argocd[0]",
      "mode": "managed",
      "type": "kubernetes_namespace_v1",
      "name": "this",
      "provider": "provider[\"registry.terraform.io/hashicorp/kubernetes\"]",
      "instances": [
        {
          "index_key": 0,
          "schema_version": 0,
          "attributes": {
            "id": "argocd",
            "metadata": [
              {
                "annotations": {},
                "generate_name": "",
                "generation": 0,
                "labels": {},
                "name": "argocd",
                "resource_version": "1858",
                "uid": "86ff7085-83fb-4a60-920b-ca64503a7f42"
              }
            ],
            "timeouts": null
          },
          "sensitive_attributes": [],
          "private": "eyJlMmJmYjczMC1lY2FhLTExZTYtOGY4OC0zNDM2M2JjN2M0YzAiOnsiZGVsZXRlIjozMDAwMDAwMDAwMDB9fQ==",
          "dependencies": [
            "data.aws_availability_zones.available",
            "data.aws_caller_identity.current",
            "data.aws_eks_cluster_auth.this",
            "module.eks_blueprints.data.aws_caller_identity.current",
            "module.eks_blueprints.data.aws_eks_cluster.cluster",
            "module.eks_blueprints.data.aws_iam_policy_document.eks_key",
            "module.eks_blueprints.data.aws_iam_session_context.current",
            "module.eks_blueprints.data.aws_partition.current",
            "module.eks_blueprints.data.aws_region.current",
            "module.eks_blueprints.data.http.eks_cluster_readiness",
            "module.eks_blueprints.kubernetes_config_map.aws_auth",
            "module.eks_blueprints.module.aws_eks.aws_cloudwatch_log_group.this",
            "module.eks_blueprints.module.aws_eks.aws_eks_cluster.this",
            "module.eks_blueprints.module.aws_eks.aws_iam_role.this",
            "module.eks_blueprints.module.aws_eks.aws_iam_role_policy_attachment.this",
            "module.eks_blueprints.module.aws_eks.aws_security_group.cluster",
            "module.eks_blueprints.module.aws_eks.aws_security_group.node",
            "module.eks_blueprints.module.aws_eks.aws_security_group_rule.cluster",
            "module.eks_blueprints.module.aws_eks.aws_security_group_rule.node",
            "module.eks_blueprints.module.aws_eks.data.aws_iam_policy_document.assume_role_policy",
            "module.eks_blueprints.module.aws_eks.data.aws_partition.current",
            "module.eks_blueprints.module.aws_eks_fargate_profiles.aws_eks_fargate_profile.eks_fargate",
            "module.eks_blueprints.module.aws_eks_fargate_profiles.aws_iam_policy.cwlogs",
            "module.eks_blueprints.module.aws_eks_fargate_profiles.aws_iam_role.fargate",
            "module.eks_blueprints.module.aws_eks_fargate_profiles.aws_iam_role_policy_attachment.cwlogs",
            "module.eks_blueprints.module.aws_eks_fargate_profiles.aws_iam_role_policy_attachment.fargate_pod_execution_role_policy",
            "module.eks_blueprints.module.aws_eks_fargate_profiles.data.aws_iam_policy_document.cwlogs",
            "module.eks_blueprints.module.aws_eks_fargate_profiles.data.aws_iam_policy_document.fargate_assume_role_policy",
            "module.eks_blueprints.module.kms.aws_kms_key.this",
            "module.vpc.aws_subnet.private",
            "module.vpc.aws_vpc.this",
            "module.vpc.aws_vpc_ipv4_cidr_block_association.this",
            "null_resource.modify_kube_dns",
            "null_resource.remove_default_coredns_deployment"
          ]
        }
      ]
    },
    {
      "module": "module.eks_blueprints_kubernetes_addons.module.argocd[0].module.helm_addon",
      "mode": "managed",
      "type": "helm_release",
      "name": "addon",
      "provider": "provider[\"registry.terraform.io/hashicorp/helm\"]",
      "instances": [
        {
          "index_key": 0,
          "schema_version": 0,
          "attributes": {
            "atomic": false,
            "chart": "argo-cd",
            "cleanup_on_fail": false,
            "create_namespace": true,
            "dependency_update": false,
            "description": "The ArgoCD Helm Chart deployment configuration",
            "devel": null,
            "disable_crd_hooks": false,
            "disable_openapi_validation": false,
            "disable_webhooks": false,
            "force_update": false,
            "id": "argo-cd",
            "keyring": "",
            "lint": false,
            "manifest": null,
            "max_history": 0,
            "metadata": [
              {
                "app_version": "v2.4.0",
                "chart": "argo-cd",
                "name": "argo-cd",
                "namespace": "argocd",
                "revision": 1,
                "values": "{\"controller\":{\"enableStatefulSet\":true},\"redis-ha\":{\"enabled\":true},\"repoServer\":{\"autoscaling\":{\"enabled\":true,\"minReplicas\":2}},\"server\":{\"autoscaling\":{\"enabled\":true,\"minReplicas\":2}}}",
                "version": "4.9.1"
              }
            ],
            "name": "argo-cd",
            "namespace": "argocd",
            "pass_credentials": false,
            "postrender": [
              {
                "args": [],
                "binary_path": ""
              }
            ],
            "recreate_pods": false,
            "render_subchart_notes": true,
            "replace": false,
            "repository": "https://argoproj.github.io/argo-helm",
            "repository_ca_file": null,
            "repository_cert_file": "",
            "repository_key_file": "",
            "repository_password": "",
            "repository_username": "",
            "reset_values": false,
            "reuse_values": false,
            "set": [],
            "set_sensitive": [],
            "skip_crds": false,
            "status": "deployed",
            "timeout": 1200,
            "values": [
              "redis-ha:\n  enabled: true\n\ncontroller:\n  enableStatefulSet: true\n\nserver:\n  autoscaling:\n    enabled: true\n    minReplicas: 2\n\nrepoServer:\n  autoscaling:\n    enabled: true\n    minReplicas: 2\n"
            ],
            "verify": false,
            "version": "4.9.1",
            "wait": false,
            "wait_for_jobs": false
          },
          "sensitive_attributes": [],
          "private": "bnVsbA==",
          "dependencies": [
            "data.aws_availability_zones.available",
            "data.aws_caller_identity.current",
            "data.aws_eks_cluster_auth.this",
            "module.eks_blueprints.data.aws_caller_identity.current",
            "module.eks_blueprints.data.aws_eks_cluster.cluster",
            "module.eks_blueprints.data.aws_iam_policy_document.eks_key",
            "module.eks_blueprints.data.aws_iam_session_context.current",
            "module.eks_blueprints.data.aws_partition.current",
            "module.eks_blueprints.data.aws_region.current",
            "module.eks_blueprints.data.http.eks_cluster_readiness",
            "module.eks_blueprints.kubernetes_config_map.aws_auth",
            "module.eks_blueprints.module.aws_eks.aws_cloudwatch_log_group.this",
            "module.eks_blueprints.module.aws_eks.aws_eks_cluster.this",
            "module.eks_blueprints.module.aws_eks.aws_iam_role.this",
            "module.eks_blueprints.module.aws_eks.aws_iam_role_policy_attachment.this",
            "module.eks_blueprints.module.aws_eks.aws_security_group.cluster",
            "module.eks_blueprints.module.aws_eks.aws_security_group.node",
            "module.eks_blueprints.module.aws_eks.aws_security_group_rule.cluster",
            "module.eks_blueprints.module.aws_eks.aws_security_group_rule.node",
            "module.eks_blueprints.module.aws_eks.data.aws_iam_policy_document.assume_role_policy",
            "module.eks_blueprints.module.aws_eks.data.aws_partition.current",
            "module.eks_blueprints.module.aws_eks_fargate_profiles.aws_eks_fargate_profile.eks_fargate",
            "module.eks_blueprints.module.aws_eks_fargate_profiles.aws_iam_policy.cwlogs",
            "module.eks_blueprints.module.aws_eks_fargate_profiles.aws_iam_role.fargate",
            "module.eks_blueprints.module.aws_eks_fargate_profiles.aws_iam_role_policy_attachment.cwlogs",
            "module.eks_blueprints.module.aws_eks_fargate_profiles.aws_iam_role_policy_attachment.fargate_pod_execution_role_policy",
            "module.eks_blueprints.module.aws_eks_fargate_profiles.data.aws_iam_policy_document.cwlogs",
            "module.eks_blueprints.module.aws_eks_fargate_profiles.data.aws_iam_policy_document.fargate_assume_role_policy",
            "module.eks_blueprints.module.kms.aws_kms_key.this",
            "module.eks_blueprints_kubernetes_addons.data.aws_caller_identity.current",
            "module.eks_blueprints_kubernetes_addons.data.aws_eks_cluster.eks_cluster",
            "module.eks_blueprints_kubernetes_addons.data.aws_partition.current",
            "module.eks_blueprints_kubernetes_addons.data.aws_region.current",
            "module.eks_blueprints_kubernetes_addons.module.argocd.data.aws_secretsmanager_secret.admin_password",
            "module.eks_blueprints_kubernetes_addons.module.argocd.data.aws_secretsmanager_secret_version.admin_password_version",
            "module.eks_blueprints_kubernetes_addons.module.argocd.kubernetes_namespace_v1.this",
            "module.eks_blueprints_kubernetes_addons.module.argocd.module.helm_addon.module.irsa.aws_iam_role.irsa",
            "module.eks_blueprints_kubernetes_addons.module.argocd.module.helm_addon.module.irsa.aws_iam_role_policy_attachment.irsa",
            "module.eks_blueprints_kubernetes_addons.module.argocd.module.helm_addon.module.irsa.kubernetes_namespace_v1.irsa",
            "module.eks_blueprints_kubernetes_addons.module.argocd.module.helm_addon.module.irsa.kubernetes_service_account_v1.irsa",
            "module.vpc.aws_subnet.private",
            "module.vpc.aws_vpc.this",
            "module.vpc.aws_vpc_ipv4_cidr_block_association.this",
            "null_resource.modify_kube_dns",
            "null_resource.remove_default_coredns_deployment"
          ]
        }
      ]
    },
    {
      "module": "module.eks_blueprints_kubernetes_addons.module.aws_coredns[0]",
      "mode": "data",
      "type": "aws_eks_addon_version",
      "name": "this",
      "provider": "provider[\"registry.terraform.io/hashicorp/aws\"]",
      "instances": [
        {
          "schema_version": 0,
          "attributes": {
            "addon_name": "coredns",
            "id": "coredns",
            "kubernetes_version": "1.22",
            "most_recent": false,
            "version": "v1.8.7-eksbuild.1"
          },
          "sensitive_attributes": []
        }
      ]
    },
    {
      "module": "module.eks_blueprints_kubernetes_addons.module.aws_coredns[0].module.helm_addon[0]",
      "mode": "managed",
      "type": "helm_release",
      "name": "addon",
      "provider": "provider[\"registry.terraform.io/hashicorp/helm\"]",
      "instances": [
        {
          "index_key": 0,
          "schema_version": 0,
          "attributes": {
            "atomic": false,
            "chart": "coredns",
            "cleanup_on_fail": false,
            "create_namespace": false,
            "dependency_update": false,
            "description": "CoreDNS is a DNS server that chains plugins and provides Kubernetes DNS Services",
            "devel": null,
            "disable_crd_hooks": false,
            "disable_openapi_validation": false,
            "disable_webhooks": false,
            "force_update": false,
            "id": "coredns",
            "keyring": "",
            "lint": false,
            "manifest": null,
            "max_history": 0,
            "metadata": [
              {
                "app_version": "1.9.3",
                "chart": "coredns",
                "name": "coredns",
                "namespace": "kube-system",
                "revision": 1,
                "values": "{\"deployment\":{\"annotations\":{\"eks.amazonaws.com/compute-type\":\"fargate\"},\"name\":\"coredns\"},\"image\":{\"repository\":\"602401143452.dkr.ecr.us-east-2.amazonaws.com/eks/coredns\",\"tag\":\"v1.8.7-eksbuild.1\"},\"podAnnotations\":{\"eks.amazonaws.com/compute-type\":\"fargate\"},\"service\":{\"annotations\":{\"eks.amazonaws.com/compute-type\":\"fargate\"},\"name\":\"kube-dns\"},\"serviceAccount\":{\"create\":true}}",
                "version": "1.19.4"
              }
            ],
            "name": "coredns",
            "namespace": "kube-system",
            "pass_credentials": false,
            "postrender": [
              {
                "args": [],
                "binary_path": ""
              }
            ],
            "recreate_pods": false,
            "render_subchart_notes": true,
            "replace": false,
            "repository": "https://coredns.github.io/helm",
            "repository_ca_file": null,
            "repository_cert_file": "",
            "repository_key_file": "",
            "repository_password": "",
            "repository_username": "",
            "reset_values": false,
            "reuse_values": false,
            "set": [
              {
                "name": "serviceAccount.create",
                "type": "",
                "value": "true"
              }
            ],
            "set_sensitive": [],
            "skip_crds": false,
            "status": "deployed",
            "timeout": 1200,
            "values": [
              "image:\n  repository: 602401143452.dkr.ecr.us-east-2.amazonaws.com/eks/coredns\n  tag: v1.8.7-eksbuild.1\ndeployment:\n  name: coredns\n  annotations:\n    eks.amazonaws.com/compute-type: fargate\nservice:\n  name: kube-dns\n  annotations:\n    eks.amazonaws.com/compute-type: fargate\npodAnnotations:\n  eks.amazonaws.com/compute-type: fargate\n"
            ],
            "verify": false,
            "version": "1.19.4",
            "wait": true,
            "wait_for_jobs": false
          },
          "sensitive_attributes": [],
          "private": "bnVsbA==",
          "dependencies": [
            "data.aws_availability_zones.available",
            "data.aws_caller_identity.current",
            "data.aws_eks_cluster_auth.this",
            "module.eks_blueprints.data.aws_caller_identity.current",
            "module.eks_blueprints.data.aws_eks_cluster.cluster",
            "module.eks_blueprints.data.aws_iam_policy_document.eks_key",
            "module.eks_blueprints.data.aws_iam_session_context.current",
            "module.eks_blueprints.data.aws_partition.current",
            "module.eks_blueprints.data.aws_region.current",
            "module.eks_blueprints.data.http.eks_cluster_readiness",
            "module.eks_blueprints.kubernetes_config_map.aws_auth",
            "module.eks_blueprints.module.aws_eks.aws_cloudwatch_log_group.this",
            "module.eks_blueprints.module.aws_eks.aws_eks_cluster.this",
            "module.eks_blueprints.module.aws_eks.aws_iam_role.this",
            "module.eks_blueprints.module.aws_eks.aws_iam_role_policy_attachment.this",
            "module.eks_blueprints.module.aws_eks.aws_security_group.cluster",
            "module.eks_blueprints.module.aws_eks.aws_security_group.node",
            "module.eks_blueprints.module.aws_eks.aws_security_group_rule.cluster",
            "module.eks_blueprints.module.aws_eks.aws_security_group_rule.node",
            "module.eks_blueprints.module.aws_eks.data.aws_iam_policy_document.assume_role_policy",
            "module.eks_blueprints.module.aws_eks.data.aws_partition.current",
            "module.eks_blueprints.module.aws_eks_fargate_profiles.aws_eks_fargate_profile.eks_fargate",
            "module.eks_blueprints.module.aws_eks_fargate_profiles.aws_iam_policy.cwlogs",
            "module.eks_blueprints.module.aws_eks_fargate_profiles.aws_iam_role.fargate",
            "module.eks_blueprints.module.aws_eks_fargate_profiles.aws_iam_role_policy_attachment.cwlogs",
            "module.eks_blueprints.module.aws_eks_fargate_profiles.aws_iam_role_policy_attachment.fargate_pod_execution_role_policy",
            "module.eks_blueprints.module.aws_eks_fargate_profiles.data.aws_iam_policy_document.cwlogs",
            "module.eks_blueprints.module.aws_eks_fargate_profiles.data.aws_iam_policy_document.fargate_assume_role_policy",
            "module.eks_blueprints.module.kms.aws_kms_key.this",
            "module.eks_blueprints_kubernetes_addons.data.aws_caller_identity.current",
            "module.eks_blueprints_kubernetes_addons.data.aws_eks_cluster.eks_cluster",
            "module.eks_blueprints_kubernetes_addons.data.aws_partition.current",
            "module.eks_blueprints_kubernetes_addons.data.aws_region.current",
            "module.eks_blueprints_kubernetes_addons.module.aws_coredns.data.aws_eks_addon_version.this",
            "module.eks_blueprints_kubernetes_addons.module.aws_coredns.module.helm_addon.module.irsa.aws_iam_role.irsa",
            "module.eks_blueprints_kubernetes_addons.module.aws_coredns.module.helm_addon.module.irsa.aws_iam_role_policy_attachment.irsa",
            "module.eks_blueprints_kubernetes_addons.module.aws_coredns.module.helm_addon.module.irsa.kubernetes_namespace_v1.irsa",
            "module.eks_blueprints_kubernetes_addons.module.aws_coredns.module.helm_addon.module.irsa.kubernetes_service_account_v1.irsa",
            "module.vpc.aws_subnet.private",
            "module.vpc.aws_vpc.this",
            "module.vpc.aws_vpc_ipv4_cidr_block_association.this",
            "null_resource.modify_kube_dns",
            "null_resource.remove_default_coredns_deployment"
          ]
        }
      ]
    },
    {
      "module": "module.eks_blueprints_kubernetes_addons.module.aws_kube_proxy[0]",
      "mode": "managed",
      "type": "aws_eks_addon",
      "name": "kube_proxy",
      "provider": "provider[\"registry.terraform.io/hashicorp/aws\"]",
      "instances": [
        {
          "schema_version": 0,
          "attributes": {
            "addon_name": "kube-proxy",
            "addon_version": "v1.22.6-eksbuild.1",
            "arn": "arn:aws:eks:us-east-2:349361870252:addon/aws007-preprod-test-eks/kube-proxy/66c0e78f-a418-7240-1ca9-bb2c54e14a0e",
            "cluster_name": "aws007-preprod-test-eks",
            "created_at": "2022-07-05T16:09:02Z",
            "id": "aws007-preprod-test-eks:kube-proxy",
            "modified_at": "2022-07-05T16:09:03Z",
            "preserve": true,
            "resolve_conflicts": "OVERWRITE",
            "service_account_role_arn": "",
            "tags": {
              "Blueprint": "aws007-preprod-test-eks",
              "GithubRepo": "eks-fargate-quickstart"
            },
            "tags_all": {
              "Blueprint": "aws007-preprod-test-eks",
              "GithubRepo": "eks-fargate-quickstart"
            }
          },
          "sensitive_attributes": [],
          "private": "bnVsbA==",
          "dependencies": [
            "data.aws_availability_zones.available",
            "data.aws_caller_identity.current",
            "data.aws_eks_addon_version.latest",
            "data.aws_eks_cluster_auth.this",
            "module.eks_blueprints.data.aws_caller_identity.current",
            "module.eks_blueprints.data.aws_eks_cluster.cluster",
            "module.eks_blueprints.data.aws_iam_policy_document.eks_key",
            "module.eks_blueprints.data.aws_iam_session_context.current",
            "module.eks_blueprints.data.aws_partition.current",
            "module.eks_blueprints.data.aws_region.current",
            "module.eks_blueprints.data.http.eks_cluster_readiness",
            "module.eks_blueprints.kubernetes_config_map.aws_auth",
            "module.eks_blueprints.module.aws_eks.aws_cloudwatch_log_group.this",
            "module.eks_blueprints.module.aws_eks.aws_eks_cluster.this",
            "module.eks_blueprints.module.aws_eks.aws_iam_role.this",
            "module.eks_blueprints.module.aws_eks.aws_iam_role_policy_attachment.this",
            "module.eks_blueprints.module.aws_eks.aws_security_group.cluster",
            "module.eks_blueprints.module.aws_eks.aws_security_group.node",
            "module.eks_blueprints.module.aws_eks.aws_security_group_rule.cluster",
            "module.eks_blueprints.module.aws_eks.aws_security_group_rule.node",
            "module.eks_blueprints.module.aws_eks.data.aws_iam_policy_document.assume_role_policy",
            "module.eks_blueprints.module.aws_eks.data.aws_partition.current",
            "module.eks_blueprints.module.aws_eks_fargate_profiles.aws_eks_fargate_profile.eks_fargate",
            "module.eks_blueprints.module.aws_eks_fargate_profiles.aws_iam_policy.cwlogs",
            "module.eks_blueprints.module.aws_eks_fargate_profiles.aws_iam_role.fargate",
            "module.eks_blueprints.module.aws_eks_fargate_profiles.aws_iam_role_policy_attachment.cwlogs",
            "module.eks_blueprints.module.aws_eks_fargate_profiles.aws_iam_role_policy_attachment.fargate_pod_execution_role_policy",
            "module.eks_blueprints.module.aws_eks_fargate_profiles.data.aws_iam_policy_document.cwlogs",
            "module.eks_blueprints.module.aws_eks_fargate_profiles.data.aws_iam_policy_document.fargate_assume_role_policy",
            "module.eks_blueprints.module.kms.aws_kms_key.this",
            "module.eks_blueprints_kubernetes_addons.data.aws_caller_identity.current",
            "module.eks_blueprints_kubernetes_addons.data.aws_eks_cluster.eks_cluster",
            "module.eks_blueprints_kubernetes_addons.data.aws_partition.current",
            "module.eks_blueprints_kubernetes_addons.data.aws_region.current",
            "module.vpc.aws_subnet.private",
            "module.vpc.aws_vpc.this",
            "module.vpc.aws_vpc_ipv4_cidr_block_association.this",
            "null_resource.modify_kube_dns",
            "null_resource.remove_default_coredns_deployment"
          ]
        }
      ]
    },
    {
      "module": "module.eks_blueprints_kubernetes_addons.module.aws_vpc_cni[0]",
      "mode": "managed",
      "type": "aws_eks_addon",
      "name": "vpc_cni",
      "provider": "provider[\"registry.terraform.io/hashicorp/aws\"]",
      "instances": [
        {
          "schema_version": 0,
          "attributes": {
            "addon_name": "vpc-cni",
            "addon_version": "v1.11.2-eksbuild.1",
            "arn": "arn:aws:eks:us-east-2:349361870252:addon/aws007-preprod-test-eks/vpc-cni/04c0e78f-a630-bca8-232e-4b8739419be9",
            "cluster_name": "aws007-preprod-test-eks",
            "created_at": "2022-07-05T16:09:04Z",
            "id": "aws007-preprod-test-eks:vpc-cni",
            "modified_at": "2022-07-05T16:09:04Z",
            "preserve": true,
            "resolve_conflicts": "OVERWRITE",
            "service_account_role_arn": "arn:aws:iam::349361870252:role/aws007-preprod-test-eks-aws-node-irsa",
            "tags": {
              "Blueprint": "aws007-preprod-test-eks",
              "GithubRepo": "eks-fargate-quickstart"
            },
            "tags_all": {
              "Blueprint": "aws007-preprod-test-eks",
              "GithubRepo": "eks-fargate-quickstart"
            }
          },
          "sensitive_attributes": [],
          "private": "bnVsbA==",
          "dependencies": [
            "data.aws_availability_zones.available",
            "data.aws_caller_identity.current",
            "data.aws_eks_addon_version.latest",
            "data.aws_eks_cluster_auth.this",
            "module.eks_blueprints.data.aws_caller_identity.current",
            "module.eks_blueprints.data.aws_eks_cluster.cluster",
            "module.eks_blueprints.data.aws_iam_policy_document.eks_key",
            "module.eks_blueprints.data.aws_iam_session_context.current",
            "module.eks_blueprints.data.aws_partition.current",
            "module.eks_blueprints.data.aws_region.current",
            "module.eks_blueprints.data.http.eks_cluster_readiness",
            "module.eks_blueprints.kubernetes_config_map.aws_auth",
            "module.eks_blueprints.module.aws_eks.aws_cloudwatch_log_group.this",
            "module.eks_blueprints.module.aws_eks.aws_eks_cluster.this",
            "module.eks_blueprints.module.aws_eks.aws_iam_role.this",
            "module.eks_blueprints.module.aws_eks.aws_iam_role_policy_attachment.this",
            "module.eks_blueprints.module.aws_eks.aws_security_group.cluster",
            "module.eks_blueprints.module.aws_eks.aws_security_group.node",
            "module.eks_blueprints.module.aws_eks.aws_security_group_rule.cluster",
            "module.eks_blueprints.module.aws_eks.aws_security_group_rule.node",
            "module.eks_blueprints.module.aws_eks.data.aws_iam_policy_document.assume_role_policy",
            "module.eks_blueprints.module.aws_eks.data.aws_partition.current",
            "module.eks_blueprints.module.aws_eks_fargate_profiles.aws_eks_fargate_profile.eks_fargate",
            "module.eks_blueprints.module.aws_eks_fargate_profiles.aws_iam_policy.cwlogs",
            "module.eks_blueprints.module.aws_eks_fargate_profiles.aws_iam_role.fargate",
            "module.eks_blueprints.module.aws_eks_fargate_profiles.aws_iam_role_policy_attachment.cwlogs",
            "module.eks_blueprints.module.aws_eks_fargate_profiles.aws_iam_role_policy_attachment.fargate_pod_execution_role_policy",
            "module.eks_blueprints.module.aws_eks_fargate_profiles.data.aws_iam_policy_document.cwlogs",
            "module.eks_blueprints.module.aws_eks_fargate_profiles.data.aws_iam_policy_document.fargate_assume_role_policy",
            "module.eks_blueprints.module.kms.aws_kms_key.this",
            "module.eks_blueprints_kubernetes_addons.data.aws_caller_identity.current",
            "module.eks_blueprints_kubernetes_addons.data.aws_eks_cluster.eks_cluster",
            "module.eks_blueprints_kubernetes_addons.data.aws_partition.current",
            "module.eks_blueprints_kubernetes_addons.data.aws_region.current",
            "module.eks_blueprints_kubernetes_addons.module.aws_vpc_cni.aws_iam_policy.cni_ipv6_policy",
            "module.eks_blueprints_kubernetes_addons.module.aws_vpc_cni.data.aws_iam_policy_document.ipv6_policy",
            "module.eks_blueprints_kubernetes_addons.module.aws_vpc_cni.module.irsa_addon.aws_iam_role.irsa",
            "module.vpc.aws_subnet.private",
            "module.vpc.aws_vpc.this",
            "module.vpc.aws_vpc_ipv4_cidr_block_association.this",
            "null_resource.modify_kube_dns",
            "null_resource.remove_default_coredns_deployment"
          ]
        }
      ]
    },
    {
      "module": "module.eks_blueprints_kubernetes_addons.module.aws_vpc_cni[0].module.irsa_addon[0]",
      "mode": "managed",
      "type": "aws_iam_role",
      "name": "irsa",
      "provider": "provider[\"registry.terraform.io/hashicorp/aws\"]",
      "instances": [
        {
          "index_key": 0,
          "schema_version": 0,
          "attributes": {
            "arn": "arn:aws:iam::349361870252:role/aws007-preprod-test-eks-aws-node-irsa",
            "assume_role_policy": "{\"Version\":\"2012-10-17\",\"Statement\":[{\"Effect\":\"Allow\",\"Principal\":{\"Federated\":\"arn:aws:iam::349361870252:oidc-provider/oidc.eks.us-east-2.amazonaws.com/id/1F483C72851E970CC0215232EC4ED7C8\"},\"Action\":\"sts:AssumeRoleWithWebIdentity\",\"Condition\":{\"StringEquals\":{\"oidc.eks.us-east-2.amazonaws.com/id/1F483C72851E970CC0215232EC4ED7C8:sub\":\"system:serviceaccount:kube-system:aws-node\",\"oidc.eks.us-east-2.amazonaws.com/id/1F483C72851E970CC0215232EC4ED7C8:aud\":\"sts.amazonaws.com\"}}}]}",
            "create_date": "2022-07-05T16:09:02Z",
            "description": "AWS IAM Role for the Kubernetes service account aws-node.",
            "force_detach_policies": true,
            "id": "aws007-preprod-test-eks-aws-node-irsa",
            "inline_policy": [
              {
                "name": "",
                "policy": ""
              }
            ],
            "managed_policy_arns": [
              "arn:aws:iam::aws:policy/AmazonEKS_CNI_Policy"
            ],
            "max_session_duration": 3600,
            "name": "aws007-preprod-test-eks-aws-node-irsa",
            "name_prefix": "",
            "path": "/",
            "permissions_boundary": "",
            "tags": {
              "Blueprint": "aws007-preprod-test-eks",
              "GithubRepo": "eks-fargate-quickstart",
              "Name": "aws007-preprod-test-eks-aws-node-irsa"
            },
            "tags_all": {
              "Blueprint": "aws007-preprod-test-eks",
              "GithubRepo": "eks-fargate-quickstart",
              "Name": "aws007-preprod-test-eks-aws-node-irsa"
            },
            "unique_id": "AROAVCV4XCWWBAJT4BIDE"
          },
          "sensitive_attributes": [],
          "private": "bnVsbA==",
          "dependencies": [
            "data.aws_eks_addon_version.latest",
            "module.eks_blueprints.module.aws_eks.aws_eks_cluster.this",
            "module.eks_blueprints_kubernetes_addons.data.aws_caller_identity.current",
            "module.eks_blueprints_kubernetes_addons.data.aws_eks_cluster.eks_cluster",
            "module.eks_blueprints_kubernetes_addons.data.aws_partition.current",
            "module.eks_blueprints_kubernetes_addons.data.aws_region.current",
            "module.eks_blueprints_kubernetes_addons.module.aws_vpc_cni.aws_iam_policy.cni_ipv6_policy",
            "null_resource.modify_kube_dns"
          ]
        }
      ]
    },
    {
      "module": "module.eks_blueprints_kubernetes_addons.module.aws_vpc_cni[0].module.irsa_addon[0]",
      "mode": "managed",
      "type": "aws_iam_role_policy_attachment",
      "name": "irsa",
      "provider": "provider[\"registry.terraform.io/hashicorp/aws\"]",
      "instances": [
        {
          "index_key": 0,
          "schema_version": 0,
          "attributes": {
            "id": "aws007-preprod-test-eks-aws-node-irsa-2022070516090387430000000e",
            "policy_arn": "arn:aws:iam::aws:policy/AmazonEKS_CNI_Policy",
            "role": "aws007-preprod-test-eks-aws-node-irsa"
          },
          "sensitive_attributes": [],
          "private": "bnVsbA==",
          "dependencies": [
            "data.aws_availability_zones.available",
            "data.aws_caller_identity.current",
            "data.aws_eks_addon_version.latest",
            "data.aws_eks_cluster_auth.this",
            "module.eks_blueprints.data.aws_caller_identity.current",
            "module.eks_blueprints.data.aws_eks_cluster.cluster",
            "module.eks_blueprints.data.aws_iam_policy_document.eks_key",
            "module.eks_blueprints.data.aws_iam_session_context.current",
            "module.eks_blueprints.data.aws_partition.current",
            "module.eks_blueprints.data.aws_region.current",
            "module.eks_blueprints.data.http.eks_cluster_readiness",
            "module.eks_blueprints.kubernetes_config_map.aws_auth",
            "module.eks_blueprints.module.aws_eks.aws_cloudwatch_log_group.this",
            "module.eks_blueprints.module.aws_eks.aws_eks_cluster.this",
            "module.eks_blueprints.module.aws_eks.aws_iam_role.this",
            "module.eks_blueprints.module.aws_eks.aws_iam_role_policy_attachment.this",
            "module.eks_blueprints.module.aws_eks.aws_security_group.cluster",
            "module.eks_blueprints.module.aws_eks.aws_security_group.node",
            "module.eks_blueprints.module.aws_eks.aws_security_group_rule.cluster",
            "module.eks_blueprints.module.aws_eks.aws_security_group_rule.node",
            "module.eks_blueprints.module.aws_eks.data.aws_iam_policy_document.assume_role_policy",
            "module.eks_blueprints.module.aws_eks.data.aws_partition.current",
            "module.eks_blueprints.module.aws_eks_fargate_profiles.aws_eks_fargate_profile.eks_fargate",
            "module.eks_blueprints.module.aws_eks_fargate_profiles.aws_iam_policy.cwlogs",
            "module.eks_blueprints.module.aws_eks_fargate_profiles.aws_iam_role.fargate",
            "module.eks_blueprints.module.aws_eks_fargate_profiles.aws_iam_role_policy_attachment.cwlogs",
            "module.eks_blueprints.module.aws_eks_fargate_profiles.aws_iam_role_policy_attachment.fargate_pod_execution_role_policy",
            "module.eks_blueprints.module.aws_eks_fargate_profiles.data.aws_iam_policy_document.cwlogs",
            "module.eks_blueprints.module.aws_eks_fargate_profiles.data.aws_iam_policy_document.fargate_assume_role_policy",
            "module.eks_blueprints.module.kms.aws_kms_key.this",
            "module.eks_blueprints_kubernetes_addons.data.aws_caller_identity.current",
            "module.eks_blueprints_kubernetes_addons.data.aws_eks_cluster.eks_cluster",
            "module.eks_blueprints_kubernetes_addons.data.aws_partition.current",
            "module.eks_blueprints_kubernetes_addons.data.aws_region.current",
            "module.eks_blueprints_kubernetes_addons.module.aws_vpc_cni.aws_iam_policy.cni_ipv6_policy",
            "module.eks_blueprints_kubernetes_addons.module.aws_vpc_cni.data.aws_iam_policy_document.ipv6_policy",
            "module.eks_blueprints_kubernetes_addons.module.aws_vpc_cni.module.irsa_addon.aws_iam_role.irsa",
            "module.vpc.aws_subnet.private",
            "module.vpc.aws_vpc.this",
            "module.vpc.aws_vpc_ipv4_cidr_block_association.this",
            "null_resource.modify_kube_dns",
            "null_resource.remove_default_coredns_deployment"
          ]
        }
      ]
    },
    {
      "module": "module.managed_prometheus",
      "mode": "managed",
      "type": "aws_prometheus_alert_manager_definition",
      "name": "this",
      "provider": "provider[\"registry.terraform.io/hashicorp/aws\"]",
      "instances": [
        {
          "index_key": 0,
          "schema_version": 0,
          "attributes": {
            "definition": "alertmanager_config: |\n  route:\n    receiver: 'default'\n  receivers:\n    - name: 'default'\n",
            "id": "ws-e18fbe91-6927-4653-bd5a-9ecf6df4de9f",
            "workspace_id": "ws-e18fbe91-6927-4653-bd5a-9ecf6df4de9f"
          },
          "sensitive_attributes": [],
          "private": "bnVsbA==",
          "dependencies": [
            "module.managed_prometheus.aws_prometheus_workspace.this"
          ]
        }
      ]
    },
    {
      "module": "module.managed_prometheus",
      "mode": "managed",
      "type": "aws_prometheus_workspace",
      "name": "this",
      "provider": "provider[\"registry.terraform.io/hashicorp/aws\"]",
      "instances": [
        {
          "index_key": 0,
          "schema_version": 0,
          "attributes": {
            "alias": "aws007-preprod-test-eks",
            "arn": "arn:aws:aps:us-east-2:349361870252:workspace/ws-e18fbe91-6927-4653-bd5a-9ecf6df4de9f",
            "id": "ws-e18fbe91-6927-4653-bd5a-9ecf6df4de9f",
            "prometheus_endpoint": "https://aps-workspaces.us-east-2.amazonaws.com/workspaces/ws-e18fbe91-6927-4653-bd5a-9ecf6df4de9f/",
            "tags": {
              "Blueprint": "aws007-preprod-test-eks",
              "GithubRepo": "eks-fargate-quickstart"
            },
            "tags_all": {
              "Blueprint": "aws007-preprod-test-eks",
              "GithubRepo": "eks-fargate-quickstart"
            }
          },
          "sensitive_attributes": [],
          "private": "bnVsbA=="
        }
      ]
    },
    {
      "module": "module.vpc",
      "mode": "managed",
      "type": "aws_default_network_acl",
      "name": "this",
      "provider": "provider[\"registry.terraform.io/hashicorp/aws\"]",
      "instances": [
        {
          "index_key": 0,
          "schema_version": 0,
          "attributes": {
            "arn": "arn:aws:ec2:us-east-2:349361870252:network-acl/acl-033b2990694c9ccc0",
            "default_network_acl_id": "acl-033b2990694c9ccc0",
            "egress": [
              {
                "action": "allow",
                "cidr_block": "",
                "from_port": 0,
                "icmp_code": 0,
                "icmp_type": 0,
                "ipv6_cidr_block": "::/0",
                "protocol": "-1",
                "rule_no": 101,
                "to_port": 0
              },
              {
                "action": "allow",
                "cidr_block": "0.0.0.0/0",
                "from_port": 0,
                "icmp_code": 0,
                "icmp_type": 0,
                "ipv6_cidr_block": "",
                "protocol": "-1",
                "rule_no": 100,
                "to_port": 0
              }
            ],
            "id": "acl-033b2990694c9ccc0",
            "ingress": [
              {
                "action": "allow",
                "cidr_block": "",
                "from_port": 0,
                "icmp_code": 0,
                "icmp_type": 0,
                "ipv6_cidr_block": "::/0",
                "protocol": "-1",
                "rule_no": 101,
                "to_port": 0
              },
              {
                "action": "allow",
                "cidr_block": "0.0.0.0/0",
                "from_port": 0,
                "icmp_code": 0,
                "icmp_type": 0,
                "ipv6_cidr_block": "",
                "protocol": "-1",
                "rule_no": 100,
                "to_port": 0
              }
            ],
            "owner_id": "349361870252",
            "subnet_ids": [
              "subnet-015e13ae09d15a366",
              "subnet-04ecf81e7b336d403",
              "subnet-056b58f7131f55569",
              "subnet-0689ab82bd2605909",
              "subnet-0cf6f0596799f1f3c",
              "subnet-0ee563cedca3d4346"
            ],
            "tags": {
              "Blueprint": "aws007-preprod-test-eks",
              "GithubRepo": "eks-fargate-quickstart",
              "Name": "aws007-preprod-test-eks-default"
            },
            "tags_all": {
              "Blueprint": "aws007-preprod-test-eks",
              "GithubRepo": "eks-fargate-quickstart",
              "Name": "aws007-preprod-test-eks-default"
            },
            "vpc_id": "vpc-022361595524a747e"
          },
          "sensitive_attributes": [],
          "private": "bnVsbA==",
          "dependencies": [
            "module.vpc.aws_vpc.this"
          ]
        }
      ]
    },
    {
      "module": "module.vpc",
      "mode": "managed",
      "type": "aws_default_route_table",
      "name": "default",
      "provider": "provider[\"registry.terraform.io/hashicorp/aws\"]",
      "instances": [
        {
          "index_key": 0,
          "schema_version": 0,
          "attributes": {
            "arn": "arn:aws:ec2:us-east-2:349361870252:route-table/rtb-0d09a4961c527bc3e",
            "default_route_table_id": "rtb-0d09a4961c527bc3e",
            "id": "rtb-0d09a4961c527bc3e",
            "owner_id": "349361870252",
            "propagating_vgws": [],
            "route": [],
            "tags": {
              "Blueprint": "aws007-preprod-test-eks",
              "GithubRepo": "eks-fargate-quickstart",
              "Name": "aws007-preprod-test-eks-default"
            },
            "tags_all": {
              "Blueprint": "aws007-preprod-test-eks",
              "GithubRepo": "eks-fargate-quickstart",
              "Name": "aws007-preprod-test-eks-default"
            },
            "timeouts": {
              "create": "5m",
              "update": "5m"
            },
            "vpc_id": "vpc-022361595524a747e"
          },
          "sensitive_attributes": [],
          "private": "eyJlMmJmYjczMC1lY2FhLTExZTYtOGY4OC0zNDM2M2JjN2M0YzAiOnsiY3JlYXRlIjozMDAwMDAwMDAwMDAsInVwZGF0ZSI6MzAwMDAwMDAwMDAwfX0=",
          "dependencies": [
            "module.vpc.aws_vpc.this"
          ]
        }
      ]
    },
    {
      "module": "module.vpc",
      "mode": "managed",
      "type": "aws_default_security_group",
      "name": "this",
      "provider": "provider[\"registry.terraform.io/hashicorp/aws\"]",
      "instances": [
        {
          "index_key": 0,
          "schema_version": 1,
          "attributes": {
            "arn": "arn:aws:ec2:us-east-2:349361870252:security-group/sg-005e94d6ad21e22d8",
            "description": "default VPC security group",
            "egress": [],
            "id": "sg-005e94d6ad21e22d8",
            "ingress": [],
            "name": "default",
            "owner_id": "349361870252",
            "revoke_rules_on_delete": false,
            "tags": {
              "Blueprint": "aws007-preprod-test-eks",
              "GithubRepo": "eks-fargate-quickstart",
              "Name": "aws007-preprod-test-eks-default"
            },
            "tags_all": {
              "Blueprint": "aws007-preprod-test-eks",
              "GithubRepo": "eks-fargate-quickstart",
              "Name": "aws007-preprod-test-eks-default"
            },
            "vpc_id": "vpc-022361595524a747e"
          },
          "sensitive_attributes": [],
          "private": "eyJzY2hlbWFfdmVyc2lvbiI6IjEifQ==",
          "dependencies": [
            "module.vpc.aws_vpc.this"
          ]
        }
      ]
    },
    {
      "module": "module.vpc",
      "mode": "managed",
      "type": "aws_eip",
      "name": "nat",
      "provider": "provider[\"registry.terraform.io/hashicorp/aws\"]",
      "instances": [
        {
          "index_key": 0,
          "schema_version": 0,
          "attributes": {
            "address": null,
            "allocation_id": "eipalloc-0853b6aa8cd8a3d69",
            "associate_with_private_ip": null,
            "association_id": "eipassoc-0c6396dce5334865a",
            "carrier_ip": "",
            "customer_owned_ip": "",
            "customer_owned_ipv4_pool": "",
            "domain": "vpc",
            "id": "eipalloc-0853b6aa8cd8a3d69",
            "instance": "",
            "network_border_group": "us-east-2",
            "network_interface": "eni-08fb22895ce0cbd99",
            "private_dns": "ip-10-0-0-221.us-east-2.compute.internal",
            "private_ip": "10.0.0.221",
            "public_dns": "ec2-18-220-183-93.us-east-2.compute.amazonaws.com",
            "public_ip": "18.220.183.93",
            "public_ipv4_pool": "amazon",
            "tags": {
              "Blueprint": "aws007-preprod-test-eks",
              "GithubRepo": "eks-fargate-quickstart",
              "Name": "aws007-preprod-test-eks-us-east-2a"
            },
            "tags_all": {
              "Blueprint": "aws007-preprod-test-eks",
              "GithubRepo": "eks-fargate-quickstart",
              "Name": "aws007-preprod-test-eks-us-east-2a"
            },
            "timeouts": null,
            "vpc": true
          },
          "sensitive_attributes": [],
          "private": "eyJlMmJmYjczMC1lY2FhLTExZTYtOGY4OC0zNDM2M2JjN2M0YzAiOnsiZGVsZXRlIjoxODAwMDAwMDAwMDAsInJlYWQiOjkwMDAwMDAwMDAwMCwidXBkYXRlIjozMDAwMDAwMDAwMDB9fQ==",
          "dependencies": [
            "data.aws_availability_zones.available"
          ]
        }
      ]
    },
    {
      "module": "module.vpc",
      "mode": "managed",
      "type": "aws_internet_gateway",
      "name": "this",
      "provider": "provider[\"registry.terraform.io/hashicorp/aws\"]",
      "instances": [
        {
          "index_key": 0,
          "schema_version": 0,
          "attributes": {
            "arn": "arn:aws:ec2:us-east-2:349361870252:internet-gateway/igw-02d6b9b116c2bd8b9",
            "id": "igw-02d6b9b116c2bd8b9",
            "owner_id": "349361870252",
            "tags": {
              "Blueprint": "aws007-preprod-test-eks",
              "GithubRepo": "eks-fargate-quickstart",
              "Name": "aws007-preprod-test-eks"
            },
            "tags_all": {
              "Blueprint": "aws007-preprod-test-eks",
              "GithubRepo": "eks-fargate-quickstart",
              "Name": "aws007-preprod-test-eks"
            },
            "vpc_id": "vpc-022361595524a747e"
          },
          "sensitive_attributes": [],
          "private": "bnVsbA==",
          "dependencies": [
            "data.aws_availability_zones.available",
            "module.vpc.aws_vpc.this",
            "module.vpc.aws_vpc_ipv4_cidr_block_association.this"
          ]
        }
      ]
    },
    {
      "module": "module.vpc",
      "mode": "managed",
      "type": "aws_nat_gateway",
      "name": "this",
      "provider": "provider[\"registry.terraform.io/hashicorp/aws\"]",
      "instances": [
        {
          "index_key": 0,
          "schema_version": 0,
          "attributes": {
            "allocation_id": "eipalloc-0853b6aa8cd8a3d69",
            "connectivity_type": "public",
            "id": "nat-0714ea598bb3c339a",
            "network_interface_id": "eni-08fb22895ce0cbd99",
            "private_ip": "10.0.0.221",
            "public_ip": "18.220.183.93",
            "subnet_id": "subnet-0cf6f0596799f1f3c",
            "tags": {
              "Blueprint": "aws007-preprod-test-eks",
              "GithubRepo": "eks-fargate-quickstart",
              "Name": "aws007-preprod-test-eks-us-east-2a"
            },
            "tags_all": {
              "Blueprint": "aws007-preprod-test-eks",
              "GithubRepo": "eks-fargate-quickstart",
              "Name": "aws007-preprod-test-eks-us-east-2a"
            }
          },
          "sensitive_attributes": [],
          "private": "bnVsbA==",
          "dependencies": [
            "data.aws_availability_zones.available",
            "module.vpc.aws_eip.nat",
            "module.vpc.aws_internet_gateway.this",
            "module.vpc.aws_subnet.public",
            "module.vpc.aws_vpc.this",
            "module.vpc.aws_vpc_ipv4_cidr_block_association.this"
          ]
        }
      ]
    },
    {
      "module": "module.vpc",
      "mode": "managed",
      "type": "aws_route",
      "name": "private_nat_gateway",
      "provider": "provider[\"registry.terraform.io/hashicorp/aws\"]",
      "instances": [
        {
          "index_key": 0,
          "schema_version": 0,
          "attributes": {
            "carrier_gateway_id": "",
            "core_network_arn": "",
            "destination_cidr_block": "0.0.0.0/0",
            "destination_ipv6_cidr_block": "",
            "destination_prefix_list_id": "",
            "egress_only_gateway_id": "",
            "gateway_id": "",
            "id": "r-rtb-01f028bd8caea51231080289494",
            "instance_id": "",
            "instance_owner_id": "",
            "local_gateway_id": "",
            "nat_gateway_id": "nat-0714ea598bb3c339a",
            "network_interface_id": "",
            "origin": "CreateRoute",
            "route_table_id": "rtb-01f028bd8caea5123",
            "state": "active",
            "timeouts": {
              "create": "5m",
              "delete": null,
              "update": null
            },
            "transit_gateway_id": "",
            "vpc_endpoint_id": "",
            "vpc_peering_connection_id": ""
          },
          "sensitive_attributes": [],
          "private": "eyJlMmJmYjczMC1lY2FhLTExZTYtOGY4OC0zNDM2M2JjN2M0YzAiOnsiY3JlYXRlIjozMDAwMDAwMDAwMDAsImRlbGV0ZSI6MzAwMDAwMDAwMDAwLCJ1cGRhdGUiOjEyMDAwMDAwMDAwMH19",
          "dependencies": [
            "data.aws_availability_zones.available",
            "module.vpc.aws_eip.nat",
            "module.vpc.aws_internet_gateway.this",
            "module.vpc.aws_nat_gateway.this",
            "module.vpc.aws_route_table.private",
            "module.vpc.aws_subnet.public",
            "module.vpc.aws_vpc.this",
            "module.vpc.aws_vpc_ipv4_cidr_block_association.this"
          ]
        }
      ]
    },
    {
      "module": "module.vpc",
      "mode": "managed",
      "type": "aws_route",
      "name": "public_internet_gateway",
      "provider": "provider[\"registry.terraform.io/hashicorp/aws\"]",
      "instances": [
        {
          "index_key": 0,
          "schema_version": 0,
          "attributes": {
            "carrier_gateway_id": "",
            "core_network_arn": "",
            "destination_cidr_block": "0.0.0.0/0",
            "destination_ipv6_cidr_block": "",
            "destination_prefix_list_id": "",
            "egress_only_gateway_id": "",
            "gateway_id": "igw-02d6b9b116c2bd8b9",
            "id": "r-rtb-00b33fbf08b41cf1b1080289494",
            "instance_id": "",
            "instance_owner_id": "",
            "local_gateway_id": "",
            "nat_gateway_id": "",
            "network_interface_id": "",
            "origin": "CreateRoute",
            "route_table_id": "rtb-00b33fbf08b41cf1b",
            "state": "active",
            "timeouts": {
              "create": "5m",
              "delete": null,
              "update": null
            },
            "transit_gateway_id": "",
            "vpc_endpoint_id": "",
            "vpc_peering_connection_id": ""
          },
          "sensitive_attributes": [],
          "private": "eyJlMmJmYjczMC1lY2FhLTExZTYtOGY4OC0zNDM2M2JjN2M0YzAiOnsiY3JlYXRlIjozMDAwMDAwMDAwMDAsImRlbGV0ZSI6MzAwMDAwMDAwMDAwLCJ1cGRhdGUiOjEyMDAwMDAwMDAwMH19",
          "dependencies": [
            "data.aws_availability_zones.available",
            "module.vpc.aws_internet_gateway.this",
            "module.vpc.aws_route_table.public",
            "module.vpc.aws_vpc.this",
            "module.vpc.aws_vpc_ipv4_cidr_block_association.this"
          ]
        }
      ]
    },
    {
      "module": "module.vpc",
      "mode": "managed",
      "type": "aws_route_table",
      "name": "private",
      "provider": "provider[\"registry.terraform.io/hashicorp/aws\"]",
      "instances": [
        {
          "index_key": 0,
          "schema_version": 0,
          "attributes": {
            "arn": "arn:aws:ec2:us-east-2:349361870252:route-table/rtb-01f028bd8caea5123",
            "id": "rtb-01f028bd8caea5123",
            "owner_id": "349361870252",
            "propagating_vgws": [],
            "route": [
              {
                "carrier_gateway_id": "",
                "cidr_block": "0.0.0.0/0",
                "core_network_arn": "",
                "destination_prefix_list_id": "",
                "egress_only_gateway_id": "",
                "gateway_id": "",
                "instance_id": "",
                "ipv6_cidr_block": "",
                "local_gateway_id": "",
                "nat_gateway_id": "nat-0714ea598bb3c339a",
                "network_interface_id": "",
                "transit_gateway_id": "",
                "vpc_endpoint_id": "",
                "vpc_peering_connection_id": ""
              }
            ],
            "tags": {
              "Blueprint": "aws007-preprod-test-eks",
              "GithubRepo": "eks-fargate-quickstart",
              "Name": "aws007-preprod-test-eks-private"
            },
            "tags_all": {
              "Blueprint": "aws007-preprod-test-eks",
              "GithubRepo": "eks-fargate-quickstart",
              "Name": "aws007-preprod-test-eks-private"
            },
            "timeouts": null,
            "vpc_id": "vpc-022361595524a747e"
          },
          "sensitive_attributes": [],
          "private": "eyJlMmJmYjczMC1lY2FhLTExZTYtOGY4OC0zNDM2M2JjN2M0YzAiOnsiY3JlYXRlIjozMDAwMDAwMDAwMDAsImRlbGV0ZSI6MzAwMDAwMDAwMDAwLCJ1cGRhdGUiOjEyMDAwMDAwMDAwMH19",
          "dependencies": [
            "data.aws_availability_zones.available",
            "module.vpc.aws_vpc.this",
            "module.vpc.aws_vpc_ipv4_cidr_block_association.this"
          ]
        }
      ]
    },
    {
      "module": "module.vpc",
      "mode": "managed",
      "type": "aws_route_table",
      "name": "public",
      "provider": "provider[\"registry.terraform.io/hashicorp/aws\"]",
      "instances": [
        {
          "index_key": 0,
          "schema_version": 0,
          "attributes": {
            "arn": "arn:aws:ec2:us-east-2:349361870252:route-table/rtb-00b33fbf08b41cf1b",
            "id": "rtb-00b33fbf08b41cf1b",
            "owner_id": "349361870252",
            "propagating_vgws": [],
            "route": [
              {
                "carrier_gateway_id": "",
                "cidr_block": "0.0.0.0/0",
                "core_network_arn": "",
                "destination_prefix_list_id": "",
                "egress_only_gateway_id": "",
                "gateway_id": "igw-02d6b9b116c2bd8b9",
                "instance_id": "",
                "ipv6_cidr_block": "",
                "local_gateway_id": "",
                "nat_gateway_id": "",
                "network_interface_id": "",
                "transit_gateway_id": "",
                "vpc_endpoint_id": "",
                "vpc_peering_connection_id": ""
              }
            ],
            "tags": {
              "Blueprint": "aws007-preprod-test-eks",
              "GithubRepo": "eks-fargate-quickstart",
              "Name": "aws007-preprod-test-eks-public"
            },
            "tags_all": {
              "Blueprint": "aws007-preprod-test-eks",
              "GithubRepo": "eks-fargate-quickstart",
              "Name": "aws007-preprod-test-eks-public"
            },
            "timeouts": null,
            "vpc_id": "vpc-022361595524a747e"
          },
          "sensitive_attributes": [],
          "private": "eyJlMmJmYjczMC1lY2FhLTExZTYtOGY4OC0zNDM2M2JjN2M0YzAiOnsiY3JlYXRlIjozMDAwMDAwMDAwMDAsImRlbGV0ZSI6MzAwMDAwMDAwMDAwLCJ1cGRhdGUiOjEyMDAwMDAwMDAwMH19",
          "dependencies": [
            "data.aws_availability_zones.available",
            "module.vpc.aws_vpc.this",
            "module.vpc.aws_vpc_ipv4_cidr_block_association.this"
          ]
        }
      ]
    },
    {
      "module": "module.vpc",
      "mode": "managed",
      "type": "aws_route_table_association",
      "name": "private",
      "provider": "provider[\"registry.terraform.io/hashicorp/aws\"]",
      "instances": [
        {
          "index_key": 0,
          "schema_version": 0,
          "attributes": {
            "gateway_id": "",
            "id": "rtbassoc-0d55ee37ce8f4438e",
            "route_table_id": "rtb-01f028bd8caea5123",
            "subnet_id": "subnet-04ecf81e7b336d403"
          },
          "sensitive_attributes": [],
          "private": "bnVsbA==",
          "dependencies": [
            "data.aws_availability_zones.available",
            "module.vpc.aws_route_table.private",
            "module.vpc.aws_subnet.private",
            "module.vpc.aws_vpc.this",
            "module.vpc.aws_vpc_ipv4_cidr_block_association.this"
          ]
        },
        {
          "index_key": 1,
          "schema_version": 0,
          "attributes": {
            "gateway_id": "",
            "id": "rtbassoc-08df6fdf5dbf3d744",
            "route_table_id": "rtb-01f028bd8caea5123",
            "subnet_id": "subnet-015e13ae09d15a366"
          },
          "sensitive_attributes": [],
          "private": "bnVsbA==",
          "dependencies": [
            "data.aws_availability_zones.available",
            "module.vpc.aws_route_table.private",
            "module.vpc.aws_subnet.private",
            "module.vpc.aws_vpc.this",
            "module.vpc.aws_vpc_ipv4_cidr_block_association.this"
          ]
        },
        {
          "index_key": 2,
          "schema_version": 0,
          "attributes": {
            "gateway_id": "",
            "id": "rtbassoc-0a4f25518716a4023",
            "route_table_id": "rtb-01f028bd8caea5123",
            "subnet_id": "subnet-0ee563cedca3d4346"
          },
          "sensitive_attributes": [],
          "private": "bnVsbA==",
          "dependencies": [
            "data.aws_availability_zones.available",
            "module.vpc.aws_route_table.private",
            "module.vpc.aws_subnet.private",
            "module.vpc.aws_vpc.this",
            "module.vpc.aws_vpc_ipv4_cidr_block_association.this"
          ]
        }
      ]
    },
    {
      "module": "module.vpc",
      "mode": "managed",
      "type": "aws_route_table_association",
      "name": "public",
      "provider": "provider[\"registry.terraform.io/hashicorp/aws\"]",
      "instances": [
        {
          "index_key": 0,
          "schema_version": 0,
          "attributes": {
            "gateway_id": "",
            "id": "rtbassoc-04de96fbf842f0464",
            "route_table_id": "rtb-00b33fbf08b41cf1b",
            "subnet_id": "subnet-0cf6f0596799f1f3c"
          },
          "sensitive_attributes": [],
          "private": "bnVsbA==",
          "dependencies": [
            "data.aws_availability_zones.available",
            "module.vpc.aws_route_table.public",
            "module.vpc.aws_subnet.public",
            "module.vpc.aws_vpc.this",
            "module.vpc.aws_vpc_ipv4_cidr_block_association.this"
          ]
        },
        {
          "index_key": 1,
          "schema_version": 0,
          "attributes": {
            "gateway_id": "",
            "id": "rtbassoc-03728564fecc3b6c1",
            "route_table_id": "rtb-00b33fbf08b41cf1b",
            "subnet_id": "subnet-056b58f7131f55569"
          },
          "sensitive_attributes": [],
          "private": "bnVsbA==",
          "dependencies": [
            "data.aws_availability_zones.available",
            "module.vpc.aws_route_table.public",
            "module.vpc.aws_subnet.public",
            "module.vpc.aws_vpc.this",
            "module.vpc.aws_vpc_ipv4_cidr_block_association.this"
          ]
        },
        {
          "index_key": 2,
          "schema_version": 0,
          "attributes": {
            "gateway_id": "",
            "id": "rtbassoc-087f0f695c01351f1",
            "route_table_id": "rtb-00b33fbf08b41cf1b",
            "subnet_id": "subnet-0689ab82bd2605909"
          },
          "sensitive_attributes": [],
          "private": "bnVsbA==",
          "dependencies": [
            "data.aws_availability_zones.available",
            "module.vpc.aws_route_table.public",
            "module.vpc.aws_subnet.public",
            "module.vpc.aws_vpc.this",
            "module.vpc.aws_vpc_ipv4_cidr_block_association.this"
          ]
        }
      ]
    },
    {
      "module": "module.vpc",
      "mode": "managed",
      "type": "aws_subnet",
      "name": "private",
      "provider": "provider[\"registry.terraform.io/hashicorp/aws\"]",
      "instances": [
        {
          "index_key": 0,
          "schema_version": 1,
          "attributes": {
            "arn": "arn:aws:ec2:us-east-2:349361870252:subnet/subnet-04ecf81e7b336d403",
            "assign_ipv6_address_on_creation": false,
            "availability_zone": "us-east-2a",
            "availability_zone_id": "use2-az1",
            "cidr_block": "10.0.10.0/24",
            "customer_owned_ipv4_pool": "",
            "enable_dns64": false,
            "enable_resource_name_dns_a_record_on_launch": false,
            "enable_resource_name_dns_aaaa_record_on_launch": false,
            "id": "subnet-04ecf81e7b336d403",
            "ipv6_cidr_block": "",
            "ipv6_cidr_block_association_id": "",
            "ipv6_native": false,
            "map_customer_owned_ip_on_launch": false,
            "map_public_ip_on_launch": false,
            "outpost_arn": "",
            "owner_id": "349361870252",
            "private_dns_hostname_type_on_launch": "ip-name",
            "tags": {
              "Blueprint": "aws007-preprod-test-eks",
              "GithubRepo": "eks-fargate-quickstart",
              "Name": "aws007-preprod-test-eks-private-us-east-2a",
              "kubernetes.io/cluster/aws007-preprod-test-eks": "shared",
              "kubernetes.io/role/internal-elb": "1"
            },
            "tags_all": {
              "Blueprint": "aws007-preprod-test-eks",
              "GithubRepo": "eks-fargate-quickstart",
              "Name": "aws007-preprod-test-eks-private-us-east-2a",
              "kubernetes.io/cluster/aws007-preprod-test-eks": "shared",
              "kubernetes.io/role/internal-elb": "1"
            },
            "timeouts": null,
            "vpc_id": "vpc-022361595524a747e"
          },
          "sensitive_attributes": [],
          "private": "eyJlMmJmYjczMC1lY2FhLTExZTYtOGY4OC0zNDM2M2JjN2M0YzAiOnsiY3JlYXRlIjo2MDAwMDAwMDAwMDAsImRlbGV0ZSI6MTIwMDAwMDAwMDAwMH0sInNjaGVtYV92ZXJzaW9uIjoiMSJ9",
          "dependencies": [
            "data.aws_availability_zones.available",
            "module.vpc.aws_vpc.this",
            "module.vpc.aws_vpc_ipv4_cidr_block_association.this"
          ],
          "create_before_destroy": true
        },
        {
          "index_key": 1,
          "schema_version": 1,
          "attributes": {
            "arn": "arn:aws:ec2:us-east-2:349361870252:subnet/subnet-015e13ae09d15a366",
            "assign_ipv6_address_on_creation": false,
            "availability_zone": "us-east-2b",
            "availability_zone_id": "use2-az2",
            "cidr_block": "10.0.11.0/24",
            "customer_owned_ipv4_pool": "",
            "enable_dns64": false,
            "enable_resource_name_dns_a_record_on_launch": false,
            "enable_resource_name_dns_aaaa_record_on_launch": false,
            "id": "subnet-015e13ae09d15a366",
            "ipv6_cidr_block": "",
            "ipv6_cidr_block_association_id": "",
            "ipv6_native": false,
            "map_customer_owned_ip_on_launch": false,
            "map_public_ip_on_launch": false,
            "outpost_arn": "",
            "owner_id": "349361870252",
            "private_dns_hostname_type_on_launch": "ip-name",
            "tags": {
              "Blueprint": "aws007-preprod-test-eks",
              "GithubRepo": "eks-fargate-quickstart",
              "Name": "aws007-preprod-test-eks-private-us-east-2b",
              "kubernetes.io/cluster/aws007-preprod-test-eks": "shared",
              "kubernetes.io/role/internal-elb": "1"
            },
            "tags_all": {
              "Blueprint": "aws007-preprod-test-eks",
              "GithubRepo": "eks-fargate-quickstart",
              "Name": "aws007-preprod-test-eks-private-us-east-2b",
              "kubernetes.io/cluster/aws007-preprod-test-eks": "shared",
              "kubernetes.io/role/internal-elb": "1"
            },
            "timeouts": null,
            "vpc_id": "vpc-022361595524a747e"
          },
          "sensitive_attributes": [],
          "private": "eyJlMmJmYjczMC1lY2FhLTExZTYtOGY4OC0zNDM2M2JjN2M0YzAiOnsiY3JlYXRlIjo2MDAwMDAwMDAwMDAsImRlbGV0ZSI6MTIwMDAwMDAwMDAwMH0sInNjaGVtYV92ZXJzaW9uIjoiMSJ9",
          "dependencies": [
            "data.aws_availability_zones.available",
            "module.vpc.aws_vpc.this",
            "module.vpc.aws_vpc_ipv4_cidr_block_association.this"
          ],
          "create_before_destroy": true
        },
        {
          "index_key": 2,
          "schema_version": 1,
          "attributes": {
            "arn": "arn:aws:ec2:us-east-2:349361870252:subnet/subnet-0ee563cedca3d4346",
            "assign_ipv6_address_on_creation": false,
            "availability_zone": "us-east-2c",
            "availability_zone_id": "use2-az3",
            "cidr_block": "10.0.12.0/24",
            "customer_owned_ipv4_pool": "",
            "enable_dns64": false,
            "enable_resource_name_dns_a_record_on_launch": false,
            "enable_resource_name_dns_aaaa_record_on_launch": false,
            "id": "subnet-0ee563cedca3d4346",
            "ipv6_cidr_block": "",
            "ipv6_cidr_block_association_id": "",
            "ipv6_native": false,
            "map_customer_owned_ip_on_launch": false,
            "map_public_ip_on_launch": false,
            "outpost_arn": "",
            "owner_id": "349361870252",
            "private_dns_hostname_type_on_launch": "ip-name",
            "tags": {
              "Blueprint": "aws007-preprod-test-eks",
              "GithubRepo": "eks-fargate-quickstart",
              "Name": "aws007-preprod-test-eks-private-us-east-2c",
              "kubernetes.io/cluster/aws007-preprod-test-eks": "shared",
              "kubernetes.io/role/internal-elb": "1"
            },
            "tags_all": {
              "Blueprint": "aws007-preprod-test-eks",
              "GithubRepo": "eks-fargate-quickstart",
              "Name": "aws007-preprod-test-eks-private-us-east-2c",
              "kubernetes.io/cluster/aws007-preprod-test-eks": "shared",
              "kubernetes.io/role/internal-elb": "1"
            },
            "timeouts": null,
            "vpc_id": "vpc-022361595524a747e"
          },
          "sensitive_attributes": [],
          "private": "eyJlMmJmYjczMC1lY2FhLTExZTYtOGY4OC0zNDM2M2JjN2M0YzAiOnsiY3JlYXRlIjo2MDAwMDAwMDAwMDAsImRlbGV0ZSI6MTIwMDAwMDAwMDAwMH0sInNjaGVtYV92ZXJzaW9uIjoiMSJ9",
          "dependencies": [
            "data.aws_availability_zones.available",
            "module.vpc.aws_vpc.this",
            "module.vpc.aws_vpc_ipv4_cidr_block_association.this"
          ],
          "create_before_destroy": true
        }
      ]
    },
    {
      "module": "module.vpc",
      "mode": "managed",
      "type": "aws_subnet",
      "name": "public",
      "provider": "provider[\"registry.terraform.io/hashicorp/aws\"]",
      "instances": [
        {
          "index_key": 0,
          "schema_version": 1,
          "attributes": {
            "arn": "arn:aws:ec2:us-east-2:349361870252:subnet/subnet-0cf6f0596799f1f3c",
            "assign_ipv6_address_on_creation": false,
            "availability_zone": "us-east-2a",
            "availability_zone_id": "use2-az1",
            "cidr_block": "10.0.0.0/24",
            "customer_owned_ipv4_pool": "",
            "enable_dns64": false,
            "enable_resource_name_dns_a_record_on_launch": false,
            "enable_resource_name_dns_aaaa_record_on_launch": false,
            "id": "subnet-0cf6f0596799f1f3c",
            "ipv6_cidr_block": "",
            "ipv6_cidr_block_association_id": "",
            "ipv6_native": false,
            "map_customer_owned_ip_on_launch": false,
            "map_public_ip_on_launch": true,
            "outpost_arn": "",
            "owner_id": "349361870252",
            "private_dns_hostname_type_on_launch": "ip-name",
            "tags": {
              "Blueprint": "aws007-preprod-test-eks",
              "GithubRepo": "eks-fargate-quickstart",
              "Name": "aws007-preprod-test-eks-public-us-east-2a",
              "kubernetes.io/cluster/aws007-preprod-test-eks": "shared",
              "kubernetes.io/role/elb": "1"
            },
            "tags_all": {
              "Blueprint": "aws007-preprod-test-eks",
              "GithubRepo": "eks-fargate-quickstart",
              "Name": "aws007-preprod-test-eks-public-us-east-2a",
              "kubernetes.io/cluster/aws007-preprod-test-eks": "shared",
              "kubernetes.io/role/elb": "1"
            },
            "timeouts": null,
            "vpc_id": "vpc-022361595524a747e"
          },
          "sensitive_attributes": [],
          "private": "eyJlMmJmYjczMC1lY2FhLTExZTYtOGY4OC0zNDM2M2JjN2M0YzAiOnsiY3JlYXRlIjo2MDAwMDAwMDAwMDAsImRlbGV0ZSI6MTIwMDAwMDAwMDAwMH0sInNjaGVtYV92ZXJzaW9uIjoiMSJ9",
          "dependencies": [
            "data.aws_availability_zones.available",
            "module.vpc.aws_vpc.this",
            "module.vpc.aws_vpc_ipv4_cidr_block_association.this"
          ]
        },
        {
          "index_key": 1,
          "schema_version": 1,
          "attributes": {
            "arn": "arn:aws:ec2:us-east-2:349361870252:subnet/subnet-056b58f7131f55569",
            "assign_ipv6_address_on_creation": false,
            "availability_zone": "us-east-2b",
            "availability_zone_id": "use2-az2",
            "cidr_block": "10.0.1.0/24",
            "customer_owned_ipv4_pool": "",
            "enable_dns64": false,
            "enable_resource_name_dns_a_record_on_launch": false,
            "enable_resource_name_dns_aaaa_record_on_launch": false,
            "id": "subnet-056b58f7131f55569",
            "ipv6_cidr_block": "",
            "ipv6_cidr_block_association_id": "",
            "ipv6_native": false,
            "map_customer_owned_ip_on_launch": false,
            "map_public_ip_on_launch": true,
            "outpost_arn": "",
            "owner_id": "349361870252",
            "private_dns_hostname_type_on_launch": "ip-name",
            "tags": {
              "Blueprint": "aws007-preprod-test-eks",
              "GithubRepo": "eks-fargate-quickstart",
              "Name": "aws007-preprod-test-eks-public-us-east-2b",
              "kubernetes.io/cluster/aws007-preprod-test-eks": "shared",
              "kubernetes.io/role/elb": "1"
            },
            "tags_all": {
              "Blueprint": "aws007-preprod-test-eks",
              "GithubRepo": "eks-fargate-quickstart",
              "Name": "aws007-preprod-test-eks-public-us-east-2b",
              "kubernetes.io/cluster/aws007-preprod-test-eks": "shared",
              "kubernetes.io/role/elb": "1"
            },
            "timeouts": null,
            "vpc_id": "vpc-022361595524a747e"
          },
          "sensitive_attributes": [],
          "private": "eyJlMmJmYjczMC1lY2FhLTExZTYtOGY4OC0zNDM2M2JjN2M0YzAiOnsiY3JlYXRlIjo2MDAwMDAwMDAwMDAsImRlbGV0ZSI6MTIwMDAwMDAwMDAwMH0sInNjaGVtYV92ZXJzaW9uIjoiMSJ9",
          "dependencies": [
            "data.aws_availability_zones.available",
            "module.vpc.aws_vpc.this",
            "module.vpc.aws_vpc_ipv4_cidr_block_association.this"
          ]
        },
        {
          "index_key": 2,
          "schema_version": 1,
          "attributes": {
            "arn": "arn:aws:ec2:us-east-2:349361870252:subnet/subnet-0689ab82bd2605909",
            "assign_ipv6_address_on_creation": false,
            "availability_zone": "us-east-2c",
            "availability_zone_id": "use2-az3",
            "cidr_block": "10.0.2.0/24",
            "customer_owned_ipv4_pool": "",
            "enable_dns64": false,
            "enable_resource_name_dns_a_record_on_launch": false,
            "enable_resource_name_dns_aaaa_record_on_launch": false,
            "id": "subnet-0689ab82bd2605909",
            "ipv6_cidr_block": "",
            "ipv6_cidr_block_association_id": "",
            "ipv6_native": false,
            "map_customer_owned_ip_on_launch": false,
            "map_public_ip_on_launch": true,
            "outpost_arn": "",
            "owner_id": "349361870252",
            "private_dns_hostname_type_on_launch": "ip-name",
            "tags": {
              "Blueprint": "aws007-preprod-test-eks",
              "GithubRepo": "eks-fargate-quickstart",
              "Name": "aws007-preprod-test-eks-public-us-east-2c",
              "kubernetes.io/cluster/aws007-preprod-test-eks": "shared",
              "kubernetes.io/role/elb": "1"
            },
            "tags_all": {
              "Blueprint": "aws007-preprod-test-eks",
              "GithubRepo": "eks-fargate-quickstart",
              "Name": "aws007-preprod-test-eks-public-us-east-2c",
              "kubernetes.io/cluster/aws007-preprod-test-eks": "shared",
              "kubernetes.io/role/elb": "1"
            },
            "timeouts": null,
            "vpc_id": "vpc-022361595524a747e"
          },
          "sensitive_attributes": [],
          "private": "eyJlMmJmYjczMC1lY2FhLTExZTYtOGY4OC0zNDM2M2JjN2M0YzAiOnsiY3JlYXRlIjo2MDAwMDAwMDAwMDAsImRlbGV0ZSI6MTIwMDAwMDAwMDAwMH0sInNjaGVtYV92ZXJzaW9uIjoiMSJ9",
          "dependencies": [
            "data.aws_availability_zones.available",
            "module.vpc.aws_vpc.this",
            "module.vpc.aws_vpc_ipv4_cidr_block_association.this"
          ]
        }
      ]
    },
    {
      "module": "module.vpc",
      "mode": "managed",
      "type": "aws_vpc",
      "name": "this",
      "provider": "provider[\"registry.terraform.io/hashicorp/aws\"]",
      "instances": [
        {
          "index_key": 0,
          "schema_version": 1,
          "attributes": {
            "arn": "arn:aws:ec2:us-east-2:349361870252:vpc/vpc-022361595524a747e",
            "assign_generated_ipv6_cidr_block": false,
            "cidr_block": "10.0.0.0/16",
            "default_network_acl_id": "acl-033b2990694c9ccc0",
            "default_route_table_id": "rtb-0d09a4961c527bc3e",
            "default_security_group_id": "sg-005e94d6ad21e22d8",
            "dhcp_options_id": "dopt-03dfaf94a2bf661c1",
            "enable_classiclink": false,
            "enable_classiclink_dns_support": false,
            "enable_dns_hostnames": true,
            "enable_dns_support": true,
            "id": "vpc-022361595524a747e",
            "instance_tenancy": "default",
            "ipv4_ipam_pool_id": null,
            "ipv4_netmask_length": null,
            "ipv6_association_id": "",
            "ipv6_cidr_block": "",
            "ipv6_cidr_block_network_border_group": "",
            "ipv6_ipam_pool_id": "",
            "ipv6_netmask_length": 0,
            "main_route_table_id": "rtb-0d09a4961c527bc3e",
            "owner_id": "349361870252",
            "tags": {
              "Blueprint": "aws007-preprod-test-eks",
              "GithubRepo": "eks-fargate-quickstart",
              "Name": "aws007-preprod-test-eks"
            },
            "tags_all": {
              "Blueprint": "aws007-preprod-test-eks",
              "GithubRepo": "eks-fargate-quickstart",
              "Name": "aws007-preprod-test-eks"
            }
          },
          "sensitive_attributes": [],
          "private": "eyJzY2hlbWFfdmVyc2lvbiI6IjEifQ==",
          "create_before_destroy": true
        }
      ]
    }
  ]
}
